// !$*UTF8*$!
{
	archiveVersion = 1;
	classes = {
	};
	objectVersion = 77;
	objects = {

/* Begin PBXBuildFile section */
		01A2E2E1755A6FD8202F9963 /* ListeningHistory.swift in Sources */ = {isa = PBXBuildFile; fileRef = 0568C9279524F4C877719CB5 /* ListeningHistory.swift */; };
		024A67A87428D19197A1641B /* CloudKitSyncMappingTests.swift in Sources */ = {isa = PBXBuildFile; fileRef = AC0E27B081F89588CF256B08 /* CloudKitSyncMappingTests.swift */; };
		076CB6E7151288F67BE3D33B /* ResourceMonitor.swift in Sources */ = {isa = PBXBuildFile; fileRef = D7F7A3AB78DEBAF5DF666016 /* ResourceMonitor.swift */; };
		0A84FB8D85D54F4FADFE40D1 /* BackgroundTasks.framework in Frameworks */ = {isa = PBXBuildFile; fileRef = 972F5B85D493E589CE300EC9 /* BackgroundTasks.framework */; };
		0B57767A3DBA980BED907BD9 /* EpisodeShareSheet.swift in Sources */ = {isa = PBXBuildFile; fileRef = EDC1CA94E706E91930167D9F /* EpisodeShareSheet.swift */; };
		0BB782EB43F1B7A4ADCD28ED /* CloudSyncEngine.swift in Sources */ = {isa = PBXBuildFile; fileRef = 347E5DA5762F15B832B17049 /* CloudSyncEngine.swift */; };
		0DA3199324B6538A1AA0CB55 /* NotificationService.swift in Sources */ = {isa = PBXBuildFile; fileRef = 5014A13278DFD204DFD0007C /* NotificationService.swift */; };
		0F9ED9645CB156B3BE61DEE6 /* Subscription.swift in Sources */ = {isa = PBXBuildFile; fileRef = DB498E27325745DCAFDCDF5A /* Subscription.swift */; };
		1173F747B11839519A673A85 /* DownloadManager.swift in Sources */ = {isa = PBXBuildFile; fileRef = E5DAC7F5458F913394B197DF /* DownloadManager.swift */; };
		120866928DF34B2E17B9D0C4 /* Synced.swift in Sources */ = {isa = PBXBuildFile; fileRef = 3027D04C8528CF33139935C8 /* Synced.swift */; };
		13CA6FD92A6DC4146A360D0E /* NotificationSettingsView.swift in Sources */ = {isa = PBXBuildFile; fileRef = BB4220919178A3ECDE7D03CF /* NotificationSettingsView.swift */; };
		1566AAE1A6389EDA957F81FF /* DownloadsView.swift in Sources */ = {isa = PBXBuildFile; fileRef = FBD740613B06C339DC75500D /* DownloadsView.swift */; };
		1AF9D8609A1601018501E5BD /* DiagnosticLogView.swift in Sources */ = {isa = PBXBuildFile; fileRef = E4B8E5DB8DBB9C0533B1C7C8 /* DiagnosticLogView.swift */; };
		1B96CE584A074F204180E0DA /* EpisodeBadges.swift in Sources */ = {isa = PBXBuildFile; fileRef = 0C042AA076339C9CFF61E388 /* EpisodeBadges.swift */; };
		1DD2A617647E6CF512A1C6E6 /* AppState.swift in Sources */ = {isa = PBXBuildFile; fileRef = 21BC32637767178331176C36 /* AppState.swift */; };
		1E678C6F6C451BF5F5A403C9 /* SupportView.swift in Sources */ = {isa = PBXBuildFile; fileRef = EFF7CF11EF28BCAC4E54C4FB /* SupportView.swift */; };
		26AD017DF9A1979B8D111B48 /* ShowEngagementAnalyzer.swift in Sources */ = {isa = PBXBuildFile; fileRef = C8A87E5CAFBEC53B16857055 /* ShowEngagementAnalyzer.swift */; };
		2AB116023A0CFCA72728DFF4 /* pack-a4a5452f4a26972dc2686456116554ac5a725bc5.pack in Resources */ = {isa = PBXBuildFile; fileRef = 17E772B8D27407DAB489AACD /* pack-a4a5452f4a26972dc2686456116554ac5a725bc5.pack */; };
		2CB94841CBA3715B633E5332 /* RSSParserTests.swift in Sources */ = {isa = PBXBuildFile; fileRef = 1EE50021DF85C88351E2E401 /* RSSParserTests.swift */; };
		32612A7A83338C90F88DAB66 /* RSSParser.swift in Sources */ = {isa = PBXBuildFile; fileRef = 3565F21462B26325EB4EB477 /* RSSParser.swift */; };
		335337163D0A2505CB51E1C0 /* PlaybackEngine.swift in Sources */ = {isa = PBXBuildFile; fileRef = 16FD6DE750266E615081EA09 /* PlaybackEngine.swift */; };
		33B562963DD6313B592802F5 /* OPMLService.swift in Sources */ = {isa = PBXBuildFile; fileRef = 016F1F5D536EEC59138B6CDE /* OPMLService.swift */; };
		33F1DE3CEB3FEBC390925C57 /* AppLogger.swift in Sources */ = {isa = PBXBuildFile; fileRef = 3125C204FC44E2136A76414C /* AppLogger.swift */; };
		34D89E97DD5170651921E1E9 /* FeedService.swift in Sources */ = {isa = PBXBuildFile; fileRef = C44B088E668A73445F8D13B4 /* FeedService.swift */; };
		3B080D21030249214E014919 /* pre-applypatch.sample in Resources */ = {isa = PBXBuildFile; fileRef = 5DB7ED642E803B0F206ADAB9 /* pre-applypatch.sample */; };
		3C1EC35377A2A5D79B1584DA /* DownloadActivityStore.swift in Sources */ = {isa = PBXBuildFile; fileRef = 9722A18CD9E100A7A5763C41 /* DownloadActivityStore.swift */; };
		3EEB38CEB6637E72C972E434 /* CachedArtworkImage.swift in Sources */ = {isa = PBXBuildFile; fileRef = 04DF907C44AFC3ED0F072C5B /* CachedArtworkImage.swift */; };
		44A1FA7242F2F8D699258A08 /* PrivacyInfo.xcprivacy in Resources */ = {isa = PBXBuildFile; fileRef = "TEMP_C21C3E0C-936C-45AE-ACE9-769582434047" /* PrivacyInfo.xcprivacy */; };
		44BEB63E377B429766ABA020 /* SettingsStore.swift in Sources */ = {isa = PBXBuildFile; fileRef = DEDA523B5BEADDB7ED7CC077 /* SettingsStore.swift */; };
		48D4BBE905ECB9EA3A78558B /* BackgroundTaskCoordinator.swift in Sources */ = {isa = PBXBuildFile; fileRef = 0EC29E0D6933DB9FB1CD44AA /* BackgroundTaskCoordinator.swift */; };
		4A1DD78B5074429747B1688F /* autohop-icon-v1.svg in Resources */ = {isa = PBXBuildFile; fileRef = 6BB657BA8CD0E083B65CB037 /* autohop-icon-v1.svg */; };
		4AAC5B02774EC4930F27D6B5 /* prepare-commit-msg.sample in Resources */ = {isa = PBXBuildFile; fileRef = E7C7661D58EE1811242100DA /* prepare-commit-msg.sample */; };
		4BB2870145D62EC5EC8E1361 /* post-update.sample in Resources */ = {isa = PBXBuildFile; fileRef = 53699A6617323757A504D629 /* post-update.sample */; };
		5368DE11294423B26A4B7C68 /* pre-commit.sample in Resources */ = {isa = PBXBuildFile; fileRef = ABE8910EB09711E844F60A5A /* pre-commit.sample */; };
		54739E27850EC78ED589F31E /* AutohopDatabase.swift in Sources */ = {isa = PBXBuildFile; fileRef = D6CD09722CF511495FBD886F /* AutohopDatabase.swift */; };
		5570158A3C166BF3D53DE8CD /* SubscriptionSyncTests.swift in Sources */ = {isa = PBXBuildFile; fileRef = 860B5ED3812C915B243F074F /* SubscriptionSyncTests.swift */; };
		59BDFF3933ED86A7C14C9069 /* PlayerView.swift in Sources */ = {isa = PBXBuildFile; fileRef = 37C2D2BA2408F2EF182B3B32 /* PlayerView.swift */; };
		5F63CE6D30FCE1AF5A8269AD /* SleepTimerSheetView.swift in Sources */ = {isa = PBXBuildFile; fileRef = 14DF66C0C501F07FFA8E90B1 /* SleepTimerSheetView.swift */; };
		624D0FBCD19B1302BB804A7E /* Episode.swift in Sources */ = {isa = PBXBuildFile; fileRef = 683993894FA5CDEC33131BAF /* Episode.swift */; };
		63AA3292E67835C73EDC863B /* push-to-checkout.sample in Resources */ = {isa = PBXBuildFile; fileRef = 55DC2371F78FCCD26F102A59 /* push-to-checkout.sample */; };
		65AAE222862ADC3F71B7E80D /* AppSettings.swift in Sources */ = {isa = PBXBuildFile; fileRef = 6DA24333B81A1F45C674024C /* AppSettings.swift */; };
		68E746776B768CC0179B600B /* Assets.xcassets in Resources */ = {isa = PBXBuildFile; fileRef = "TEMP_CAD4F366-9609-47F2-B315-CA1DAE0C0008" /* Assets.xcassets */; };
		6CB8DBCEB5B239EDC5484E5C /* AVFoundation.framework in Frameworks */ = {isa = PBXBuildFile; fileRef = 6A5A6DDE8961134FE0682A54 /* AVFoundation.framework */; };
		6EE402EA49F2830EBD1F44F7 /* UserNotifications.framework in Frameworks */ = {isa = PBXBuildFile; fileRef = 253ABEDC0F34FCD44A3287B3 /* UserNotifications.framework */; };
		70F6C3BE4167056AC22246AB /* StatsSyncTests.swift in Sources */ = {isa = PBXBuildFile; fileRef = BF806332BDF9F668DC2A4166 /* StatsSyncTests.swift */; };
		714732757E10CD771CFC6FC7 /* NativeVideoPlayerView.swift in Sources */ = {isa = PBXBuildFile; fileRef = F0A3E0382684E30C54800563 /* NativeVideoPlayerView.swift */; };
		71E7F0C44A93C801D63C7121 /* AddFeedView.swift in Sources */ = {isa = PBXBuildFile; fileRef = AB5C2524C530DA21A6495034 /* AddFeedView.swift */; };
		744B566F8CB897CF7C806DC6 /* ListeningStatsStore.swift in Sources */ = {isa = PBXBuildFile; fileRef = E808A5060C4721B470695C1A /* ListeningStatsStore.swift */; };
		7979C37CADA5866EC470BD68 /* GRDB in Frameworks */ = {isa = PBXBuildFile; productRef = C53B1694A3EA3D3CAEA54EC7 /* GRDB */; };
		79C6A1FD80ACA72B5971F816 /* AppDelegate.swift in Sources */ = {isa = PBXBuildFile; fileRef = D54CE5E93B8D748F0F9A0F2A /* AppDelegate.swift */; };
		7C336F2FC7117E89325B2A0F /* HistorySyncTests.swift in Sources */ = {isa = PBXBuildFile; fileRef = E2D5A368146F470AC4791427 /* HistorySyncTests.swift */; };
		7E76852653000FD61B483808 /* applypatch-msg.sample in Resources */ = {isa = PBXBuildFile; fileRef = F239C11C2AF20D9B947A211E /* applypatch-msg.sample */; };
		7EF5BD8B18180F1FFDD33AB4 /* ThreeAWMelbourneNewsSampleFeed.xml in Resources */ = {isa = PBXBuildFile; fileRef = ADAF490F6714132C813C0E00 /* ThreeAWMelbourneNewsSampleFeed.xml */; };
		83A915229022E951DD94E0EB /* PlaybackPreference.swift in Sources */ = {isa = PBXBuildFile; fileRef = 116B0991A291DB3826111098 /* PlaybackPreference.swift */; };
		84BE71C99454599650753E22 /* SyncStateTests.swift in Sources */ = {isa = PBXBuildFile; fileRef = 46CF89DF15A4D2CDDF676EC0 /* SyncStateTests.swift */; };
		864AC2465FB83D9BC594AC37 /* SupportContent.swift in Sources */ = {isa = PBXBuildFile; fileRef = 2A7E25B19C8E70DF788BDA18 /* SupportContent.swift */; };
		8D417A97DBFC35F926D93B31 /* DiscoverView.swift in Sources */ = {isa = PBXBuildFile; fileRef = 633574BB70D7788B90B0BDE9 /* DiscoverView.swift */; };
		8EFEE3B80EDE4344C159E3C9 /* commit-msg.sample in Resources */ = {isa = PBXBuildFile; fileRef = 40E52134475EA385FD0695BD /* commit-msg.sample */; };
		8FD5834553AE884C392CB049 /* AudioRoutePickerView.swift in Sources */ = {isa = PBXBuildFile; fileRef = 9ED876B306752D5EC2F481E6 /* AudioRoutePickerView.swift */; };
		901DCFBBB858A640C1417A0E /* pre-merge-commit.sample in Resources */ = {isa = PBXBuildFile; fileRef = 8E2B24699CC9F4509A22F0B5 /* pre-merge-commit.sample */; };
		90E60676218DF06C64AB3A02 /* QueueService.swift in Sources */ = {isa = PBXBuildFile; fileRef = 5843E176F77CC6DC4B9EDA8B /* QueueService.swift */; };
		9135E017CE55B141B15F5738 /* SettingsView.swift in Sources */ = {isa = PBXBuildFile; fileRef = E4640CA53FD6C9A99BBE0875 /* SettingsView.swift */; };
		9209CC8EEB66F1B2C16094D2 /* NowPlayingService.swift in Sources */ = {isa = PBXBuildFile; fileRef = 31EB5D4327A2A02FC9F88ACF /* NowPlayingService.swift */; };
		95FFFB761A9CE60ACCF92C5F /* SleepScheduleService.swift in Sources */ = {isa = PBXBuildFile; fileRef = 07E83796C882D3674FA7F0C8 /* SleepScheduleService.swift */; };
		9D8CD5C871B7E48DD71A6AD6 /* RemoteEpisodeApplyTests.swift in Sources */ = {isa = PBXBuildFile; fileRef = 5236469AA77DC26F64274B57 /* RemoteEpisodeApplyTests.swift */; };
		9F4594BC013D8842420C917F /* SubscriptionStore.swift in Sources */ = {isa = PBXBuildFile; fileRef = 017E7C8820A88C4A080084E2 /* SubscriptionStore.swift */; };
		A305D87E559B997D69CBCD09 /* ABCBreakfastSampleFeed.xml in Resources */ = {isa = PBXBuildFile; fileRef = 1669AC404FB7A65C54DF4052 /* ABCBreakfastSampleFeed.xml */; };
		A43E8F56F6EEE968ED070C77 /* fsmonitor-watchman.sample in Resources */ = {isa = PBXBuildFile; fileRef = 450D8D5EE383979D6BDBCABB /* fsmonitor-watchman.sample */; };
		A5729B362C8965382EBBD58A /* pack-a4a5452f4a26972dc2686456116554ac5a725bc5.rev in Resources */ = {isa = PBXBuildFile; fileRef = F70E92CF93C5DA273135C5E4 /* pack-a4a5452f4a26972dc2686456116554ac5a725bc5.rev */; };
		B0AF83B1F0EB3A7573F5904D /* EpisodeFeedLoader.swift in Sources */ = {isa = PBXBuildFile; fileRef = D4085481A5FB344177B51FA3 /* EpisodeFeedLoader.swift */; };
		B210DB81D2DA8717E99F54FA /* SubscriptionSettingsView.swift in Sources */ = {isa = PBXBuildFile; fileRef = 35748B243B085DB0E3E0076F /* SubscriptionSettingsView.swift */; };
		B2D8AA4F677325CBEB0D4784 /* ChapterService.swift in Sources */ = {isa = PBXBuildFile; fileRef = B89A48F1CC784F17C10C516E /* ChapterService.swift */; };
		B36A05FF57EB14C5A6F3B297 /* sendemail-validate.sample in Resources */ = {isa = PBXBuildFile; fileRef = CB905A9BC8E2D10E8B4EB156 /* sendemail-validate.sample */; };
		B906D18D9FCC95E6F2D41F01 /* SilenceDetector.swift in Sources */ = {isa = PBXBuildFile; fileRef = 6CE8C5CD51F36B650901B3F2 /* SilenceDetector.swift */; };
		C16D45891DE68CBBC5E8E224 /* AcknowledgementsView.swift in Sources */ = {isa = PBXBuildFile; fileRef = BCFC591DB2F94F3B9CD1B653 /* AcknowledgementsView.swift */; };
		C52B50C9ED0521D3CB879A27 /* pre-push.sample in Resources */ = {isa = PBXBuildFile; fileRef = DF23B5ED8975DF35770A39D6 /* pre-push.sample */; };
		C57E1D3F2D15855909D0F3A2 /* PodcastsView.swift in Sources */ = {isa = PBXBuildFile; fileRef = 7AB0B44C31CC81B5877BE5EF /* PodcastsView.swift */; };
		C5FB42964A305A6CAD31CBCA /* Chapter.swift in Sources */ = {isa = PBXBuildFile; fileRef = 1F2EF890D48B249CD312B14C /* Chapter.swift */; };
		C62EF61F25AC60D72DC31DE9 /* Autohop.xcodeproj in Resources */ = {isa = PBXBuildFile; fileRef = "TEMP_4138810A-5749-410E-8CF7-6D5C8D7E38C2" /* Autohop.xcodeproj */; };
		C7C054400CFD003E292473C6 /* QueueSheetView.swift in Sources */ = {isa = PBXBuildFile; fileRef = CA5E51118F25B1259016B282 /* QueueSheetView.swift */; };
		C8EF9CC6249F731DD33A448D /* SleepScheduleView.swift in Sources */ = {isa = PBXBuildFile; fileRef = C02B3CAC7E8D6D1B67E22215 /* SleepScheduleView.swift */; };
		CD352A8639A1C1984A9BAAF0 /* CloudKitSyncMapping.swift in Sources */ = {isa = PBXBuildFile; fileRef = 0B9A4F7DEA726E7CB7EB5506 /* CloudKitSyncMapping.swift */; };
		D26E2B997A9791A4790F1DD6 /* SleepTimerService.swift in Sources */ = {isa = PBXBuildFile; fileRef = D5BAF0C68369211734ECE384 /* SleepTimerService.swift */; };
		D773074517AB41E4FB4BA00F /* AVKit.framework in Frameworks */ = {isa = PBXBuildFile; fileRef = 6B362EFA83BC4FBE3A07CD37 /* AVKit.framework */; };
		D982829042569BE85DF9E3BA /* FeedPreviewViewModel.swift in Sources */ = {isa = PBXBuildFile; fileRef = 4131E590B934F14C0BAE6997 /* FeedPreviewViewModel.swift */; };
		DB791FD19B5064ADC1DC96FB /* CloudKit.framework in Frameworks */ = {isa = PBXBuildFile; fileRef = FBEF0B3559845D81A1BFFB69 /* CloudKit.framework */; };
		DC3314BE5003C69B0883AC62 /* pack-a4a5452f4a26972dc2686456116554ac5a725bc5.idx in Resources */ = {isa = PBXBuildFile; fileRef = 1418167249246299C85D142A /* pack-a4a5452f4a26972dc2686456116554ac5a725bc5.idx */; };
		DD09006541935702499298DA /* ParsedFeed.swift in Sources */ = {isa = PBXBuildFile; fileRef = FAF6869CDF5E12D17427C2D2 /* ParsedFeed.swift */; };
		E05AFC98E6B1842F1BF4D15D /* PodcastSearchView.swift in Sources */ = {isa = PBXBuildFile; fileRef = 9B26404DFDADDE7CD73968A8 /* PodcastSearchView.swift */; };
		E239E1C1E3C267AC2FB54730 /* PodcastCharts.swift in Sources */ = {isa = PBXBuildFile; fileRef = 77C60EE74A8B213D9CAE978C /* PodcastCharts.swift */; };
		E3380CF1CAF59289183A743F /* SyncState.swift in Sources */ = {isa = PBXBuildFile; fileRef = BA7CFA3B7A377420EF2AAD05 /* SyncState.swift */; };
		E3B17E894AF7A054785DDDE8 /* SettingsViewModel.swift in Sources */ = {isa = PBXBuildFile; fileRef = 3F4F72C26B5F410F644B0050 /* SettingsViewModel.swift */; };
		E4EE92A188FB0375F8B184AF /* MediaPlayer.framework in Frameworks */ = {isa = PBXBuildFile; fileRef = 152B0D52BCB62FC71DA063EC /* MediaPlayer.framework */; };
		E940BF2B47CC32BF49F1AD09 /* MenuSheetView.swift in Sources */ = {isa = PBXBuildFile; fileRef = DB2ED604AA0A6EB3A81D6405 /* MenuSheetView.swift */; };
		EDD91FCF5DCE082CACDF0E2E /* OPMLDocument.swift in Sources */ = {isa = PBXBuildFile; fileRef = 5CF13A2502B3E5F81C7C7AD6 /* OPMLDocument.swift */; };
		EE06D114315111D29A0E738A /* EpisodeShareCardView.swift in Sources */ = {isa = PBXBuildFile; fileRef = 545F198A01DC29E823B37A4F /* EpisodeShareCardView.swift */; };
		EF1600E98AC2B56C4C400648 /* RootView.swift in Sources */ = {isa = PBXBuildFile; fileRef = A314D3A788F1F62E2CC094A5 /* RootView.swift */; };
		F219A8B281E4313EE02BB90A /* PodcastSearch.swift in Sources */ = {isa = PBXBuildFile; fileRef = 3976B164B99940414D5413E2 /* PodcastSearch.swift */; };
		F2D47A17C005F8F0CD3A045F /* pre-receive.sample in Resources */ = {isa = PBXBuildFile; fileRef = 469194259EBE6123611AA499 /* pre-receive.sample */; };
		F4049937C764D758D686ED64 /* AutohopApp.swift in Sources */ = {isa = PBXBuildFile; fileRef = 24917C9633C17930928857C5 /* AutohopApp.swift */; };
		F85704E3D0407EC8F8D7B75F /* update.sample in Resources */ = {isa = PBXBuildFile; fileRef = C91858CB121630203956D0E5 /* update.sample */; };
		FD4EBB3959512A24B22A416D /* StatsView.swift in Sources */ = {isa = PBXBuildFile; fileRef = 302ED5C15F04FA1D1453D26F /* StatsView.swift */; };
		FF6B451BB5710C618B152B64 /* pre-rebase.sample in Resources */ = {isa = PBXBuildFile; fileRef = 067F7584616470C84C58120C /* pre-rebase.sample */; };
/* End PBXBuildFile section */

/* Begin PBXContainerItemProxy section */
		083E302F20204E858B52B826 /* PBXContainerItemProxy */ = {
			isa = PBXContainerItemProxy;
			containerPortal = 259B76BA85D833CCB7251FF0 /* Project object */;
			proxyType = 1;
			remoteGlobalIDString = 3C82BC83FCC9F6D3677A8203;
			remoteInfo = Autohop;
		};
/* End PBXContainerItemProxy section */

/* Begin PBXFileReference section */
		016F1F5D536EEC59138B6CDE /* OPMLService.swift */ = {isa = PBXFileReference; lastKnownFileType = sourcecode.swift; path = OPMLService.swift; sourceTree = "<group>"; };
		017E7C8820A88C4A080084E2 /* SubscriptionStore.swift */ = {isa = PBXFileReference; lastKnownFileType = sourcecode.swift; path = SubscriptionStore.swift; sourceTree = "<group>"; };
		04DF907C44AFC3ED0F072C5B /* CachedArtworkImage.swift */ = {isa = PBXFileReference; lastKnownFileType = sourcecode.swift; path = CachedArtworkImage.swift; sourceTree = "<group>"; };
		0568C9279524F4C877719CB5 /* ListeningHistory.swift */ = {isa = PBXFileReference; lastKnownFileType = sourcecode.swift; path = ListeningHistory.swift; sourceTree = "<group>"; };
		067F7584616470C84C58120C /* pre-rebase.sample */ = {isa = PBXFileReference; path = "pre-rebase.sample"; sourceTree = "<group>"; };
		07E83796C882D3674FA7F0C8 /* SleepScheduleService.swift */ = {isa = PBXFileReference; lastKnownFileType = sourcecode.swift; path = SleepScheduleService.swift; sourceTree = "<group>"; };
		0AC5E69487E8E4E62CF5B941 /* 2e5e80e07c29c4f5be2d16e7bb434c09ed4b48 */ = {isa = PBXFileReference; path = 2e5e80e07c29c4f5be2d16e7bb434c09ed4b48; sourceTree = "<group>"; };
		0B9A4F7DEA726E7CB7EB5506 /* CloudKitSyncMapping.swift */ = {isa = PBXFileReference; lastKnownFileType = sourcecode.swift; path = CloudKitSyncMapping.swift; sourceTree = "<group>"; };
		0C042AA076339C9CFF61E388 /* EpisodeBadges.swift */ = {isa = PBXFileReference; lastKnownFileType = sourcecode.swift; path = EpisodeBadges.swift; sourceTree = "<group>"; };
		0D99E1278690BBF5BB9F42C5 /* 18f6b8978b408425dc1f0c3167f28da9fea5d0 */ = {isa = PBXFileReference; path = 18f6b8978b408425dc1f0c3167f28da9fea5d0; sourceTree = "<group>"; };
		0EC29E0D6933DB9FB1CD44AA /* BackgroundTaskCoordinator.swift */ = {isa = PBXFileReference; lastKnownFileType = sourcecode.swift; path = BackgroundTaskCoordinator.swift; sourceTree = "<group>"; };
		0EEFBB39218E4B07B30DEF94 /* 8f442f0cbf74d015be3f868e528772d7e92eed */ = {isa = PBXFileReference; path = 8f442f0cbf74d015be3f868e528772d7e92eed; sourceTree = "<group>"; };
		102F97A366885102CA4A8AFB /* e1cd205a8f064b577230ca908c37c044d4d13f */ = {isa = PBXFileReference; path = e1cd205a8f064b577230ca908c37c044d4d13f; sourceTree = "<group>"; };
		116B0991A291DB3826111098 /* PlaybackPreference.swift */ = {isa = PBXFileReference; lastKnownFileType = sourcecode.swift; path = PlaybackPreference.swift; sourceTree = "<group>"; };
		11E264E1CFC5C1C9F10057DC /* 2f2c8bfc53a01c4481a2b4f43dcad7cfff39d9 */ = {isa = PBXFileReference; path = 2f2c8bfc53a01c4481a2b4f43dcad7cfff39d9; sourceTree = "<group>"; };
		12A812397E81051ABE3168CD /* a34761788eb55d922b663ea3e57a06e286c3f1 */ = {isa = PBXFileReference; path = a34761788eb55d922b663ea3e57a06e286c3f1; sourceTree = "<group>"; };
		137C2523B2901F6EBC511D8A /* 67979d97b07bb0238f3ab2497e586d96c8f93b */ = {isa = PBXFileReference; path = 67979d97b07bb0238f3ab2497e586d96c8f93b; sourceTree = "<group>"; };
		1418167249246299C85D142A /* pack-a4a5452f4a26972dc2686456116554ac5a725bc5.idx */ = {isa = PBXFileReference; path = "pack-a4a5452f4a26972dc2686456116554ac5a725bc5.idx"; sourceTree = "<group>"; };
		14DF66C0C501F07FFA8E90B1 /* SleepTimerSheetView.swift */ = {isa = PBXFileReference; lastKnownFileType = sourcecode.swift; path = SleepTimerSheetView.swift; sourceTree = "<group>"; };
		14E2A5D4606D6CABD6C82EE5 /* da0955a0ba3cccd589daad32d133bc5a330b2b */ = {isa = PBXFileReference; path = da0955a0ba3cccd589daad32d133bc5a330b2b; sourceTree = "<group>"; };
		152B0D52BCB62FC71DA063EC /* MediaPlayer.framework */ = {isa = PBXFileReference; lastKnownFileType = wrapper.framework; name = MediaPlayer.framework; path = System/Library/Frameworks/MediaPlayer.framework; sourceTree = SDKROOT; };
		1669AC404FB7A65C54DF4052 /* ABCBreakfastSampleFeed.xml */ = {isa = PBXFileReference; lastKnownFileType = text.xml; path = ABCBreakfastSampleFeed.xml; sourceTree = "<group>"; };
		16FD6DE750266E615081EA09 /* PlaybackEngine.swift */ = {isa = PBXFileReference; lastKnownFileType = sourcecode.swift; path = PlaybackEngine.swift; sourceTree = "<group>"; };
		17E772B8D27407DAB489AACD /* pack-a4a5452f4a26972dc2686456116554ac5a725bc5.pack */ = {isa = PBXFileReference; path = "pack-a4a5452f4a26972dc2686456116554ac5a725bc5.pack"; sourceTree = "<group>"; };
		19CE4712848A0C58ADE2A592 /* 05f56b562b124578a090289e4c98df101ea969 */ = {isa = PBXFileReference; path = 05f56b562b124578a090289e4c98df101ea969; sourceTree = "<group>"; };
		1A740E24D6D5036B9AE92CCA /* 7999553e9374edb4565e4108489b50986e93c7 */ = {isa = PBXFileReference; path = 7999553e9374edb4565e4108489b50986e93c7; sourceTree = "<group>"; };
		1ECF1FFA53F5E59621BD1901 /* 0c20191f1e6ccb15cf4494c4db233821bfee57 */ = {isa = PBXFileReference; path = 0c20191f1e6ccb15cf4494c4db233821bfee57; sourceTree = "<group>"; };
		1EE50021DF85C88351E2E401 /* RSSParserTests.swift */ = {isa = PBXFileReference; lastKnownFileType = sourcecode.swift; path = RSSParserTests.swift; sourceTree = "<group>"; };
		1F2EF890D48B249CD312B14C /* Chapter.swift */ = {isa = PBXFileReference; lastKnownFileType = sourcecode.swift; path = Chapter.swift; sourceTree = "<group>"; };
		21BC32637767178331176C36 /* AppState.swift */ = {isa = PBXFileReference; lastKnownFileType = sourcecode.swift; path = AppState.swift; sourceTree = "<group>"; };
		22C8E0701EBFB6771F2DE276 /* ae6bbdda1f132612c1937f1a61dcfa3c617a5d */ = {isa = PBXFileReference; path = ae6bbdda1f132612c1937f1a61dcfa3c617a5d; sourceTree = "<group>"; };
		24917C9633C17930928857C5 /* AutohopApp.swift */ = {isa = PBXFileReference; lastKnownFileType = sourcecode.swift; path = AutohopApp.swift; sourceTree = "<group>"; };
		253ABEDC0F34FCD44A3287B3 /* UserNotifications.framework */ = {isa = PBXFileReference; lastKnownFileType = wrapper.framework; name = UserNotifications.framework; path = System/Library/Frameworks/UserNotifications.framework; sourceTree = SDKROOT; };
		2A7E25B19C8E70DF788BDA18 /* SupportContent.swift */ = {isa = PBXFileReference; lastKnownFileType = sourcecode.swift; path = SupportContent.swift; sourceTree = "<group>"; };
		3027D04C8528CF33139935C8 /* Synced.swift */ = {isa = PBXFileReference; lastKnownFileType = sourcecode.swift; path = Synced.swift; sourceTree = "<group>"; };
		302ED5C15F04FA1D1453D26F /* StatsView.swift */ = {isa = PBXFileReference; lastKnownFileType = sourcecode.swift; path = StatsView.swift; sourceTree = "<group>"; };
		30B16929C6739EB6406E3B70 /* 95c113d744421d219683ead9946c838db3aca9 */ = {isa = PBXFileReference; path = 95c113d744421d219683ead9946c838db3aca9; sourceTree = "<group>"; };
		311E438C141A2D9E95767699 /* d2e17feffc86942462c4b3e771b854b3333235 */ = {isa = PBXFileReference; path = d2e17feffc86942462c4b3e771b854b3333235; sourceTree = "<group>"; };
		3125C204FC44E2136A76414C /* AppLogger.swift */ = {isa = PBXFileReference; lastKnownFileType = sourcecode.swift; path = AppLogger.swift; sourceTree = "<group>"; };
		31EB5D4327A2A02FC9F88ACF /* NowPlayingService.swift */ = {isa = PBXFileReference; lastKnownFileType = sourcecode.swift; path = NowPlayingService.swift; sourceTree = "<group>"; };
		322B83AAD485B330910F3A48 /* b0b3d549c1ffd0c79c93d7e426fb83066e0abd */ = {isa = PBXFileReference; path = b0b3d549c1ffd0c79c93d7e426fb83066e0abd; sourceTree = "<group>"; };
		342F2755762F83461DD5FDAD /* 08361ace9d64a6027d2953f31cf353333bf2e3 */ = {isa = PBXFileReference; path = 08361ace9d64a6027d2953f31cf353333bf2e3; sourceTree = "<group>"; };
		347E5DA5762F15B832B17049 /* CloudSyncEngine.swift */ = {isa = PBXFileReference; lastKnownFileType = sourcecode.swift; path = CloudSyncEngine.swift; sourceTree = "<group>"; };
		3565F21462B26325EB4EB477 /* RSSParser.swift */ = {isa = PBXFileReference; lastKnownFileType = sourcecode.swift; path = RSSParser.swift; sourceTree = "<group>"; };
		35748B243B085DB0E3E0076F /* SubscriptionSettingsView.swift */ = {isa = PBXFileReference; lastKnownFileType = sourcecode.swift; path = SubscriptionSettingsView.swift; sourceTree = "<group>"; };
		35CBB8EF6C6B99FA4E00949D /* icloud-sync */ = {isa = PBXFileReference; path = "icloud-sync"; sourceTree = "<group>"; };
		37105C01AB41D0EE542AC9C5 /* Autohop.app */ = {isa = PBXFileReference; includeInIndex = 0; lastKnownFileType = wrapper.application; path = Autohop.app; sourceTree = BUILT_PRODUCTS_DIR; };
		37C2D2BA2408F2EF182B3B32 /* PlayerView.swift */ = {isa = PBXFileReference; lastKnownFileType = sourcecode.swift; path = PlayerView.swift; sourceTree = "<group>"; };
		388A1C51E13BACFDD19B7AE2 /* 4649069e24a591a602bfad2bc56e769c586b6e */ = {isa = PBXFileReference; path = 4649069e24a591a602bfad2bc56e769c586b6e; sourceTree = "<group>"; };
		38CD7D621CF0A6E82AD16358 /* HEAD */ = {isa = PBXFileReference; path = HEAD; sourceTree = "<group>"; };
		390268CFD95D1EFA261AE692 /* b4661e42e75e7bfc75bcec2d67e5f4a3d0f304 */ = {isa = PBXFileReference; path = b4661e42e75e7bfc75bcec2d67e5f4a3d0f304; sourceTree = "<group>"; };
		3976B164B99940414D5413E2 /* PodcastSearch.swift */ = {isa = PBXFileReference; lastKnownFileType = sourcecode.swift; path = PodcastSearch.swift; sourceTree = "<group>"; };
		3A667BB5E8B78C60D833E89F /* icloud-sync */ = {isa = PBXFileReference; path = "icloud-sync"; sourceTree = "<group>"; };
		3BC0C1A3D0396C4F6C26C552 /* COMMIT_EDITMSG */ = {isa = PBXFileReference; path = COMMIT_EDITMSG; sourceTree = "<group>"; };
		3CB8E55D9AEE5ABB6898D0FB /* 430ea16f048dafe55b6152f34daf23712ee709 */ = {isa = PBXFileReference; path = 430ea16f048dafe55b6152f34daf23712ee709; sourceTree = "<group>"; };
		3DB13F3FBFFC18E08BDA7E02 /* 444917e1d63aa3eee981d4ec838ab38a94d4b9 */ = {isa = PBXFileReference; path = 444917e1d63aa3eee981d4ec838ab38a94d4b9; sourceTree = "<group>"; };
		3F4F72C26B5F410F644B0050 /* SettingsViewModel.swift */ = {isa = PBXFileReference; lastKnownFileType = sourcecode.swift; path = SettingsViewModel.swift; sourceTree = "<group>"; };
		3FACAF19D3A204166AD0A800 /* 17cffd4b9298589a1715bc6b4d989429a81f80 */ = {isa = PBXFileReference; path = 17cffd4b9298589a1715bc6b4d989429a81f80; sourceTree = "<group>"; };
		40E52134475EA385FD0695BD /* commit-msg.sample */ = {isa = PBXFileReference; path = "commit-msg.sample"; sourceTree = "<group>"; };
		4131E590B934F14C0BAE6997 /* FeedPreviewViewModel.swift */ = {isa = PBXFileReference; lastKnownFileType = sourcecode.swift; path = FeedPreviewViewModel.swift; sourceTree = "<group>"; };
		4263ED7A9C36A19319AE6A4E /* b17eefabf969cabfeaaa6b5f69dbabf38e81e6 */ = {isa = PBXFileReference; path = b17eefabf969cabfeaaa6b5f69dbabf38e81e6; sourceTree = "<group>"; };
		450D8D5EE383979D6BDBCABB /* fsmonitor-watchman.sample */ = {isa = PBXFileReference; path = "fsmonitor-watchman.sample"; sourceTree = "<group>"; };
		45E3E9521C405F5F1F2D281F /* b251e7492e962ba311ddc47886b871dc1ac166 */ = {isa = PBXFileReference; path = b251e7492e962ba311ddc47886b871dc1ac166; sourceTree = "<group>"; };
		469194259EBE6123611AA499 /* pre-receive.sample */ = {isa = PBXFileReference; path = "pre-receive.sample"; sourceTree = "<group>"; };
		46CF89DF15A4D2CDDF676EC0 /* SyncStateTests.swift */ = {isa = PBXFileReference; lastKnownFileType = sourcecode.swift; path = SyncStateTests.swift; sourceTree = "<group>"; };
		5014A13278DFD204DFD0007C /* NotificationService.swift */ = {isa = PBXFileReference; lastKnownFileType = sourcecode.swift; path = NotificationService.swift; sourceTree = "<group>"; };
		5236469AA77DC26F64274B57 /* RemoteEpisodeApplyTests.swift */ = {isa = PBXFileReference; lastKnownFileType = sourcecode.swift; path = RemoteEpisodeApplyTests.swift; sourceTree = "<group>"; };
		53699A6617323757A504D629 /* post-update.sample */ = {isa = PBXFileReference; path = "post-update.sample"; sourceTree = "<group>"; };
		545F198A01DC29E823B37A4F /* EpisodeShareCardView.swift */ = {isa = PBXFileReference; lastKnownFileType = sourcecode.swift; path = EpisodeShareCardView.swift; sourceTree = "<group>"; };
		55DC2371F78FCCD26F102A59 /* push-to-checkout.sample */ = {isa = PBXFileReference; path = "push-to-checkout.sample"; sourceTree = "<group>"; };
		5843E176F77CC6DC4B9EDA8B /* QueueService.swift */ = {isa = PBXFileReference; lastKnownFileType = sourcecode.swift; path = QueueService.swift; sourceTree = "<group>"; };
		585A8A3237B7FBB07D78ADB0 /* d5092ff12f673d2bb14eaa0808628402f51d3f */ = {isa = PBXFileReference; path = d5092ff12f673d2bb14eaa0808628402f51d3f; sourceTree = "<group>"; };
		5CD54AF3D3CDAAA62F04DB6B /* HEAD */ = {isa = PBXFileReference; path = HEAD; sourceTree = "<group>"; };
		5CF13A2502B3E5F81C7C7AD6 /* OPMLDocument.swift */ = {isa = PBXFileReference; lastKnownFileType = sourcecode.swift; path = OPMLDocument.swift; sourceTree = "<group>"; };
		5DB7ED642E803B0F206ADAB9 /* pre-applypatch.sample */ = {isa = PBXFileReference; path = "pre-applypatch.sample"; sourceTree = "<group>"; };
		6133FFBAB31468EC1C72C4F5 /* icloud-sync */ = {isa = PBXFileReference; path = "icloud-sync"; sourceTree = "<group>"; };
		6334B82D87CB1702EBBFA7D2 /* HEAD */ = {isa = PBXFileReference; path = HEAD; sourceTree = "<group>"; };
		633574BB70D7788B90B0BDE9 /* DiscoverView.swift */ = {isa = PBXFileReference; lastKnownFileType = sourcecode.swift; path = DiscoverView.swift; sourceTree = "<group>"; };
		6405B89D0079F27E137EAB1B /* 3542b19d0192926a097a9fa836b4440455a4a5 */ = {isa = PBXFileReference; path = 3542b19d0192926a097a9fa836b4440455a4a5; sourceTree = "<group>"; };
		646F40A31B734F2FBC45F106 /* icloud-sync */ = {isa = PBXFileReference; path = "icloud-sync"; sourceTree = "<group>"; };
		683993894FA5CDEC33131BAF /* Episode.swift */ = {isa = PBXFileReference; lastKnownFileType = sourcecode.swift; path = Episode.swift; sourceTree = "<group>"; };
		6A5A6DDE8961134FE0682A54 /* AVFoundation.framework */ = {isa = PBXFileReference; lastKnownFileType = wrapper.framework; name = AVFoundation.framework; path = System/Library/Frameworks/AVFoundation.framework; sourceTree = SDKROOT; };
		6AB6650EF3B971C5C6359C5A /* main */ = {isa = PBXFileReference; path = main; sourceTree = "<group>"; };
		6B362EFA83BC4FBE3A07CD37 /* AVKit.framework */ = {isa = PBXFileReference; lastKnownFileType = wrapper.framework; name = AVKit.framework; path = System/Library/Frameworks/AVKit.framework; sourceTree = SDKROOT; };
		6BB657BA8CD0E083B65CB037 /* autohop-icon-v1.svg */ = {isa = PBXFileReference; path = "autohop-icon-v1.svg"; sourceTree = "<group>"; };
		6BC2DA235CA0911EAC4535B5 /* 832faa25eddaec22a81803124cd1559caaf73b */ = {isa = PBXFileReference; path = 832faa25eddaec22a81803124cd1559caaf73b; sourceTree = "<group>"; };
		6CE8C5CD51F36B650901B3F2 /* SilenceDetector.swift */ = {isa = PBXFileReference; lastKnownFileType = sourcecode.swift; path = SilenceDetector.swift; sourceTree = "<group>"; };
		6DA24333B81A1F45C674024C /* AppSettings.swift */ = {isa = PBXFileReference; lastKnownFileType = sourcecode.swift; path = AppSettings.swift; sourceTree = "<group>"; };
		6FEB2F48F7ABA85292A2304E /* HEAD */ = {isa = PBXFileReference; path = HEAD; sourceTree = "<group>"; };
		71268A027D972BCC25D38356 /* 14e6751dc536bea608c331a15a199e2b798034 */ = {isa = PBXFileReference; path = 14e6751dc536bea608c331a15a199e2b798034; sourceTree = "<group>"; };
		77C60EE74A8B213D9CAE978C /* PodcastCharts.swift */ = {isa = PBXFileReference; lastKnownFileType = sourcecode.swift; path = PodcastCharts.swift; sourceTree = "<group>"; };
		7AB0B44C31CC81B5877BE5EF /* PodcastsView.swift */ = {isa = PBXFileReference; lastKnownFileType = sourcecode.swift; path = PodcastsView.swift; sourceTree = "<group>"; };
		8307CF011A814A0E47C7E3A1 /* packed-refs */ = {isa = PBXFileReference; path = "packed-refs"; sourceTree = "<group>"; };
		84A9EC53FE6448B46BEAB716 /* 9a6e76d8df354bb154c25c10a49e4076e86dc8 */ = {isa = PBXFileReference; path = 9a6e76d8df354bb154c25c10a49e4076e86dc8; sourceTree = "<group>"; };
		8557553A525A17CFE9A9CB6D /* 765c49fcc22a63b380b5f61eeb766590d750cb */ = {isa = PBXFileReference; path = 765c49fcc22a63b380b5f61eeb766590d750cb; sourceTree = "<group>"; };
		860B5ED3812C915B243F074F /* SubscriptionSyncTests.swift */ = {isa = PBXFileReference; lastKnownFileType = sourcecode.swift; path = SubscriptionSyncTests.swift; sourceTree = "<group>"; };
		8B80C9C74B8280A7E2246873 /* 253a415988d28f3ce657866488dc3c06410a11 */ = {isa = PBXFileReference; path = 253a415988d28f3ce657866488dc3c06410a11; sourceTree = "<group>"; };
		8E2B24699CC9F4509A22F0B5 /* pre-merge-commit.sample */ = {isa = PBXFileReference; path = "pre-merge-commit.sample"; sourceTree = "<group>"; };
		8E7984BA6AC855486642A4AA /* ebc04fe72186288d62387fa314464ffee4902f */ = {isa = PBXFileReference; path = ebc04fe72186288d62387fa314464ffee4902f; sourceTree = "<group>"; };
		8F6BE90CFA13F09C49C4088D /* AutohopTests.xctest */ = {isa = PBXFileReference; includeInIndex = 0; lastKnownFileType = wrapper.cfbundle; path = AutohopTests.xctest; sourceTree = BUILT_PRODUCTS_DIR; };
		90F7DF72C8A1316032ABF8BB /* ca776e800d27aeee3a3660a9eca04270097f62 */ = {isa = PBXFileReference; path = ca776e800d27aeee3a3660a9eca04270097f62; sourceTree = "<group>"; };
		934C4B70212D2482878BF74B /* 79dfb7f9b04379afcd0367265f691a14e9b2a4 */ = {isa = PBXFileReference; path = 79dfb7f9b04379afcd0367265f691a14e9b2a4; sourceTree = "<group>"; };
		93D3348861E745163C684CB7 /* ab5d100f4d0d953b27962a2cf9bd61d680f962 */ = {isa = PBXFileReference; path = ab5d100f4d0d953b27962a2cf9bd61d680f962; sourceTree = "<group>"; };
		95894D9B8DCB8239FF0A74ED /* main */ = {isa = PBXFileReference; path = main; sourceTree = "<group>"; };
		9722A18CD9E100A7A5763C41 /* DownloadActivityStore.swift */ = {isa = PBXFileReference; lastKnownFileType = sourcecode.swift; path = DownloadActivityStore.swift; sourceTree = "<group>"; };
		972F5B85D493E589CE300EC9 /* BackgroundTasks.framework */ = {isa = PBXFileReference; lastKnownFileType = wrapper.framework; name = BackgroundTasks.framework; path = System/Library/Frameworks/BackgroundTasks.framework; sourceTree = SDKROOT; };
		9B26404DFDADDE7CD73968A8 /* PodcastSearchView.swift */ = {isa = PBXFileReference; lastKnownFileType = sourcecode.swift; path = PodcastSearchView.swift; sourceTree = "<group>"; };
		9B4EA78605AFFEAB02ECB83A /* FETCH_HEAD */ = {isa = PBXFileReference; path = FETCH_HEAD; sourceTree = "<group>"; };
		9B59BA146F26C7399BC5D357 /* 989ae94961313e7647a4bba87c6035bea01478 */ = {isa = PBXFileReference; path = 989ae94961313e7647a4bba87c6035bea01478; sourceTree = "<group>"; };
		9ED876B306752D5EC2F481E6 /* AudioRoutePickerView.swift */ = {isa = PBXFileReference; lastKnownFileType = sourcecode.swift; path = AudioRoutePickerView.swift; sourceTree = "<group>"; };
		A314D3A788F1F62E2CC094A5 /* RootView.swift */ = {isa = PBXFileReference; lastKnownFileType = sourcecode.swift; path = RootView.swift; sourceTree = "<group>"; };
		A647A5B4D6BC6743ECD46B04 /* 11684e40cd7eb6607617193461380d47f0165a */ = {isa = PBXFileReference; path = 11684e40cd7eb6607617193461380d47f0165a; sourceTree = "<group>"; };
		A8314C5B02DD1C70AB28B2BE /* 085e51f3933deb6c0f1778755415d9ff100a7c */ = {isa = PBXFileReference; path = 085e51f3933deb6c0f1778755415d9ff100a7c; sourceTree = "<group>"; };
		A8DDB61E2621D151D1D40ADC /* index */ = {isa = PBXFileReference; path = index; sourceTree = "<group>"; };
		AB5C2524C530DA21A6495034 /* AddFeedView.swift */ = {isa = PBXFileReference; lastKnownFileType = sourcecode.swift; path = AddFeedView.swift; sourceTree = "<group>"; };
		ABE8910EB09711E844F60A5A /* pre-commit.sample */ = {isa = PBXFileReference; path = "pre-commit.sample"; sourceTree = "<group>"; };
		AC0E27B081F89588CF256B08 /* CloudKitSyncMappingTests.swift */ = {isa = PBXFileReference; lastKnownFileType = sourcecode.swift; path = CloudKitSyncMappingTests.swift; sourceTree = "<group>"; };
		AC732D74284B18712FC712D1 /* 1abfcf3a900475a7f31ecbd785d3ebc3756a25 */ = {isa = PBXFileReference; path = 1abfcf3a900475a7f31ecbd785d3ebc3756a25; sourceTree = "<group>"; };
		ADAF490F6714132C813C0E00 /* ThreeAWMelbourneNewsSampleFeed.xml */ = {isa = PBXFileReference; lastKnownFileType = text.xml; path = ThreeAWMelbourneNewsSampleFeed.xml; sourceTree = "<group>"; };
		B0D5840FBC0BDFD10C980B32 /* 8a2cab6cb1bc890d9e51cf969132e599797331 */ = {isa = PBXFileReference; path = 8a2cab6cb1bc890d9e51cf969132e599797331; sourceTree = "<group>"; };
		B1C516462E6B48AE56213C54 /* 9873e14d70dad906e0a816fd058f41909c1b37 */ = {isa = PBXFileReference; path = 9873e14d70dad906e0a816fd058f41909c1b37; sourceTree = "<group>"; };
		B86EA003B0FB9EB9D82D57F6 /* df27707014d95205a7359ee5a0fa97b7b14371 */ = {isa = PBXFileReference; path = df27707014d95205a7359ee5a0fa97b7b14371; sourceTree = "<group>"; };
		B89A48F1CC784F17C10C516E /* ChapterService.swift */ = {isa = PBXFileReference; lastKnownFileType = sourcecode.swift; path = ChapterService.swift; sourceTree = "<group>"; };
		BA765CE9C9C914634E082114 /* 6580d4a73b357aa0cc45eb97e45b26016287a3 */ = {isa = PBXFileReference; path = 6580d4a73b357aa0cc45eb97e45b26016287a3; sourceTree = "<group>"; };
		BA7CFA3B7A377420EF2AAD05 /* SyncState.swift */ = {isa = PBXFileReference; lastKnownFileType = sourcecode.swift; path = SyncState.swift; sourceTree = "<group>"; };
		BB4220919178A3ECDE7D03CF /* NotificationSettingsView.swift */ = {isa = PBXFileReference; lastKnownFileType = sourcecode.swift; path = NotificationSettingsView.swift; sourceTree = "<group>"; };
		BCFC591DB2F94F3B9CD1B653 /* AcknowledgementsView.swift */ = {isa = PBXFileReference; lastKnownFileType = sourcecode.swift; path = AcknowledgementsView.swift; sourceTree = "<group>"; };
		BF806332BDF9F668DC2A4166 /* StatsSyncTests.swift */ = {isa = PBXFileReference; lastKnownFileType = sourcecode.swift; path = StatsSyncTests.swift; sourceTree = "<group>"; };
		BFD9E9E931704DF4290BD480 /* bff0c88a41135d89ba50b14b0feec0190b9a86 */ = {isa = PBXFileReference; path = bff0c88a41135d89ba50b14b0feec0190b9a86; sourceTree = "<group>"; };
		C02B3CAC7E8D6D1B67E22215 /* SleepScheduleView.swift */ = {isa = PBXFileReference; lastKnownFileType = sourcecode.swift; path = SleepScheduleView.swift; sourceTree = "<group>"; };
		C43B63882496865607CE74E8 /* 2ad8269dbf7431f3e4c137a89c2b8de99e0c56 */ = {isa = PBXFileReference; path = 2ad8269dbf7431f3e4c137a89c2b8de99e0c56; sourceTree = "<group>"; };
		C44B088E668A73445F8D13B4 /* FeedService.swift */ = {isa = PBXFileReference; lastKnownFileType = sourcecode.swift; path = FeedService.swift; sourceTree = "<group>"; };
		C591B19F27ADEA3C893968E3 /* ecb55f5f396592eb27c0869eb29c265928e9b0 */ = {isa = PBXFileReference; path = ecb55f5f396592eb27c0869eb29c265928e9b0; sourceTree = "<group>"; };
		C8A87E5CAFBEC53B16857055 /* ShowEngagementAnalyzer.swift */ = {isa = PBXFileReference; lastKnownFileType = sourcecode.swift; path = ShowEngagementAnalyzer.swift; sourceTree = "<group>"; };
		C91858CB121630203956D0E5 /* update.sample */ = {isa = PBXFileReference; path = update.sample; sourceTree = "<group>"; };
		CA5E51118F25B1259016B282 /* QueueSheetView.swift */ = {isa = PBXFileReference; lastKnownFileType = sourcecode.swift; path = QueueSheetView.swift; sourceTree = "<group>"; };
		CB905A9BC8E2D10E8B4EB156 /* sendemail-validate.sample */ = {isa = PBXFileReference; path = "sendemail-validate.sample"; sourceTree = "<group>"; };
		CE0A079BEFCE751C848D6AC7 /* main */ = {isa = PBXFileReference; path = main; sourceTree = "<group>"; };
		CFB58F0EC8BB8F6C69D227C0 /* config */ = {isa = PBXFileReference; path = config; sourceTree = "<group>"; };
		D05CB54DF3C92B3F6F9FAB56 /* main */ = {isa = PBXFileReference; path = main; sourceTree = "<group>"; };
		D4085481A5FB344177B51FA3 /* EpisodeFeedLoader.swift */ = {isa = PBXFileReference; lastKnownFileType = sourcecode.swift; path = EpisodeFeedLoader.swift; sourceTree = "<group>"; };
		D54CE5E93B8D748F0F9A0F2A /* AppDelegate.swift */ = {isa = PBXFileReference; lastKnownFileType = sourcecode.swift; path = AppDelegate.swift; sourceTree = "<group>"; };
		D5BAF0C68369211734ECE384 /* SleepTimerService.swift */ = {isa = PBXFileReference; lastKnownFileType = sourcecode.swift; path = SleepTimerService.swift; sourceTree = "<group>"; };
		D6CD09722CF511495FBD886F /* AutohopDatabase.swift */ = {isa = PBXFileReference; lastKnownFileType = sourcecode.swift; path = AutohopDatabase.swift; sourceTree = "<group>"; };
		D7F7A3AB78DEBAF5DF666016 /* ResourceMonitor.swift */ = {isa = PBXFileReference; lastKnownFileType = sourcecode.swift; path = ResourceMonitor.swift; sourceTree = "<group>"; };
		D9402EA64746B9CCF6E057D7 /* 084c159a473a86cafc6e3d422b72e953bfd7eb */ = {isa = PBXFileReference; path = 084c159a473a86cafc6e3d422b72e953bfd7eb; sourceTree = "<group>"; };
		DB2ED604AA0A6EB3A81D6405 /* MenuSheetView.swift */ = {isa = PBXFileReference; lastKnownFileType = sourcecode.swift; path = MenuSheetView.swift; sourceTree = "<group>"; };
		DB498E27325745DCAFDCDF5A /* Subscription.swift */ = {isa = PBXFileReference; lastKnownFileType = sourcecode.swift; path = Subscription.swift; sourceTree = "<group>"; };
		DEDA523B5BEADDB7ED7CC077 /* SettingsStore.swift */ = {isa = PBXFileReference; lastKnownFileType = sourcecode.swift; path = SettingsStore.swift; sourceTree = "<group>"; };
		DF1C26CF8819E029109ACA02 /* 6f7930a5448134340ed2e5e7d2702ed09cd20b */ = {isa = PBXFileReference; path = 6f7930a5448134340ed2e5e7d2702ed09cd20b; sourceTree = "<group>"; };
		DF23B5ED8975DF35770A39D6 /* pre-push.sample */ = {isa = PBXFileReference; path = "pre-push.sample"; sourceTree = "<group>"; };
		E16CD4C25E2921FD0D1EA74F /* 6fbfec8c288b573e4c66551c0055e1c5f53a00 */ = {isa = PBXFileReference; path = 6fbfec8c288b573e4c66551c0055e1c5f53a00; sourceTree = "<group>"; };
		E2D5A368146F470AC4791427 /* HistorySyncTests.swift */ = {isa = PBXFileReference; lastKnownFileType = sourcecode.swift; path = HistorySyncTests.swift; sourceTree = "<group>"; };
		E42BDF42FD99228B660B08A4 /* 81ba956ba538f001c09204e27f47f37082cbe1 */ = {isa = PBXFileReference; path = 81ba956ba538f001c09204e27f47f37082cbe1; sourceTree = "<group>"; };
		E4640CA53FD6C9A99BBE0875 /* SettingsView.swift */ = {isa = PBXFileReference; lastKnownFileType = sourcecode.swift; path = SettingsView.swift; sourceTree = "<group>"; };
		E4B8E5DB8DBB9C0533B1C7C8 /* DiagnosticLogView.swift */ = {isa = PBXFileReference; lastKnownFileType = sourcecode.swift; path = DiagnosticLogView.swift; sourceTree = "<group>"; };
		E5DAC7F5458F913394B197DF /* DownloadManager.swift */ = {isa = PBXFileReference; lastKnownFileType = sourcecode.swift; path = DownloadManager.swift; sourceTree = "<group>"; };
		E7C7661D58EE1811242100DA /* prepare-commit-msg.sample */ = {isa = PBXFileReference; path = "prepare-commit-msg.sample"; sourceTree = "<group>"; };
		E808A5060C4721B470695C1A /* ListeningStatsStore.swift */ = {isa = PBXFileReference; lastKnownFileType = sourcecode.swift; path = ListeningStatsStore.swift; sourceTree = "<group>"; };
		ED58E57C5F7D11C3B049348F /* e027ca894054aae8f59739101443939c5ebca8 */ = {isa = PBXFileReference; path = e027ca894054aae8f59739101443939c5ebca8; sourceTree = "<group>"; };
		EDC1CA94E706E91930167D9F /* EpisodeShareSheet.swift */ = {isa = PBXFileReference; lastKnownFileType = sourcecode.swift; path = EpisodeShareSheet.swift; sourceTree = "<group>"; };
		EE7D3E110C473B0DC6C172B6 /* 1650290b58f34dcd86f7c2a2b25112e239a2b5 */ = {isa = PBXFileReference; path = 1650290b58f34dcd86f7c2a2b25112e239a2b5; sourceTree = "<group>"; };
		EF4124E184CBCE4AD2F03507 /* exclude */ = {isa = PBXFileReference; path = exclude; sourceTree = "<group>"; };
		EFF7CF11EF28BCAC4E54C4FB /* SupportView.swift */ = {isa = PBXFileReference; lastKnownFileType = sourcecode.swift; path = SupportView.swift; sourceTree = "<group>"; };
		F0A3E0382684E30C54800563 /* NativeVideoPlayerView.swift */ = {isa = PBXFileReference; lastKnownFileType = sourcecode.swift; path = NativeVideoPlayerView.swift; sourceTree = "<group>"; };
		F239C11C2AF20D9B947A211E /* applypatch-msg.sample */ = {isa = PBXFileReference; path = "applypatch-msg.sample"; sourceTree = "<group>"; };
		F70E92CF93C5DA273135C5E4 /* pack-a4a5452f4a26972dc2686456116554ac5a725bc5.rev */ = {isa = PBXFileReference; path = "pack-a4a5452f4a26972dc2686456116554ac5a725bc5.rev"; sourceTree = "<group>"; };
		F71B692167F4E28CF955B3D6 /* 2bbcc9b2c838c2d6e018b84b2cacdd8506175d */ = {isa = PBXFileReference; path = 2bbcc9b2c838c2d6e018b84b2cacdd8506175d; sourceTree = "<group>"; };
		F7D5C95243631899B5A71811 /* description */ = {isa = PBXFileReference; path = description; sourceTree = "<group>"; };
		F9A2E248EE2F60A67B585887 /* bd2e3261cec6554adf620e5d112e06f324a353 */ = {isa = PBXFileReference; path = bd2e3261cec6554adf620e5d112e06f324a353; sourceTree = "<group>"; };
		FAF6869CDF5E12D17427C2D2 /* ParsedFeed.swift */ = {isa = PBXFileReference; lastKnownFileType = sourcecode.swift; path = ParsedFeed.swift; sourceTree = "<group>"; };
		FB8CE04CA2DDA6CB00856312 /* 60220c4e44f3491e8a1bf237e2dd05319decfb */ = {isa = PBXFileReference; path = 60220c4e44f3491e8a1bf237e2dd05319decfb; sourceTree = "<group>"; };
		FBD740613B06C339DC75500D /* DownloadsView.swift */ = {isa = PBXFileReference; lastKnownFileType = sourcecode.swift; path = DownloadsView.swift; sourceTree = "<group>"; };
		FBEF0B3559845D81A1BFFB69 /* CloudKit.framework */ = {isa = PBXFileReference; lastKnownFileType = wrapper.framework; name = CloudKit.framework; path = System/Library/Frameworks/CloudKit.framework; sourceTree = SDKROOT; };
		FC92234D962AFF8E65B0929D /* 88d7668ba3596d0563efc5bc6c6b02b51cb1f0 */ = {isa = PBXFileReference; path = 88d7668ba3596d0563efc5bc6c6b02b51cb1f0; sourceTree = "<group>"; };
		FE5E90724CD711226DD18FCF /* b80954e0029635fd741deb007f4c766851dcc6 */ = {isa = PBXFileReference; path = b80954e0029635fd741deb007f4c766851dcc6; sourceTree = "<group>"; };
		"TEMP_376D4D29-F08A-4AE7-99D9-BC9309B468D0" /* NOTICE */ = {isa = PBXFileReference; path = NOTICE; sourceTree = "<group>"; };
		"TEMP_4138810A-5749-410E-8CF7-6D5C8D7E38C2" /* Autohop.xcodeproj */ = {isa = PBXFileReference; lastKnownFileType = "wrapper.pb-project"; path = Autohop.xcodeproj; sourceTree = "<group>"; };
		"TEMP_75D8D828-46C0-464E-8ED2-1CFB7AA6DE5E" /* LICENSE */ = {isa = PBXFileReference; path = LICENSE; sourceTree = "<group>"; };
		"TEMP_84B606D3-0CBD-44DB-A79F-B65118440F23" /* Info.plist */ = {isa = PBXFileReference; lastKnownFileType = text.plist; path = Info.plist; sourceTree = "<group>"; };
		"TEMP_874B22A6-3F99-4AAA-AC9E-4E06A65D2881" /* Autohop.entitlements */ = {isa = PBXFileReference; lastKnownFileType = text.plist.entitlements; path = Autohop.entitlements; sourceTree = "<group>"; };
		"TEMP_C21C3E0C-936C-45AE-ACE9-769582434047" /* PrivacyInfo.xcprivacy */ = {isa = PBXFileReference; path = PrivacyInfo.xcprivacy; sourceTree = "<group>"; };
		"TEMP_CAD4F366-9609-47F2-B315-CA1DAE0C0008" /* Assets.xcassets */ = {isa = PBXFileReference; lastKnownFileType = folder.assetcatalog; path = Assets.xcassets; sourceTree = "<group>"; };
		"TEMP_E6BA3654-2439-4813-910C-F89963AFD7F6" /* .gitignore */ = {isa = PBXFileReference; path = .gitignore; sourceTree = "<group>"; };
/* End PBXFileReference section */

/* Begin PBXFrameworksBuildPhase section */
		C45CBFB6212D921EC5246FC5 /* Frameworks */ = {
			isa = PBXFrameworksBuildPhase;
			buildActionMask = 2147483647;
			files = (
				6CB8DBCEB5B239EDC5484E5C /* AVFoundation.framework in Frameworks */,
				D773074517AB41E4FB4BA00F /* AVKit.framework in Frameworks */,
				E4EE92A188FB0375F8B184AF /* MediaPlayer.framework in Frameworks */,
				0A84FB8D85D54F4FADFE40D1 /* BackgroundTasks.framework in Frameworks */,
				6EE402EA49F2830EBD1F44F7 /* UserNotifications.framework in Frameworks */,
				DB791FD19B5064ADC1DC96FB /* CloudKit.framework in Frameworks */,
				7979C37CADA5866EC470BD68 /* GRDB in Frameworks */,
			);
			runOnlyForDeploymentPostprocessing = 0;
		};
/* End PBXFrameworksBuildPhase section */

/* Begin PBXGroup section */
		00CFC9C232DD35DC2B54EE80 /* 4b */ = {
			isa = PBXGroup;
			children = (
				E16CD4C25E2921FD0D1EA74F /* 6fbfec8c288b573e4c66551c0055e1c5f53a00 */,
			);
			path = 4b;
			sourceTree = "<group>";
		};
		00D4F540D362E5C437A07660 /* AppIcon */ = {
			isa = PBXGroup;
			children = (
				6BB657BA8CD0E083B65CB037 /* autohop-icon-v1.svg */,
			);
			path = AppIcon;
			sourceTree = "<group>";
		};
		02D251BA210EFD10FA6DF618 /* refs */ = {
			isa = PBXGroup;
			children = (
				DCB90FBF4912D1091569FA91 /* heads */,
				6403FDFDE9426CF1178C0EB4 /* remotes */,
			);
			path = refs;
			sourceTree = "<group>";
		};
		03B8456D4F2D3D9B657F1AEF /* ec */ = {
			isa = PBXGroup;
			children = (
				FC92234D962AFF8E65B0929D /* 88d7668ba3596d0563efc5bc6c6b02b51cb1f0 */,
			);
			path = ec;
			sourceTree = "<group>";
		};
		077326354D33D6B84DA469B1 /* origin */ = {
			isa = PBXGroup;
			children = (
				5CD54AF3D3CDAAA62F04DB6B /* HEAD */,
				3A667BB5E8B78C60D833E89F /* icloud-sync */,
				6AB6650EF3B971C5C6359C5A /* main */,
			);
			path = origin;
			sourceTree = "<group>";
		};
		0AF167C487EB5BB6EFCB33C8 /* 77 */ = {
			isa = PBXGroup;
			children = (
				BFD9E9E931704DF4290BD480 /* bff0c88a41135d89ba50b14b0feec0190b9a86 */,
			);
			path = 77;
			sourceTree = "<group>";
		};
		0DE67749CFCC62D386C70600 /* logs */ = {
			isa = PBXGroup;
			children = (
				38CD7D621CF0A6E82AD16358 /* HEAD */,
				02D251BA210EFD10FA6DF618 /* refs */,
			);
			path = logs;
			sourceTree = "<group>";
		};
		0FB787000FF8C22F2D963069 /* da */ = {
			isa = PBXGroup;
			children = (
				12A812397E81051ABE3168CD /* a34761788eb55d922b663ea3e57a06e286c3f1 */,
			);
			path = da;
			sourceTree = "<group>";
		};
		13C7EA11137670854FEB33C6 /* 32 */ = {
			isa = PBXGroup;
			children = (
				3CB8E55D9AEE5ABB6898D0FB /* 430ea16f048dafe55b6152f34daf23712ee709 */,
			);
			path = 32;
			sourceTree = "<group>";
		};
		1824F46CE9D170D3E5A57D75 /* 23 */ = {
			isa = PBXGroup;
			children = (
				22C8E0701EBFB6771F2DE276 /* ae6bbdda1f132612c1937f1a61dcfa3c617a5d */,
			);
			path = 23;
			sourceTree = "<group>";
		};
		1EB1688D27DFE7E0F8F35E12 /* Frameworks */ = {
			isa = PBXGroup;
			children = (
				6A5A6DDE8961134FE0682A54 /* AVFoundation.framework */,
				6B362EFA83BC4FBE3A07CD37 /* AVKit.framework */,
				972F5B85D493E589CE300EC9 /* BackgroundTasks.framework */,
				FBEF0B3559845D81A1BFFB69 /* CloudKit.framework */,
				152B0D52BCB62FC71DA063EC /* MediaPlayer.framework */,
				253ABEDC0F34FCD44A3287B3 /* UserNotifications.framework */,
			);
			name = Frameworks;
			sourceTree = "<group>";
		};
		203F4EFBF777614730C022AD /* e5 */ = {
			isa = PBXGroup;
			children = (
				FB8CE04CA2DDA6CB00856312 /* 60220c4e44f3491e8a1bf237e2dd05319decfb */,
			);
			path = e5;
			sourceTree = "<group>";
		};
		227FEAA10BEA537A35DD5278 /* 14 */ = {
			isa = PBXGroup;
			children = (
				934C4B70212D2482878BF74B /* 79dfb7f9b04379afcd0367265f691a14e9b2a4 */,
			);
			path = 14;
			sourceTree = "<group>";
		};
		22869433C8E33F3F52A0401F /* 34 */ = {
			isa = PBXGroup;
			children = (
				3FACAF19D3A204166AD0A800 /* 17cffd4b9298589a1715bc6b4d989429a81f80 */,
			);
			path = 34;
			sourceTree = "<group>";
		};
		2A6B36EE44FB2631618BE232 /* Design */ = {
			isa = PBXGroup;
			children = (
				00D4F540D362E5C437A07660 /* AppIcon */,
			);
			path = Design;
			sourceTree = "<group>";
		};
		2DEDE9350DEB11C0D41ACB50 /* Views */ = {
			isa = PBXGroup;
			children = (
				BCFC591DB2F94F3B9CD1B653 /* AcknowledgementsView.swift */,
				AB5C2524C530DA21A6495034 /* AddFeedView.swift */,
				9ED876B306752D5EC2F481E6 /* AudioRoutePickerView.swift */,
				04DF907C44AFC3ED0F072C5B /* CachedArtworkImage.swift */,
				E4B8E5DB8DBB9C0533B1C7C8 /* DiagnosticLogView.swift */,
				633574BB70D7788B90B0BDE9 /* DiscoverView.swift */,
				FBD740613B06C339DC75500D /* DownloadsView.swift */,
				0C042AA076339C9CFF61E388 /* EpisodeBadges.swift */,
				545F198A01DC29E823B37A4F /* EpisodeShareCardView.swift */,
				EDC1CA94E706E91930167D9F /* EpisodeShareSheet.swift */,
				DB2ED604AA0A6EB3A81D6405 /* MenuSheetView.swift */,
				F0A3E0382684E30C54800563 /* NativeVideoPlayerView.swift */,
				BB4220919178A3ECDE7D03CF /* NotificationSettingsView.swift */,
				5CF13A2502B3E5F81C7C7AD6 /* OPMLDocument.swift */,
				37C2D2BA2408F2EF182B3B32 /* PlayerView.swift */,
				9B26404DFDADDE7CD73968A8 /* PodcastSearchView.swift */,
				7AB0B44C31CC81B5877BE5EF /* PodcastsView.swift */,
				CA5E51118F25B1259016B282 /* QueueSheetView.swift */,
				A314D3A788F1F62E2CC094A5 /* RootView.swift */,
				E4640CA53FD6C9A99BBE0875 /* SettingsView.swift */,
				C02B3CAC7E8D6D1B67E22215 /* SleepScheduleView.swift */,
				14DF66C0C501F07FFA8E90B1 /* SleepTimerSheetView.swift */,
				302ED5C15F04FA1D1453D26F /* StatsView.swift */,
				35748B243B085DB0E3E0076F /* SubscriptionSettingsView.swift */,
				2A7E25B19C8E70DF788BDA18 /* SupportContent.swift */,
				EFF7CF11EF28BCAC4E54C4FB /* SupportView.swift */,
			);
			path = Views;
			sourceTree = "<group>";
		};
		2EE124206E5341AA08D97EA6 /* origin */ = {
			isa = PBXGroup;
			children = (
				6334B82D87CB1702EBBFA7D2 /* HEAD */,
				35CBB8EF6C6B99FA4E00949D /* icloud-sync */,
				CE0A079BEFCE751C848D6AC7 /* main */,
			);
			path = origin;
			sourceTree = "<group>";
		};
		31DB749A565FE47FF1836AC0 /* e3 */ = {
			isa = PBXGroup;
			children = (
				8E7984BA6AC855486642A4AA /* ebc04fe72186288d62387fa314464ffee4902f */,
			);
			path = e3;
			sourceTree = "<group>";
		};
		3224171D34480ABDB481A009 /* fe */ = {
			isa = PBXGroup;
			children = (
				84A9EC53FE6448B46BEAB716 /* 9a6e76d8df354bb154c25c10a49e4076e86dc8 */,
			);
			path = fe;
			sourceTree = "<group>";
		};
		33B36CEA2BF6FD750A341969 /* 92 */ = {
			isa = PBXGroup;
			children = (
				6405B89D0079F27E137EAB1B /* 3542b19d0192926a097a9fa836b4440455a4a5 */,
			);
			path = 92;
			sourceTree = "<group>";
		};
		372D4F1DA1EAFFD7494FDE10 /* e6 */ = {
			isa = PBXGroup;
			children = (
				11E264E1CFC5C1C9F10057DC /* 2f2c8bfc53a01c4481a2b4f43dcad7cfff39d9 */,
			);
			path = e6;
			sourceTree = "<group>";
		};
		39CC28EF7EA88DA9903413A9 /* 84 */ = {
			isa = PBXGroup;
			children = (
				F71B692167F4E28CF955B3D6 /* 2bbcc9b2c838c2d6e018b84b2cacdd8506175d */,
			);
			path = 84;
			sourceTree = "<group>";
		};
		3DA6AD6E40140243E3D88764 /* Models */ = {
			isa = PBXGroup;
			children = (
				6DA24333B81A1F45C674024C /* AppSettings.swift */,
				1F2EF890D48B249CD312B14C /* Chapter.swift */,
				683993894FA5CDEC33131BAF /* Episode.swift */,
				0568C9279524F4C877719CB5 /* ListeningHistory.swift */,
				116B0991A291DB3826111098 /* PlaybackPreference.swift */,
				DB498E27325745DCAFDCDF5A /* Subscription.swift */,
				3027D04C8528CF33139935C8 /* Synced.swift */,
				BA7CFA3B7A377420EF2AAD05 /* SyncState.swift */,
			);
			path = Models;
			sourceTree = "<group>";
		};
		3F164891D17E11970E7B754A /* fb */ = {
			isa = PBXGroup;
			children = (
				30B16929C6739EB6406E3B70 /* 95c113d744421d219683ead9946c838db3aca9 */,
			);
			path = fb;
			sourceTree = "<group>";
		};
		412230A53005C2D7764390D8 /* 60 */ = {
			isa = PBXGroup;
			children = (
				90F7DF72C8A1316032ABF8BB /* ca776e800d27aeee3a3660a9eca04270097f62 */,
			);
			path = 60;
			sourceTree = "<group>";
		};
		4251A45B13472B5F780F79A2 /* Tests */ = {
			isa = PBXGroup;
			children = (
				AC0E27B081F89588CF256B08 /* CloudKitSyncMappingTests.swift */,
				E2D5A368146F470AC4791427 /* HistorySyncTests.swift */,
				5236469AA77DC26F64274B57 /* RemoteEpisodeApplyTests.swift */,
				1EE50021DF85C88351E2E401 /* RSSParserTests.swift */,
				BF806332BDF9F668DC2A4166 /* StatsSyncTests.swift */,
				860B5ED3812C915B243F074F /* SubscriptionSyncTests.swift */,
				46CF89DF15A4D2CDDF676EC0 /* SyncStateTests.swift */,
				95B178D38DBA55412674733E /* Fixtures */,
			);
			path = Tests;
			sourceTree = "<group>";
		};
		48D329F4BCFDDCC67F1C3A5E /* NowPlaying */ = {
			isa = PBXGroup;
			children = (
				31EB5D4327A2A02FC9F88ACF /* NowPlayingService.swift */,
			);
			path = NowPlaying;
			sourceTree = "<group>";
		};
		49B0C2DC99DE41082C19166D /* dd */ = {
			isa = PBXGroup;
			children = (
				0EEFBB39218E4B07B30DEF94 /* 8f442f0cbf74d015be3f868e528772d7e92eed */,
			);
			path = dd;
			sourceTree = "<group>";
		};
		4BA42454336738B193DF0583 /* 55 */ = {
			isa = PBXGroup;
			children = (
				AC732D74284B18712FC712D1 /* 1abfcf3a900475a7f31ecbd785d3ebc3756a25 */,
				585A8A3237B7FBB07D78ADB0 /* d5092ff12f673d2bb14eaa0808628402f51d3f */,
			);
			path = 55;
			sourceTree = "<group>";
		};
		4D6D9510926F37959A3AF489 /* Downloads */ = {
			isa = PBXGroup;
			children = (
				9722A18CD9E100A7A5763C41 /* DownloadActivityStore.swift */,
				E5DAC7F5458F913394B197DF /* DownloadManager.swift */,
			);
			path = Downloads;
			sourceTree = "<group>";
		};
		52C85B7B11A7B77E806FEEBE /* Feeds */ = {
			isa = PBXGroup;
			children = (
				D4085481A5FB344177B51FA3 /* EpisodeFeedLoader.swift */,
				4131E590B934F14C0BAE6997 /* FeedPreviewViewModel.swift */,
				C44B088E668A73445F8D13B4 /* FeedService.swift */,
				016F1F5D536EEC59138B6CDE /* OPMLService.swift */,
				FAF6869CDF5E12D17427C2D2 /* ParsedFeed.swift */,
				77C60EE74A8B213D9CAE978C /* PodcastCharts.swift */,
				3976B164B99940414D5413E2 /* PodcastSearch.swift */,
				3565F21462B26325EB4EB477 /* RSSParser.swift */,
			);
			path = Feeds;
			sourceTree = "<group>";
		};
		55EEB414AE54FEA958546C28 /* 0f */ = {
			isa = PBXGroup;
			children = (
				A8314C5B02DD1C70AB28B2BE /* 085e51f3933deb6c0f1778755415d9ff100a7c */,
			);
			path = 0f;
			sourceTree = "<group>";
		};
		58A2255EDD288A347FBC6110 /* 04 */ = {
			isa = PBXGroup;
			children = (
				C591B19F27ADEA3C893968E3 /* ecb55f5f396592eb27c0869eb29c265928e9b0 */,
			);
			path = 04;
			sourceTree = "<group>";
		};
		58F8EAF2D976ED7A280682E3 /* objects */ = {
			isa = PBXGroup;
			children = (
				55EEB414AE54FEA958546C28 /* 0f */,
				5F63B8D5BA3A7F9E3F31C932 /* 1e */,
				5FD06ECEF2007654A21E2455 /* 2b */,
				E157A3E22862CE56DEC92505 /* 2c */,
				E001C96D055A7156A9616598 /* 3b */,
				A52170E12CCCF2919CC0A989 /* 3c */,
				58A2255EDD288A347FBC6110 /* 04 */,
				00CFC9C232DD35DC2B54EE80 /* 4b */,
				A396F3C26CD9183CCDE3E6FA /* 7e */,
				E5816C705DCADD1C35052F4E /* 09 */,
				867EAFBEECF6C7F94E80A9D0 /* 11 */,
				227FEAA10BEA537A35DD5278 /* 14 */,
				EA133F154C4D8C39C9FDB374 /* 18 */,
				92B2745F32288E09CF82035B /* 19 */,
				1824F46CE9D170D3E5A57D75 /* 23 */,
				13C7EA11137670854FEB33C6 /* 32 */,
				22869433C8E33F3F52A0401F /* 34 */,
				93ADE7A8CDCF9C34B5463A35 /* 36 */,
				4BA42454336738B193DF0583 /* 55 */,
				967D78BB5475EF7FE6929920 /* 56 */,
				B7CAAB3C5AFA560C35BBF69B /* 57 */,
				412230A53005C2D7764390D8 /* 60 */,
				852F619AF578D66172AA8EA2 /* 63 */,
				0AF167C487EB5BB6EFCB33C8 /* 77 */,
				39CC28EF7EA88DA9903413A9 /* 84 */,
				664D5678BC256DF91A0A8B2F /* 86 */,
				33B36CEA2BF6FD750A341969 /* 92 */,
				C7854A3B79E5FF343A92A8B1 /* a5 */,
				B3549264698D71D22A6F8BBD /* a8 */,
				D32F9B92CF16EC96F793F51F /* aa */,
				FCB9B0603B75A7CC1C363E8B /* ab */,
				F96244B9D85297017A19492B /* ad */,
				C29D3C9116A49EDDF7849DAE /* af */,
				90A59EE62C7AFC6B270FF5AD /* b2 */,
				A2443F8AF397C03BF9D2ABF7 /* b5 */,
				CD8662650B2699AE2DF1F13E /* ca */,
				59F57A63E8BFB5BD6D0105F3 /* cd */,
				EE1ACA700A8C46214251FCC6 /* cf */,
				C5B826E68F95D07E67516FDE /* d0 */,
				D3AE234A4D92247A196D5059 /* d6 */,
				B7FA554B14BFE0985767B5C0 /* d8 */,
				0FB787000FF8C22F2D963069 /* da */,
				49B0C2DC99DE41082C19166D /* dd */,
				31DB749A565FE47FF1836AC0 /* e3 */,
				D684E33F4B8277DD53C082A4 /* e4 */,
				203F4EFBF777614730C022AD /* e5 */,
				372D4F1DA1EAFFD7494FDE10 /* e6 */,
				9E248A3DB8983F4A20BAD41F /* e9 */,
				03B8456D4F2D3D9B657F1AEF /* ec */,
				9CEC439730C9041A8C4BAF4C /* fa */,
				3F164891D17E11970E7B754A /* fb */,
				3224171D34480ABDB481A009 /* fe */,
				9DC296543BA2C441B2A821E1 /* ff */,
				AA966049CDF001DE150FCB33 /* pack */,
			);
			path = objects;
			sourceTree = "<group>";
		};
		59F57A63E8BFB5BD6D0105F3 /* cd */ = {
			isa = PBXGroup;
			children = (
				B1C516462E6B48AE56213C54 /* 9873e14d70dad906e0a816fd058f41909c1b37 */,
			);
			path = cd;
			sourceTree = "<group>";
		};
		5F63B8D5BA3A7F9E3F31C932 /* 1e */ = {
			isa = PBXGroup;
			children = (
				3DB13F3FBFFC18E08BDA7E02 /* 444917e1d63aa3eee981d4ec838ab38a94d4b9 */,
				322B83AAD485B330910F3A48 /* b0b3d549c1ffd0c79c93d7e426fb83066e0abd */,
			);
			path = 1e;
			sourceTree = "<group>";
		};
		5FD06ECEF2007654A21E2455 /* 2b */ = {
			isa = PBXGroup;
			children = (
				FE5E90724CD711226DD18FCF /* b80954e0029635fd741deb007f4c766851dcc6 */,
			);
			path = 2b;
			sourceTree = "<group>";
		};
		611AFE5CCAD3FEEE3265DE4A /* remotes */ = {
			isa = PBXGroup;
			children = (
				077326354D33D6B84DA469B1 /* origin */,
			);
			path = remotes;
			sourceTree = "<group>";
		};
		6403FDFDE9426CF1178C0EB4 /* remotes */ = {
			isa = PBXGroup;
			children = (
				2EE124206E5341AA08D97EA6 /* origin */,
			);
			path = remotes;
			sourceTree = "<group>";
		};
		664D5678BC256DF91A0A8B2F /* 86 */ = {
			isa = PBXGroup;
			children = (
				4263ED7A9C36A19319AE6A4E /* b17eefabf969cabfeaaa6b5f69dbabf38e81e6 */,
			);
			path = 86;
			sourceTree = "<group>";
		};
		69BF1FD49601E7C3CEA29E01 /* Stats */ = {
			isa = PBXGroup;
			children = (
				C8A87E5CAFBEC53B16857055 /* ShowEngagementAnalyzer.swift */,
			);
			path = Stats;
			sourceTree = "<group>";
		};
		7012122AF80BE6512A9C2E7C /* Settings */ = {
			isa = PBXGroup;
			children = (
				3F4F72C26B5F410F644B0050 /* SettingsViewModel.swift */,
			);
			path = Settings;
			sourceTree = "<group>";
		};
		7443724296D235E2B9B76A2E = {
			isa = PBXGroup;
			children = (
				9FB7D80AE1431369B2887C38 /* .git */,
				880172BFC198BC86B5F2126B /* App */,
				D79F29C26632FE7C4D15AA1D /* Chapters */,
				2A6B36EE44FB2631618BE232 /* Design */,
				4D6D9510926F37959A3AF489 /* Downloads */,
				52C85B7B11A7B77E806FEEBE /* Feeds */,
				85B81B9EDC95F508522C01A8 /* Logging */,
				3DA6AD6E40140243E3D88764 /* Models */,
				824FE759875B33A25A3B9144 /* Notifications */,
				48D329F4BCFDDCC67F1C3A5E /* NowPlaying */,
				8FACFB33114E1521E918D3F6 /* Persistence */,
				AE9FF3143C16A4CF5AF88B70 /* Playback */,
				B1A78271B86DD0F288D70410 /* Queue */,
				7012122AF80BE6512A9C2E7C /* Settings */,
				69BF1FD49601E7C3CEA29E01 /* Stats */,
				4251A45B13472B5F780F79A2 /* Tests */,
				2DEDE9350DEB11C0D41ACB50 /* Views */,
				1EB1688D27DFE7E0F8F35E12 /* Frameworks */,
				E3923884C95475B59D26CAED /* Products */,
			);
			sourceTree = "<group>";
		};
		824FE759875B33A25A3B9144 /* Notifications */ = {
			isa = PBXGroup;
			children = (
				5014A13278DFD204DFD0007C /* NotificationService.swift */,
			);
			path = Notifications;
			sourceTree = "<group>";
		};
		852F619AF578D66172AA8EA2 /* 63 */ = {
			isa = PBXGroup;
			children = (
				45E3E9521C405F5F1F2D281F /* b251e7492e962ba311ddc47886b871dc1ac166 */,
				ED58E57C5F7D11C3B049348F /* e027ca894054aae8f59739101443939c5ebca8 */,
			);
			path = 63;
			sourceTree = "<group>";
		};
		85B81B9EDC95F508522C01A8 /* Logging */ = {
			isa = PBXGroup;
			children = (
				3125C204FC44E2136A76414C /* AppLogger.swift */,
				D7F7A3AB78DEBAF5DF666016 /* ResourceMonitor.swift */,
			);
			path = Logging;
			sourceTree = "<group>";
		};
		867EAFBEECF6C7F94E80A9D0 /* 11 */ = {
			isa = PBXGroup;
			children = (
				311E438C141A2D9E95767699 /* d2e17feffc86942462c4b3e771b854b3333235 */,
			);
			path = 11;
			sourceTree = "<group>";
		};
		880172BFC198BC86B5F2126B /* App */ = {
			isa = PBXGroup;
			children = (
				D54CE5E93B8D748F0F9A0F2A /* AppDelegate.swift */,
				21BC32637767178331176C36 /* AppState.swift */,
				24917C9633C17930928857C5 /* AutohopApp.swift */,
				0EC29E0D6933DB9FB1CD44AA /* BackgroundTaskCoordinator.swift */,
			);
			path = App;
			sourceTree = "<group>";
		};
		8FA111565575DA81008BD89C /* info */ = {
			isa = PBXGroup;
			children = (
				EF4124E184CBCE4AD2F03507 /* exclude */,
			);
			path = info;
			sourceTree = "<group>";
		};
		8FACFB33114E1521E918D3F6 /* Persistence */ = {
			isa = PBXGroup;
			children = (
				D6CD09722CF511495FBD886F /* AutohopDatabase.swift */,
				0B9A4F7DEA726E7CB7EB5506 /* CloudKitSyncMapping.swift */,
				347E5DA5762F15B832B17049 /* CloudSyncEngine.swift */,
				E808A5060C4721B470695C1A /* ListeningStatsStore.swift */,
				DEDA523B5BEADDB7ED7CC077 /* SettingsStore.swift */,
				017E7C8820A88C4A080084E2 /* SubscriptionStore.swift */,
			);
			path = Persistence;
			sourceTree = "<group>";
		};
		90A59EE62C7AFC6B270FF5AD /* b2 */ = {
			isa = PBXGroup;
			children = (
				71268A027D972BCC25D38356 /* 14e6751dc536bea608c331a15a199e2b798034 */,
			);
			path = b2;
			sourceTree = "<group>";
		};
		92B2745F32288E09CF82035B /* 19 */ = {
			isa = PBXGroup;
			children = (
				BA765CE9C9C914634E082114 /* 6580d4a73b357aa0cc45eb97e45b26016287a3 */,
			);
			path = 19;
			sourceTree = "<group>";
		};
		93ADE7A8CDCF9C34B5463A35 /* 36 */ = {
			isa = PBXGroup;
			children = (
				E42BDF42FD99228B660B08A4 /* 81ba956ba538f001c09204e27f47f37082cbe1 */,
			);
			path = 36;
			sourceTree = "<group>";
		};
		95B178D38DBA55412674733E /* Fixtures */ = {
			isa = PBXGroup;
			children = (
				1669AC404FB7A65C54DF4052 /* ABCBreakfastSampleFeed.xml */,
				ADAF490F6714132C813C0E00 /* ThreeAWMelbourneNewsSampleFeed.xml */,
			);
			path = Fixtures;
			sourceTree = "<group>";
		};
		967D78BB5475EF7FE6929920 /* 56 */ = {
			isa = PBXGroup;
			children = (
				342F2755762F83461DD5FDAD /* 08361ace9d64a6027d2953f31cf353333bf2e3 */,
			);
			path = 56;
			sourceTree = "<group>";
		};
		9CEC439730C9041A8C4BAF4C /* fa */ = {
			isa = PBXGroup;
			children = (
				9B59BA146F26C7399BC5D357 /* 989ae94961313e7647a4bba87c6035bea01478 */,
			);
			path = fa;
			sourceTree = "<group>";
		};
		9DC296543BA2C441B2A821E1 /* ff */ = {
			isa = PBXGroup;
			children = (
				B0D5840FBC0BDFD10C980B32 /* 8a2cab6cb1bc890d9e51cf969132e599797331 */,
			);
			path = ff;
			sourceTree = "<group>";
		};
		9E248A3DB8983F4A20BAD41F /* e9 */ = {
			isa = PBXGroup;
			children = (
				D9402EA64746B9CCF6E057D7 /* 084c159a473a86cafc6e3d422b72e953bfd7eb */,
			);
			path = e9;
			sourceTree = "<group>";
		};
		9FB7D80AE1431369B2887C38 /* .git */ = {
			isa = PBXGroup;
			children = (
				3BC0C1A3D0396C4F6C26C552 /* COMMIT_EDITMSG */,
				CFB58F0EC8BB8F6C69D227C0 /* config */,
				F7D5C95243631899B5A71811 /* description */,
				9B4EA78605AFFEAB02ECB83A /* FETCH_HEAD */,
				6FEB2F48F7ABA85292A2304E /* HEAD */,
				A8DDB61E2621D151D1D40ADC /* index */,
				8307CF011A814A0E47C7E3A1 /* packed-refs */,
				A224EE62C0714CF269A30BA5 /* hooks */,
				8FA111565575DA81008BD89C /* info */,
				0DE67749CFCC62D386C70600 /* logs */,
				58F8EAF2D976ED7A280682E3 /* objects */,
				D4BBD0167898710E8CD6E49C /* refs */,
			);
			path = .git;
			sourceTree = "<group>";
		};
		A224EE62C0714CF269A30BA5 /* hooks */ = {
			isa = PBXGroup;
			children = (
				F239C11C2AF20D9B947A211E /* applypatch-msg.sample */,
				40E52134475EA385FD0695BD /* commit-msg.sample */,
				450D8D5EE383979D6BDBCABB /* fsmonitor-watchman.sample */,
				53699A6617323757A504D629 /* post-update.sample */,
				5DB7ED642E803B0F206ADAB9 /* pre-applypatch.sample */,
				ABE8910EB09711E844F60A5A /* pre-commit.sample */,
				8E2B24699CC9F4509A22F0B5 /* pre-merge-commit.sample */,
				DF23B5ED8975DF35770A39D6 /* pre-push.sample */,
				067F7584616470C84C58120C /* pre-rebase.sample */,
				469194259EBE6123611AA499 /* pre-receive.sample */,
				E7C7661D58EE1811242100DA /* prepare-commit-msg.sample */,
				55DC2371F78FCCD26F102A59 /* push-to-checkout.sample */,
				CB905A9BC8E2D10E8B4EB156 /* sendemail-validate.sample */,
				C91858CB121630203956D0E5 /* update.sample */,
			);
			path = hooks;
			sourceTree = "<group>";
		};
		A2443F8AF397C03BF9D2ABF7 /* b5 */ = {
			isa = PBXGroup;
			children = (
				137C2523B2901F6EBC511D8A /* 67979d97b07bb0238f3ab2497e586d96c8f93b */,
			);
			path = b5;
			sourceTree = "<group>";
		};
		A396F3C26CD9183CCDE3E6FA /* 7e */ = {
			isa = PBXGroup;
			children = (
				102F97A366885102CA4A8AFB /* e1cd205a8f064b577230ca908c37c044d4d13f */,
			);
			path = 7e;
			sourceTree = "<group>";
		};
		A52170E12CCCF2919CC0A989 /* 3c */ = {
			isa = PBXGroup;
			children = (
				F9A2E248EE2F60A67B585887 /* bd2e3261cec6554adf620e5d112e06f324a353 */,
			);
			path = 3c;
			sourceTree = "<group>";
		};
		AA966049CDF001DE150FCB33 /* pack */ = {
			isa = PBXGroup;
			children = (
				1418167249246299C85D142A /* pack-a4a5452f4a26972dc2686456116554ac5a725bc5.idx */,
				17E772B8D27407DAB489AACD /* pack-a4a5452f4a26972dc2686456116554ac5a725bc5.pack */,
				F70E92CF93C5DA273135C5E4 /* pack-a4a5452f4a26972dc2686456116554ac5a725bc5.rev */,
			);
			path = pack;
			sourceTree = "<group>";
		};
		AE9FF3143C16A4CF5AF88B70 /* Playback */ = {
			isa = PBXGroup;
			children = (
				16FD6DE750266E615081EA09 /* PlaybackEngine.swift */,
				6CE8C5CD51F36B650901B3F2 /* SilenceDetector.swift */,
				07E83796C882D3674FA7F0C8 /* SleepScheduleService.swift */,
				D5BAF0C68369211734ECE384 /* SleepTimerService.swift */,
			);
			path = Playback;
			sourceTree = "<group>";
		};
		B1A78271B86DD0F288D70410 /* Queue */ = {
			isa = PBXGroup;
			children = (
				5843E176F77CC6DC4B9EDA8B /* QueueService.swift */,
			);
			path = Queue;
			sourceTree = "<group>";
		};
		B3549264698D71D22A6F8BBD /* a8 */ = {
			isa = PBXGroup;
			children = (
				390268CFD95D1EFA261AE692 /* b4661e42e75e7bfc75bcec2d67e5f4a3d0f304 */,
			);
			path = a8;
			sourceTree = "<group>";
		};
		B7CAAB3C5AFA560C35BBF69B /* 57 */ = {
			isa = PBXGroup;
			children = (
				0AC5E69487E8E4E62CF5B941 /* 2e5e80e07c29c4f5be2d16e7bb434c09ed4b48 */,
			);
			path = 57;
			sourceTree = "<group>";
		};
		B7FA554B14BFE0985767B5C0 /* d8 */ = {
			isa = PBXGroup;
			children = (
				EE7D3E110C473B0DC6C172B6 /* 1650290b58f34dcd86f7c2a2b25112e239a2b5 */,
			);
			path = d8;
			sourceTree = "<group>";
		};
		C29D3C9116A49EDDF7849DAE /* af */ = {
			isa = PBXGroup;
			children = (
				C43B63882496865607CE74E8 /* 2ad8269dbf7431f3e4c137a89c2b8de99e0c56 */,
			);
			path = af;
			sourceTree = "<group>";
		};
		C5B826E68F95D07E67516FDE /* d0 */ = {
			isa = PBXGroup;
			children = (
				6BC2DA235CA0911EAC4535B5 /* 832faa25eddaec22a81803124cd1559caaf73b */,
			);
			path = d0;
			sourceTree = "<group>";
		};
		C7854A3B79E5FF343A92A8B1 /* a5 */ = {
			isa = PBXGroup;
			children = (
				1ECF1FFA53F5E59621BD1901 /* 0c20191f1e6ccb15cf4494c4db233821bfee57 */,
			);
			path = a5;
			sourceTree = "<group>";
		};
		CD8662650B2699AE2DF1F13E /* ca */ = {
			isa = PBXGroup;
			children = (
				388A1C51E13BACFDD19B7AE2 /* 4649069e24a591a602bfad2bc56e769c586b6e */,
			);
			path = ca;
			sourceTree = "<group>";
		};
		D32F9B92CF16EC96F793F51F /* aa */ = {
			isa = PBXGroup;
			children = (
				19CE4712848A0C58ADE2A592 /* 05f56b562b124578a090289e4c98df101ea969 */,
			);
			path = aa;
			sourceTree = "<group>";
		};
		D38727EBCDE5436B5B739D56 /* heads */ = {
			isa = PBXGroup;
			children = (
				646F40A31B734F2FBC45F106 /* icloud-sync */,
				95894D9B8DCB8239FF0A74ED /* main */,
			);
			path = heads;
			sourceTree = "<group>";
		};
		D3AE234A4D92247A196D5059 /* d6 */ = {
			isa = PBXGroup;
			children = (
				1A740E24D6D5036B9AE92CCA /* 7999553e9374edb4565e4108489b50986e93c7 */,
			);
			path = d6;
			sourceTree = "<group>";
		};
		D4BBD0167898710E8CD6E49C /* refs */ = {
			isa = PBXGroup;
			children = (
				D38727EBCDE5436B5B739D56 /* heads */,
				611AFE5CCAD3FEEE3265DE4A /* remotes */,
			);
			path = refs;
			sourceTree = "<group>";
		};
		D684E33F4B8277DD53C082A4 /* e4 */ = {
			isa = PBXGroup;
			children = (
				14E2A5D4606D6CABD6C82EE5 /* da0955a0ba3cccd589daad32d133bc5a330b2b */,
			);
			path = e4;
			sourceTree = "<group>";
		};
		D79F29C26632FE7C4D15AA1D /* Chapters */ = {
			isa = PBXGroup;
			children = (
				B89A48F1CC784F17C10C516E /* ChapterService.swift */,
			);
			path = Chapters;
			sourceTree = "<group>";
		};
		DCB90FBF4912D1091569FA91 /* heads */ = {
			isa = PBXGroup;
			children = (
				6133FFBAB31468EC1C72C4F5 /* icloud-sync */,
				D05CB54DF3C92B3F6F9FAB56 /* main */,
			);
			path = heads;
			sourceTree = "<group>";
		};
		E001C96D055A7156A9616598 /* 3b */ = {
			isa = PBXGroup;
			children = (
				8B80C9C74B8280A7E2246873 /* 253a415988d28f3ce657866488dc3c06410a11 */,
			);
			path = 3b;
			sourceTree = "<group>";
		};
		E157A3E22862CE56DEC92505 /* 2c */ = {
			isa = PBXGroup;
			children = (
				0D99E1278690BBF5BB9F42C5 /* 18f6b8978b408425dc1f0c3167f28da9fea5d0 */,
			);
			path = 2c;
			sourceTree = "<group>";
		};
		E3923884C95475B59D26CAED /* Products */ = {
			isa = PBXGroup;
			children = (
				37105C01AB41D0EE542AC9C5 /* Autohop.app */,
				8F6BE90CFA13F09C49C4088D /* AutohopTests.xctest */,
			);
			name = Products;
			sourceTree = "<group>";
		};
		E5816C705DCADD1C35052F4E /* 09 */ = {
			isa = PBXGroup;
			children = (
				B86EA003B0FB9EB9D82D57F6 /* df27707014d95205a7359ee5a0fa97b7b14371 */,
			);
			path = 09;
			sourceTree = "<group>";
		};
		EA133F154C4D8C39C9FDB374 /* 18 */ = {
			isa = PBXGroup;
			children = (
				A647A5B4D6BC6743ECD46B04 /* 11684e40cd7eb6607617193461380d47f0165a */,
			);
			path = 18;
			sourceTree = "<group>";
		};
		EE1ACA700A8C46214251FCC6 /* cf */ = {
			isa = PBXGroup;
			children = (
				DF1C26CF8819E029109ACA02 /* 6f7930a5448134340ed2e5e7d2702ed09cd20b */,
			);
			path = cf;
			sourceTree = "<group>";
		};
		F96244B9D85297017A19492B /* ad */ = {
			isa = PBXGroup;
			children = (
				93D3348861E745163C684CB7 /* ab5d100f4d0d953b27962a2cf9bd61d680f962 */,
			);
			path = ad;
			sourceTree = "<group>";
		};
		FCB9B0603B75A7CC1C363E8B /* ab */ = {
			isa = PBXGroup;
			children = (
				8557553A525A17CFE9A9CB6D /* 765c49fcc22a63b380b5f61eeb766590d750cb */,
			);
			path = ab;
			sourceTree = "<group>";
		};
		"TEMP_14BF15B7-8D0D-4FE6-90CE-206B6E373AA6" /* . */ = {
			isa = PBXGroup;
			children = (
				"TEMP_4138810A-5749-410E-8CF7-6D5C8D7E38C2" /* Autohop.xcodeproj */,
				"TEMP_75D8D828-46C0-464E-8ED2-1CFB7AA6DE5E" /* LICENSE */,
				"TEMP_CAD4F366-9609-47F2-B315-CA1DAE0C0008" /* Assets.xcassets */,
				"TEMP_376D4D29-F08A-4AE7-99D9-BC9309B468D0" /* NOTICE */,
				"TEMP_E6BA3654-2439-4813-910C-F89963AFD7F6" /* .gitignore */,
				"TEMP_C21C3E0C-936C-45AE-ACE9-769582434047" /* PrivacyInfo.xcprivacy */,
				"TEMP_874B22A6-3F99-4AAA-AC9E-4E06A65D2881" /* Autohop.entitlements */,
				"TEMP_84B606D3-0CBD-44DB-A79F-B65118440F23" /* Info.plist */,
				7012122AF80BE6512A9C2E7C /* Settings */,
				2A6B36EE44FB2631618BE232 /* Design */,
				880172BFC198BC86B5F2126B /* App */,
				D79F29C26632FE7C4D15AA1D /* Chapters */,
				48D329F4BCFDDCC67F1C3A5E /* NowPlaying */,
				3DA6AD6E40140243E3D88764 /* Models */,
				52C85B7B11A7B77E806FEEBE /* Feeds */,
				AE9FF3143C16A4CF5AF88B70 /* Playback */,
				8FACFB33114E1521E918D3F6 /* Persistence */,
				B1A78271B86DD0F288D70410 /* Queue */,
				9FB7D80AE1431369B2887C38 /* .git */,
				2DEDE9350DEB11C0D41ACB50 /* Views */,
				4D6D9510926F37959A3AF489 /* Downloads */,
				85B81B9EDC95F508522C01A8 /* Logging */,
				824FE759875B33A25A3B9144 /* Notifications */,
				69BF1FD49601E7C3CEA29E01 /* Stats */,
			);
			name = .;
			path = .;
			sourceTree = "<group>";
		};
/* End PBXGroup section */

/* Begin PBXNativeTarget section */
		3C82BC83FCC9F6D3677A8203 /* Autohop */ = {
			isa = PBXNativeTarget;
			buildConfigurationList = 7C43C9E9C8F1BC3BE73549B0 /* Build configuration list for PBXNativeTarget "Autohop" */;
			buildPhases = (
				393A8FA531E11804D6664C4B /* Sources */,
				E75A472A6CCFF4082408C010 /* Resources */,
				C45CBFB6212D921EC5246FC5 /* Frameworks */,
			);
			buildRules = (
			);
			dependencies = (
			);
			name = Autohop;
			packageProductDependencies = (
				C53B1694A3EA3D3CAEA54EC7 /* GRDB */,
			);
			productName = Autohop;
			productReference = 37105C01AB41D0EE542AC9C5 /* Autohop.app */;
			productType = "com.apple.product-type.application";
		};
		739517584853FEFA52A443B6 /* AutohopTests */ = {
			isa = PBXNativeTarget;
			buildConfigurationList = C5E8972017E049B2C52BA491 /* Build configuration list for PBXNativeTarget "AutohopTests" */;
			buildPhases = (
				9B90905C6948A6BE52986509 /* Sources */,
				C51B23931017D79D0E0B9D37 /* Resources */,
			);
			buildRules = (
			);
			dependencies = (
				7E6BF6C2784DEE710F0F37CC /* PBXTargetDependency */,
			);
			name = AutohopTests;
			packageProductDependencies = (
			);
			productName = AutohopTests;
			productReference = 8F6BE90CFA13F09C49C4088D /* AutohopTests.xctest */;
			productType = "com.apple.product-type.bundle.unit-test";
		};
/* End PBXNativeTarget section */

/* Begin PBXProject section */
		259B76BA85D833CCB7251FF0 /* Project object */ = {
			isa = PBXProject;
			attributes = {
				BuildIndependentTargetsInParallel = YES;
				LastUpgradeCheck = 1540;
				TargetAttributes = {
					3C82BC83FCC9F6D3677A8203 = {
						DevelopmentTeam = QT3N6256FG;
						ProvisioningStyle = Automatic;
					};
				};
			};
			buildConfigurationList = E885AF816938E36BA9F69604 /* Build configuration list for PBXProject "Autohop" */;
			developmentRegion = en;
			hasScannedForEncodings = 0;
			knownRegions = (
				Base,
				en,
			);
			mainGroup = 7443724296D235E2B9B76A2E;
			minimizedProjectReferenceProxies = 1;
			packageReferences = (
				C86973903E830F1E3B870293 /* XCRemoteSwiftPackageReference "GRDB.swift" */,
			);
			preferredProjectObjectVersion = 77;
			productRefGroup = E3923884C95475B59D26CAED /* Products */;
			projectDirPath = "";
			projectRoot = "";
			targets = (
				3C82BC83FCC9F6D3677A8203 /* Autohop */,
				739517584853FEFA52A443B6 /* AutohopTests */,
			);
		};
/* End PBXProject section */

/* Begin PBXResourcesBuildPhase section */
		C51B23931017D79D0E0B9D37 /* Resources */ = {
			isa = PBXResourcesBuildPhase;
			buildActionMask = 2147483647;
			files = (
				A305D87E559B997D69CBCD09 /* ABCBreakfastSampleFeed.xml in Resources */,
				7EF5BD8B18180F1FFDD33AB4 /* ThreeAWMelbourneNewsSampleFeed.xml in Resources */,
			);
			runOnlyForDeploymentPostprocessing = 0;
		};
		E75A472A6CCFF4082408C010 /* Resources */ = {
			isa = PBXResourcesBuildPhase;
			buildActionMask = 2147483647;
			files = (
				68E746776B768CC0179B600B /* Assets.xcassets in Resources */,
				C62EF61F25AC60D72DC31DE9 /* Autohop.xcodeproj in Resources */,
				44A1FA7242F2F8D699258A08 /* PrivacyInfo.xcprivacy in Resources */,
				7E76852653000FD61B483808 /* applypatch-msg.sample in Resources */,
				4A1DD78B5074429747B1688F /* autohop-icon-v1.svg in Resources */,
				8EFEE3B80EDE4344C159E3C9 /* commit-msg.sample in Resources */,
				A43E8F56F6EEE968ED070C77 /* fsmonitor-watchman.sample in Resources */,
				DC3314BE5003C69B0883AC62 /* pack-a4a5452f4a26972dc2686456116554ac5a725bc5.idx in Resources */,
				2AB116023A0CFCA72728DFF4 /* pack-a4a5452f4a26972dc2686456116554ac5a725bc5.pack in Resources */,
				A5729B362C8965382EBBD58A /* pack-a4a5452f4a26972dc2686456116554ac5a725bc5.rev in Resources */,
				4BB2870145D62EC5EC8E1361 /* post-update.sample in Resources */,
				3B080D21030249214E014919 /* pre-applypatch.sample in Resources */,
				5368DE11294423B26A4B7C68 /* pre-commit.sample in Resources */,
				901DCFBBB858A640C1417A0E /* pre-merge-commit.sample in Resources */,
				C52B50C9ED0521D3CB879A27 /* pre-push.sample in Resources */,
				FF6B451BB5710C618B152B64 /* pre-rebase.sample in Resources */,
				F2D47A17C005F8F0CD3A045F /* pre-receive.sample in Resources */,
				4AAC5B02774EC4930F27D6B5 /* prepare-commit-msg.sample in Resources */,
				63AA3292E67835C73EDC863B /* push-to-checkout.sample in Resources */,
				B36A05FF57EB14C5A6F3B297 /* sendemail-validate.sample in Resources */,
				F85704E3D0407EC8F8D7B75F /* update.sample in Resources */,
			);
			runOnlyForDeploymentPostprocessing = 0;
		};
/* End PBXResourcesBuildPhase section */

/* Begin PBXSourcesBuildPhase section */
		393A8FA531E11804D6664C4B /* Sources */ = {
			isa = PBXSourcesBuildPhase;
			buildActionMask = 2147483647;
			files = (
				C16D45891DE68CBBC5E8E224 /* AcknowledgementsView.swift in Sources */,
				71E7F0C44A93C801D63C7121 /* AddFeedView.swift in Sources */,
				79C6A1FD80ACA72B5971F816 /* AppDelegate.swift in Sources */,
				33F1DE3CEB3FEBC390925C57 /* AppLogger.swift in Sources */,
				65AAE222862ADC3F71B7E80D /* AppSettings.swift in Sources */,
				1DD2A617647E6CF512A1C6E6 /* AppState.swift in Sources */,
				8FD5834553AE884C392CB049 /* AudioRoutePickerView.swift in Sources */,
				F4049937C764D758D686ED64 /* AutohopApp.swift in Sources */,
				54739E27850EC78ED589F31E /* AutohopDatabase.swift in Sources */,
				48D4BBE905ECB9EA3A78558B /* BackgroundTaskCoordinator.swift in Sources */,
				3EEB38CEB6637E72C972E434 /* CachedArtworkImage.swift in Sources */,
				C5FB42964A305A6CAD31CBCA /* Chapter.swift in Sources */,
				B2D8AA4F677325CBEB0D4784 /* ChapterService.swift in Sources */,
				CD352A8639A1C1984A9BAAF0 /* CloudKitSyncMapping.swift in Sources */,
				0BB782EB43F1B7A4ADCD28ED /* CloudSyncEngine.swift in Sources */,
				1AF9D8609A1601018501E5BD /* DiagnosticLogView.swift in Sources */,
				8D417A97DBFC35F926D93B31 /* DiscoverView.swift in Sources */,
				3C1EC35377A2A5D79B1584DA /* DownloadActivityStore.swift in Sources */,
				1173F747B11839519A673A85 /* DownloadManager.swift in Sources */,
				1566AAE1A6389EDA957F81FF /* DownloadsView.swift in Sources */,
				624D0FBCD19B1302BB804A7E /* Episode.swift in Sources */,
				1B96CE584A074F204180E0DA /* EpisodeBadges.swift in Sources */,
				B0AF83B1F0EB3A7573F5904D /* EpisodeFeedLoader.swift in Sources */,
				EE06D114315111D29A0E738A /* EpisodeShareCardView.swift in Sources */,
				0B57767A3DBA980BED907BD9 /* EpisodeShareSheet.swift in Sources */,
				D982829042569BE85DF9E3BA /* FeedPreviewViewModel.swift in Sources */,
				34D89E97DD5170651921E1E9 /* FeedService.swift in Sources */,
				01A2E2E1755A6FD8202F9963 /* ListeningHistory.swift in Sources */,
				744B566F8CB897CF7C806DC6 /* ListeningStatsStore.swift in Sources */,
				E940BF2B47CC32BF49F1AD09 /* MenuSheetView.swift in Sources */,
				714732757E10CD771CFC6FC7 /* NativeVideoPlayerView.swift in Sources */,
				0DA3199324B6538A1AA0CB55 /* NotificationService.swift in Sources */,
				13CA6FD92A6DC4146A360D0E /* NotificationSettingsView.swift in Sources */,
				9209CC8EEB66F1B2C16094D2 /* NowPlayingService.swift in Sources */,
				EDD91FCF5DCE082CACDF0E2E /* OPMLDocument.swift in Sources */,
				33B562963DD6313B592802F5 /* OPMLService.swift in Sources */,
				DD09006541935702499298DA /* ParsedFeed.swift in Sources */,
				335337163D0A2505CB51E1C0 /* PlaybackEngine.swift in Sources */,
				83A915229022E951DD94E0EB /* PlaybackPreference.swift in Sources */,
				59BDFF3933ED86A7C14C9069 /* PlayerView.swift in Sources */,
				E239E1C1E3C267AC2FB54730 /* PodcastCharts.swift in Sources */,
				F219A8B281E4313EE02BB90A /* PodcastSearch.swift in Sources */,
				E05AFC98E6B1842F1BF4D15D /* PodcastSearchView.swift in Sources */,
				C57E1D3F2D15855909D0F3A2 /* PodcastsView.swift in Sources */,
				90E60676218DF06C64AB3A02 /* QueueService.swift in Sources */,
				C7C054400CFD003E292473C6 /* QueueSheetView.swift in Sources */,
				32612A7A83338C90F88DAB66 /* RSSParser.swift in Sources */,
				076CB6E7151288F67BE3D33B /* ResourceMonitor.swift in Sources */,
				EF1600E98AC2B56C4C400648 /* RootView.swift in Sources */,
				44BEB63E377B429766ABA020 /* SettingsStore.swift in Sources */,
				9135E017CE55B141B15F5738 /* SettingsView.swift in Sources */,
				E3B17E894AF7A054785DDDE8 /* SettingsViewModel.swift in Sources */,
				26AD017DF9A1979B8D111B48 /* ShowEngagementAnalyzer.swift in Sources */,
				B906D18D9FCC95E6F2D41F01 /* SilenceDetector.swift in Sources */,
				95FFFB761A9CE60ACCF92C5F /* SleepScheduleService.swift in Sources */,
				C8EF9CC6249F731DD33A448D /* SleepScheduleView.swift in Sources */,
				D26E2B997A9791A4790F1DD6 /* SleepTimerService.swift in Sources */,
				5F63CE6D30FCE1AF5A8269AD /* SleepTimerSheetView.swift in Sources */,
				FD4EBB3959512A24B22A416D /* StatsView.swift in Sources */,
				0F9ED9645CB156B3BE61DEE6 /* Subscription.swift in Sources */,
				B210DB81D2DA8717E99F54FA /* SubscriptionSettingsView.swift in Sources */,
				9F4594BC013D8842420C917F /* SubscriptionStore.swift in Sources */,
				864AC2465FB83D9BC594AC37 /* SupportContent.swift in Sources */,
				1E678C6F6C451BF5F5A403C9 /* SupportView.swift in Sources */,
				E3380CF1CAF59289183A743F /* SyncState.swift in Sources */,
				120866928DF34B2E17B9D0C4 /* Synced.swift in Sources */,
			);
			runOnlyForDeploymentPostprocessing = 0;
		};
		9B90905C6948A6BE52986509 /* Sources */ = {
			isa = PBXSourcesBuildPhase;
			buildActionMask = 2147483647;
			files = (
				024A67A87428D19197A1641B /* CloudKitSyncMappingTests.swift in Sources */,
				7C336F2FC7117E89325B2A0F /* HistorySyncTests.swift in Sources */,
				2CB94841CBA3715B633E5332 /* RSSParserTests.swift in Sources */,
				9D8CD5C871B7E48DD71A6AD6 /* RemoteEpisodeApplyTests.swift in Sources */,
				70F6C3BE4167056AC22246AB /* StatsSyncTests.swift in Sources */,
				5570158A3C166BF3D53DE8CD /* SubscriptionSyncTests.swift in Sources */,
				84BE71C99454599650753E22 /* SyncStateTests.swift in Sources */,
			);
			runOnlyForDeploymentPostprocessing = 0;
		};
/* End PBXSourcesBuildPhase section */

/* Begin PBXTargetDependency section */
		7E6BF6C2784DEE710F0F37CC /* PBXTargetDependency */ = {
			isa = PBXTargetDependency;
			target = 3C82BC83FCC9F6D3677A8203 /* Autohop */;
			targetProxy = 083E302F20204E858B52B826 /* PBXContainerItemProxy */;
		};
/* End PBXTargetDependency section */

/* Begin XCBuildConfiguration section */
		1F305E134B84A6A3315394E7 /* Debug */ = {
			isa = XCBuildConfiguration;
			buildSettings = {
				ASSETCATALOG_COMPILER_APPICON_NAME = AppIcon;
				ASSETCATALOG_COMPILER_GLOBAL_ACCENT_COLOR_NAME = AccentColor;
				CODE_SIGN_ENTITLEMENTS = Autohop.entitlements;
				CODE_SIGN_IDENTITY = "iPhone Developer";
				CODE_SIGN_STYLE = Automatic;
				CURRENT_PROJECT_VERSION = 1;
				DEBUG_INFORMATION_FORMAT = "dwarf-with-dsym";
				DEVELOPMENT_TEAM = QT3N6256FG;
				INFOPLIST_FILE = Info.plist;
				IPHONEOS_DEPLOYMENT_TARGET = 17.0;
				LD_RUNPATH_SEARCH_PATHS = (
					"$(inherited)",
					"@executable_path/Frameworks",
				);
				MARKETING_VERSION = 1.0;
				PRODUCT_BUNDLE_IDENTIFIER = com.kevinperry.autohop;
				SDKROOT = iphoneos;
				SWIFT_ACTIVE_COMPILATION_CONDITIONS = DEBUG;
				TARGETED_DEVICE_FAMILY = 1;
			};
			name = Debug;
		};
		229600C59CF88494130DD9ED /* Release */ = {
			isa = XCBuildConfiguration;
			buildSettings = {
				BUNDLE_LOADER = "$(TEST_HOST)";
				IPHONEOS_DEPLOYMENT_TARGET = 17.0;
				LD_RUNPATH_SEARCH_PATHS = (
					"$(inherited)",
					"@executable_path/Frameworks",
					"@loader_path/Frameworks",
				);
				PRODUCT_BUNDLE_IDENTIFIER = com.autohop.app.tests;
				SDKROOT = iphoneos;
				TARGETED_DEVICE_FAMILY = "1,2";
				TEST_HOST = "$(BUILT_PRODUCTS_DIR)/Autohop.app/Autohop";
			};
			name = Release;
		};
		5CC764936F48FE827AC3B265 /* Release */ = {
			isa = XCBuildConfiguration;
			buildSettings = {
				ASSETCATALOG_COMPILER_APPICON_NAME = AppIcon;
				ASSETCATALOG_COMPILER_GLOBAL_ACCENT_COLOR_NAME = AccentColor;
				CODE_SIGN_ENTITLEMENTS = Autohop.entitlements;
				CODE_SIGN_IDENTITY = "iPhone Developer";
				CODE_SIGN_STYLE = Automatic;
				CURRENT_PROJECT_VERSION = 1;
				DEBUG_INFORMATION_FORMAT = "dwarf-with-dsym";
				DEVELOPMENT_TEAM = QT3N6256FG;
				INFOPLIST_FILE = Info.plist;
				IPHONEOS_DEPLOYMENT_TARGET = 17.0;
				LD_RUNPATH_SEARCH_PATHS = (
					"$(inherited)",
					"@executable_path/Frameworks",
				);
				MARKETING_VERSION = 1.0;
				PRODUCT_BUNDLE_IDENTIFIER = com.kevinperry.autohop;
				SDKROOT = iphoneos;
				SWIFT_ACTIVE_COMPILATION_CONDITIONS = "";
				SWIFT_COMPILATION_MODE = wholemodule;
				TARGETED_DEVICE_FAMILY = 1;
			};
			name = Release;
		};
		795DEA63467BFC2B286E02DF /* Debug */ = {
			isa = XCBuildConfiguration;
			buildSettings = {
				ALWAYS_SEARCH_USER_PATHS = NO;
				CLANG_ANALYZER_NONNULL = YES;
				CLANG_ANALYZER_NUMBER_OBJECT_CONVERSION = YES_AGGRESSIVE;
				CLANG_CXX_LANGUAGE_STANDARD = "gnu++14";
				CLANG_CXX_LIBRARY = "libc++";
				CLANG_ENABLE_MODULES = YES;
				CLANG_ENABLE_OBJC_ARC = YES;
				CLANG_ENABLE_OBJC_WEAK = YES;
				CLANG_WARN_BLOCK_CAPTURE_AUTORELEASING = YES;
				CLANG_WARN_BOOL_CONVERSION = YES;
				CLANG_WARN_COMMA = YES;
				CLANG_WARN_CONSTANT_CONVERSION = YES;
				CLANG_WARN_DEPRECATED_OBJC_IMPLEMENTATIONS = YES;
				CLANG_WARN_DIRECT_OBJC_ISA_USAGE = YES_ERROR;
				CLANG_WARN_DOCUMENTATION_COMMENTS = YES;
				CLANG_WARN_EMPTY_BODY = YES;
				CLANG_WARN_ENUM_CONVERSION = YES;
				CLANG_WARN_INFINITE_RECURSION = YES;
				CLANG_WARN_INT_CONVERSION = YES;
				CLANG_WARN_NON_LITERAL_NULL_CONVERSION = YES;
				CLANG_WARN_OBJC_IMPLICIT_RETAIN_SELF = YES;
				CLANG_WARN_OBJC_LITERAL_CONVERSION = YES;
				CLANG_WARN_OBJC_ROOT_CLASS = YES_ERROR;
				CLANG_WARN_QUOTED_INCLUDE_IN_FRAMEWORK_HEADER = YES;
				CLANG_WARN_RANGE_LOOP_ANALYSIS = YES;
				CLANG_WARN_STRICT_PROTOTYPES = YES;
				CLANG_WARN_SUSPICIOUS_MOVE = YES;
				CLANG_WARN_UNGUARDED_AVAILABILITY = YES_AGGRESSIVE;
				CLANG_WARN_UNREACHABLE_CODE = YES;
				CLANG_WARN__DUPLICATE_METHOD_MATCH = YES;
				COPY_PHASE_STRIP = NO;
				DEBUG_INFORMATION_FORMAT = dwarf;
				ENABLE_STRICT_OBJC_MSGSEND = YES;
				ENABLE_TESTABILITY = YES;
				GCC_C_LANGUAGE_STANDARD = gnu11;
				GCC_DYNAMIC_NO_PIC = NO;
				GCC_NO_COMMON_BLOCKS = YES;
				GCC_OPTIMIZATION_LEVEL = 0;
				GCC_PREPROCESSOR_DEFINITIONS = (
					"$(inherited)",
					"DEBUG=1",
				);
				GCC_WARN_64_TO_32_BIT_CONVERSION = YES;
				GCC_WARN_ABOUT_RETURN_TYPE = YES_ERROR;
				GCC_WARN_UNDECLARED_SELECTOR = YES;
				GCC_WARN_UNINITIALIZED_AUTOS = YES_AGGRESSIVE;
				GCC_WARN_UNUSED_FUNCTION = YES;
				GCC_WARN_UNUSED_VARIABLE = YES;
				IPHONEOS_DEPLOYMENT_TARGET = 17.0;
				MTL_ENABLE_DEBUG_INFO = INCLUDE_SOURCE;
				MTL_FAST_MATH = YES;
				ONLY_ACTIVE_ARCH = YES;
				PRODUCT_NAME = "$(TARGET_NAME)";
				SDKROOT = iphoneos;
				SWIFT_ACTIVE_COMPILATION_CONDITIONS = DEBUG;
				SWIFT_OPTIMIZATION_LEVEL = "-Onone";
				SWIFT_VERSION = 5.9;
				TARGETED_DEVICE_FAMILY = 1;
			};
			name = Debug;
		};
		96509547F53AA4F33654278B /* Release */ = {
			isa = XCBuildConfiguration;
			buildSettings = {
				ALWAYS_SEARCH_USER_PATHS = NO;
				CLANG_ANALYZER_NONNULL = YES;
				CLANG_ANALYZER_NUMBER_OBJECT_CONVERSION = YES_AGGRESSIVE;
				CLANG_CXX_LANGUAGE_STANDARD = "gnu++14";
				CLANG_CXX_LIBRARY = "libc++";
				CLANG_ENABLE_MODULES = YES;
				CLANG_ENABLE_OBJC_ARC = YES;
				CLANG_ENABLE_OBJC_WEAK = YES;
				CLANG_WARN_BLOCK_CAPTURE_AUTORELEASING = YES;
				CLANG_WARN_BOOL_CONVERSION = YES;
				CLANG_WARN_COMMA = YES;
				CLANG_WARN_CONSTANT_CONVERSION = YES;
				CLANG_WARN_DEPRECATED_OBJC_IMPLEMENTATIONS = YES;
				CLANG_WARN_DIRECT_OBJC_ISA_USAGE = YES_ERROR;
				CLANG_WARN_DOCUMENTATION_COMMENTS = YES;
				CLANG_WARN_EMPTY_BODY = YES;
				CLANG_WARN_ENUM_CONVERSION = YES;
				CLANG_WARN_INFINITE_RECURSION = YES;
				CLANG_WARN_INT_CONVERSION = YES;
				CLANG_WARN_NON_LITERAL_NULL_CONVERSION = YES;
				CLANG_WARN_OBJC_IMPLICIT_RETAIN_SELF = YES;
				CLANG_WARN_OBJC_LITERAL_CONVERSION = YES;
				CLANG_WARN_OBJC_ROOT_CLASS = YES_ERROR;
				CLANG_WARN_QUOTED_INCLUDE_IN_FRAMEWORK_HEADER = YES;
				CLANG_WARN_RANGE_LOOP_ANALYSIS = YES;
				CLANG_WARN_STRICT_PROTOTYPES = YES;
				CLANG_WARN_SUSPICIOUS_MOVE = YES;
				CLANG_WARN_UNGUARDED_AVAILABILITY = YES_AGGRESSIVE;
				CLANG_WARN_UNREACHABLE_CODE = YES;
				CLANG_WARN__DUPLICATE_METHOD_MATCH = YES;
				COPY_PHASE_STRIP = NO;
				DEBUG_INFORMATION_FORMAT = "dwarf-with-dsym";
				ENABLE_NS_ASSERTIONS = NO;
				ENABLE_STRICT_OBJC_MSGSEND = YES;
				GCC_C_LANGUAGE_STANDARD = gnu11;
				GCC_NO_COMMON_BLOCKS = YES;
				GCC_WARN_64_TO_32_BIT_CONVERSION = YES;
				GCC_WARN_ABOUT_RETURN_TYPE = YES_ERROR;
				GCC_WARN_UNDECLARED_SELECTOR = YES;
				GCC_WARN_UNINITIALIZED_AUTOS = YES_AGGRESSIVE;
				GCC_WARN_UNUSED_FUNCTION = YES;
				GCC_WARN_UNUSED_VARIABLE = YES;
				IPHONEOS_DEPLOYMENT_TARGET = 17.0;
				MTL_ENABLE_DEBUG_INFO = NO;
				MTL_FAST_MATH = YES;
				PRODUCT_NAME = "$(TARGET_NAME)";
				SDKROOT = iphoneos;
				SWIFT_COMPILATION_MODE = wholemodule;
				SWIFT_OPTIMIZATION_LEVEL = "-O";
				SWIFT_VERSION = 5.9;
				TARGETED_DEVICE_FAMILY = 1;
			};
			name = Release;
		};
		C5D88EA2D8E7AE22114811A2 /* Debug */ = {
			isa = XCBuildConfiguration;
			buildSettings = {
				BUNDLE_LOADER = "$(TEST_HOST)";
				IPHONEOS_DEPLOYMENT_TARGET = 17.0;
				LD_RUNPATH_SEARCH_PATHS = (
					"$(inherited)",
					"@executable_path/Frameworks",
					"@loader_path/Frameworks",
				);
				PRODUCT_BUNDLE_IDENTIFIER = com.autohop.app.tests;
				SDKROOT = iphoneos;
				TARGETED_DEVICE_FAMILY = "1,2";
				TEST_HOST = "$(BUILT_PRODUCTS_DIR)/Autohop.app/Autohop";
			};
			name = Debug;
		};
/* End XCBuildConfiguration section */

/* Begin XCConfigurationList section */
		7C43C9E9C8F1BC3BE73549B0 /* Build configuration list for PBXNativeTarget "Autohop" */ = {
			isa = XCConfigurationList;
			buildConfigurations = (
				1F305E134B84A6A3315394E7 /* Debug */,
				5CC764936F48FE827AC3B265 /* Release */,
			);
			defaultConfigurationIsVisible = 0;
			defaultConfigurationName = Debug;
		};
		C5E8972017E049B2C52BA491 /* Build configuration list for PBXNativeTarget "AutohopTests" */ = {
			isa = XCConfigurationList;
			buildConfigurations = (
				C5D88EA2D8E7AE22114811A2 /* Debug */,
				229600C59CF88494130DD9ED /* Release */,
			);
			defaultConfigurationIsVisible = 0;
			defaultConfigurationName = Debug;
		};
		E885AF816938E36BA9F69604 /* Build configuration list for PBXProject "Autohop" */ = {
			isa = XCConfigurationList;
			buildConfigurations = (
				795DEA63467BFC2B286E02DF /* Debug */,
				96509547F53AA4F33654278B /* Release */,
			);
			defaultConfigurationIsVisible = 0;
			defaultConfigurationName = Debug;
		};
/* End XCConfigurationList section */

/* Begin XCRemoteSwiftPackageReference section */
		C86973903E830F1E3B870293 /* XCRemoteSwiftPackageReference "GRDB.swift" */ = {
			isa = XCRemoteSwiftPackageReference;
			repositoryURL = "https://github.com/groue/GRDB.swift.git";
			requirement = {
				kind = upToNextMajorVersion;
				minimumVersion = 6.29.0;
			};
		};
/* End XCRemoteSwiftPackageReference section */

/* Begin XCSwiftPackageProductDependency section */
		C53B1694A3EA3D3CAEA54EC7 /* GRDB */ = {
			isa = XCSwiftPackageProductDependency;
			package = C86973903E830F1E3B870293 /* XCRemoteSwiftPackageReference "GRDB.swift" */;
			productName = GRDB;
		};
/* End XCSwiftPackageProductDependency section */
	};
	rootObject = 259B76BA85D833CCB7251FF0 /* Project object */;
}
