// !$*UTF8*$!
{
	archiveVersion = 1;
	classes = {
	};
	objectVersion = 77;
	objects = {

/* Begin PBXBuildFile section */
		01A2E2E1755A6FD8202F9963 /* ListeningHistory.swift in Sources */ = {isa = PBXBuildFile; fileRef = 0568C9279524F4C877719CB5 /* ListeningHistory.swift */; };
		024A67A87428D19197A1641B /* CloudKitSyncMappingTests.swift in Sources */ = {isa = PBXBuildFile; fileRef = AC0E27B081F89588CF256B08 /* CloudKitSyncMappingTests.swift */; };
		076CB6E7151288F67BE3D33B /* ResourceMonitor.swift in Sources */ = {isa = PBXBuildFile; fileRef = D7F7A3AB78DEBAF5DF666016 /* ResourceMonitor.swift */; };
		0A84FB8D85D54F4FADFE40D1 /* BackgroundTasks.framework in Frameworks */ = {isa = PBXBuildFile; fileRef = 972F5B85D493E589CE300EC9 /* BackgroundTasks.framework */; };
		0B57767A3DBA980BED907BD9 /* EpisodeShareSheet.swift in Sources */ = {isa = PBXBuildFile; fileRef = EDC1CA94E706E91930167D9F /* EpisodeShareSheet.swift */; };
		0BB782EB43F1B7A4ADCD28ED /* CloudSyncEngine.swift in Sources */ = {isa = PBXBuildFile; fileRef = 347E5DA5762F15B832B17049 /* CloudSyncEngine.swift */; };
		0DA3199324B6538A1AA0CB55 /* NotificationService.swift in Sources */ = {isa = PBXBuildFile; fileRef = 5014A13278DFD204DFD0007C /* NotificationService.swift */; };
		0F9ED9645CB156B3BE61DEE6 /* Subscription.swift in Sources */ = {isa = PBXBuildFile; fileRef = DB498E27325745DCAFDCDF5A /* Subscription.swift */; };
		10396F07E9855DB0F0FDAC42 /* autohop-splashscreen-app-store-6-9.png in Resources */ = {isa = PBXBuildFile; fileRef = E1E1146C9D0D29F95F61CC83 /* autohop-splashscreen-app-store-6-9.png */; };
		1173F747B11839519A673A85 /* DownloadManager.swift in Sources */ = {isa = PBXBuildFile; fileRef = E5DAC7F5458F913394B197DF /* DownloadManager.swift */; };
		120866928DF34B2E17B9D0C4 /* Synced.swift in Sources */ = {isa = PBXBuildFile; fileRef = 3027D04C8528CF33139935C8 /* Synced.swift */; };
		13CA6FD92A6DC4146A360D0E /* NotificationSettingsView.swift in Sources */ = {isa = PBXBuildFile; fileRef = BB4220919178A3ECDE7D03CF /* NotificationSettingsView.swift */; };
		1566AAE1A6389EDA957F81FF /* DownloadsView.swift in Sources */ = {isa = PBXBuildFile; fileRef = FBD740613B06C339DC75500D /* DownloadsView.swift */; };
		1AF9D8609A1601018501E5BD /* DiagnosticLogView.swift in Sources */ = {isa = PBXBuildFile; fileRef = E4B8E5DB8DBB9C0533B1C7C8 /* DiagnosticLogView.swift */; };
		1B96CE584A074F204180E0DA /* EpisodeBadges.swift in Sources */ = {isa = PBXBuildFile; fileRef = 0C042AA076339C9CFF61E388 /* EpisodeBadges.swift */; };
		1BB260AEF537B29C31F94017 /* DownloadResponseValidationTests.swift in Sources */ = {isa = PBXBuildFile; fileRef = 866DBA0E47D2A6C782809936 /* DownloadResponseValidationTests.swift */; };
		1DD2A617647E6CF512A1C6E6 /* AppState.swift in Sources */ = {isa = PBXBuildFile; fileRef = 21BC32637767178331176C36 /* AppState.swift */; };
		1E678C6F6C451BF5F5A403C9 /* SupportView.swift in Sources */ = {isa = PBXBuildFile; fileRef = EFF7CF11EF28BCAC4E54C4FB /* SupportView.swift */; };
		20957967D523388DE56901A0 /* autohop-splashscreen-pure-6-9.png in Resources */ = {isa = PBXBuildFile; fileRef = CB944A661DCADD26283788F2 /* autohop-splashscreen-pure-6-9.png */; };
		26AD017DF9A1979B8D111B48 /* ShowEngagementAnalyzer.swift in Sources */ = {isa = PBXBuildFile; fileRef = C8A87E5CAFBEC53B16857055 /* ShowEngagementAnalyzer.swift */; };
		29D20949EDEA2FBB1EC01FE4 /* WelcomeView.swift in Sources */ = {isa = PBXBuildFile; fileRef = E07ED0ECD21597B36041D4C3 /* WelcomeView.swift */; };
		2CB94841CBA3715B633E5332 /* RSSParserTests.swift in Sources */ = {isa = PBXBuildFile; fileRef = 1EE50021DF85C88351E2E401 /* RSSParserTests.swift */; };
		32612A7A83338C90F88DAB66 /* RSSParser.swift in Sources */ = {isa = PBXBuildFile; fileRef = 3565F21462B26325EB4EB477 /* RSSParser.swift */; };
		335337163D0A2505CB51E1C0 /* PlaybackEngine.swift in Sources */ = {isa = PBXBuildFile; fileRef = 16FD6DE750266E615081EA09 /* PlaybackEngine.swift */; };
		33B562963DD6313B592802F5 /* OPMLService.swift in Sources */ = {isa = PBXBuildFile; fileRef = 016F1F5D536EEC59138B6CDE /* OPMLService.swift */; };
		33F1DE3CEB3FEBC390925C57 /* AppLogger.swift in Sources */ = {isa = PBXBuildFile; fileRef = 3125C204FC44E2136A76414C /* AppLogger.swift */; };
		34D89E97DD5170651921E1E9 /* FeedService.swift in Sources */ = {isa = PBXBuildFile; fileRef = C44B088E668A73445F8D13B4 /* FeedService.swift */; };
		3B8B481797834DA0E670EDCC /* LogRedactionTests.swift in Sources */ = {isa = PBXBuildFile; fileRef = F95109FB55E98058516BF187 /* LogRedactionTests.swift */; };
		3C1EC35377A2A5D79B1584DA /* DownloadActivityStore.swift in Sources */ = {isa = PBXBuildFile; fileRef = 9722A18CD9E100A7A5763C41 /* DownloadActivityStore.swift */; };
		3EEB38CEB6637E72C972E434 /* CachedArtworkImage.swift in Sources */ = {isa = PBXBuildFile; fileRef = 04DF907C44AFC3ED0F072C5B /* CachedArtworkImage.swift */; };
		44BEB63E377B429766ABA020 /* SettingsStore.swift in Sources */ = {isa = PBXBuildFile; fileRef = DEDA523B5BEADDB7ED7CC077 /* SettingsStore.swift */; };
		48D4BBE905ECB9EA3A78558B /* BackgroundTaskCoordinator.swift in Sources */ = {isa = PBXBuildFile; fileRef = 0EC29E0D6933DB9FB1CD44AA /* BackgroundTaskCoordinator.swift */; };
		4A1DD78B5074429747B1688F /* autohop-icon-v1.svg in Resources */ = {isa = PBXBuildFile; fileRef = 6BB657BA8CD0E083B65CB037 /* autohop-icon-v1.svg */; };
		5299D7D4B6F56C49B69B042A /* SilenceGapAccounting.swift in Sources */ = {isa = PBXBuildFile; fileRef = E6F49CB55A2F6E2F13E1DD13 /* SilenceGapAccounting.swift */; };
		54739E27850EC78ED589F31E /* AutohopDatabase.swift in Sources */ = {isa = PBXBuildFile; fileRef = D6CD09722CF511495FBD886F /* AutohopDatabase.swift */; };
		5570158A3C166BF3D53DE8CD /* SubscriptionSyncTests.swift in Sources */ = {isa = PBXBuildFile; fileRef = 860B5ED3812C915B243F074F /* SubscriptionSyncTests.swift */; };
		59BDFF3933ED86A7C14C9069 /* PlayerView.swift in Sources */ = {isa = PBXBuildFile; fileRef = 37C2D2BA2408F2EF182B3B32 /* PlayerView.swift */; };
		5F31E6436B83B9BE0115C179 /* PlaybackControlsCard.swift in Sources */ = {isa = PBXBuildFile; fileRef = 8CAFFA0CCB6D0382A13AB6F3 /* PlaybackControlsCard.swift */; };
		5F63CE6D30FCE1AF5A8269AD /* SleepTimerSheetView.swift in Sources */ = {isa = PBXBuildFile; fileRef = 14DF66C0C501F07FFA8E90B1 /* SleepTimerSheetView.swift */; };
		624D0FBCD19B1302BB804A7E /* Episode.swift in Sources */ = {isa = PBXBuildFile; fileRef = 683993894FA5CDEC33131BAF /* Episode.swift */; };
		62D168972BDD341239693771 /* PrivacyInfo.xcprivacy in Resources */ = {isa = PBXBuildFile; fileRef = "TEMP_70E96C12-D5CC-475F-9886-2902C8FD7025" /* PrivacyInfo.xcprivacy */; };
		65AAE222862ADC3F71B7E80D /* AppSettings.swift in Sources */ = {isa = PBXBuildFile; fileRef = 6DA24333B81A1F45C674024C /* AppSettings.swift */; };
		688BD3D8B42D008DB1D7B3F6 /* StatsWriteCoalescingTests.swift in Sources */ = {isa = PBXBuildFile; fileRef = AC3A8290AB892009F4F39161 /* StatsWriteCoalescingTests.swift */; };
		6C605C477BA707E79EBE1E8E /* GettingStartedChecklist.swift in Sources */ = {isa = PBXBuildFile; fileRef = F6C61B3D1EBFA29920F6C3BD /* GettingStartedChecklist.swift */; };
		6CB8DBCEB5B239EDC5484E5C /* AVFoundation.framework in Frameworks */ = {isa = PBXBuildFile; fileRef = 6A5A6DDE8961134FE0682A54 /* AVFoundation.framework */; };
		6EE402EA49F2830EBD1F44F7 /* UserNotifications.framework in Frameworks */ = {isa = PBXBuildFile; fileRef = 253ABEDC0F34FCD44A3287B3 /* UserNotifications.framework */; };
		70F6C3BE4167056AC22246AB /* StatsSyncTests.swift in Sources */ = {isa = PBXBuildFile; fileRef = BF806332BDF9F668DC2A4166 /* StatsSyncTests.swift */; };
		7126678523718E401C2AFE78 /* Assets.xcassets in Resources */ = {isa = PBXBuildFile; fileRef = "TEMP_520BCE18-F1C6-4273-9CC4-2B00F1D26742" /* Assets.xcassets */; };
		714732757E10CD771CFC6FC7 /* NativeVideoPlayerView.swift in Sources */ = {isa = PBXBuildFile; fileRef = F0A3E0382684E30C54800563 /* NativeVideoPlayerView.swift */; };
		71E7F0C44A93C801D63C7121 /* AddFeedView.swift in Sources */ = {isa = PBXBuildFile; fileRef = AB5C2524C530DA21A6495034 /* AddFeedView.swift */; };
		744B566F8CB897CF7C806DC6 /* ListeningStatsStore.swift in Sources */ = {isa = PBXBuildFile; fileRef = E808A5060C4721B470695C1A /* ListeningStatsStore.swift */; };
		76CD687F77CB4DCADA6D5D9B /* PodcastDetailView.swift in Sources */ = {isa = PBXBuildFile; fileRef = D25554BE74A86787F386D7BC /* PodcastDetailView.swift */; };
		7979C37CADA5866EC470BD68 /* GRDB in Frameworks */ = {isa = PBXBuildFile; productRef = C53B1694A3EA3D3CAEA54EC7 /* GRDB */; };
		797F740F2BF3D71304B9717F /* SyncGuardsTests.swift in Sources */ = {isa = PBXBuildFile; fileRef = 547F1BE10923BA0452A3B3AA /* SyncGuardsTests.swift */; };
		79C6A1FD80ACA72B5971F816 /* AppDelegate.swift in Sources */ = {isa = PBXBuildFile; fileRef = D54CE5E93B8D748F0F9A0F2A /* AppDelegate.swift */; };
		7C336F2FC7117E89325B2A0F /* HistorySyncTests.swift in Sources */ = {isa = PBXBuildFile; fileRef = E2D5A368146F470AC4791427 /* HistorySyncTests.swift */; };
		7EF5BD8B18180F1FFDD33AB4 /* ThreeAWMelbourneNewsSampleFeed.xml in Resources */ = {isa = PBXBuildFile; fileRef = ADAF490F6714132C813C0E00 /* ThreeAWMelbourneNewsSampleFeed.xml */; };
		8367D68603280F7A4A288C2B /* TopEpisodesView.swift in Sources */ = {isa = PBXBuildFile; fileRef = 6CDAA6575B2C34C312271234 /* TopEpisodesView.swift */; };
		837C70B94F5B270EA2BBEC4F /* StarterPacksView.swift in Sources */ = {isa = PBXBuildFile; fileRef = 83317DE2DF49FB718258DD1B /* StarterPacksView.swift */; };
		83A915229022E951DD94E0EB /* PlaybackPreference.swift in Sources */ = {isa = PBXBuildFile; fileRef = 116B0991A291DB3826111098 /* PlaybackPreference.swift */; };
		84BE71C99454599650753E22 /* SyncStateTests.swift in Sources */ = {isa = PBXBuildFile; fileRef = 46CF89DF15A4D2CDDF676EC0 /* SyncStateTests.swift */; };
		864AC2465FB83D9BC594AC37 /* SupportContent.swift in Sources */ = {isa = PBXBuildFile; fileRef = 2A7E25B19C8E70DF788BDA18 /* SupportContent.swift */; };
		8D417A97DBFC35F926D93B31 /* DiscoverView.swift in Sources */ = {isa = PBXBuildFile; fileRef = 633574BB70D7788B90B0BDE9 /* DiscoverView.swift */; };
		8FD5834553AE884C392CB049 /* AudioRoutePickerView.swift in Sources */ = {isa = PBXBuildFile; fileRef = 9ED876B306752D5EC2F481E6 /* AudioRoutePickerView.swift */; };
		8FF6E6E43D5F2EAA81C99C42 /* PersistResilienceTests.swift in Sources */ = {isa = PBXBuildFile; fileRef = DE9245F30E19F596955ACDB0 /* PersistResilienceTests.swift */; };
		90E60676218DF06C64AB3A02 /* QueueService.swift in Sources */ = {isa = PBXBuildFile; fileRef = 5843E176F77CC6DC4B9EDA8B /* QueueService.swift */; };
		9135E017CE55B141B15F5738 /* SettingsView.swift in Sources */ = {isa = PBXBuildFile; fileRef = E4640CA53FD6C9A99BBE0875 /* SettingsView.swift */; };
		91B420347CDB3B05375799EB /* HTTPResponseValidationTests.swift in Sources */ = {isa = PBXBuildFile; fileRef = 9E249DD16A08F1A57FE53A80 /* HTTPResponseValidationTests.swift */; };
		9209CC8EEB66F1B2C16094D2 /* NowPlayingService.swift in Sources */ = {isa = PBXBuildFile; fileRef = 31EB5D4327A2A02FC9F88ACF /* NowPlayingService.swift */; };
		95FFFB761A9CE60ACCF92C5F /* SleepScheduleService.swift in Sources */ = {isa = PBXBuildFile; fileRef = 07E83796C882D3674FA7F0C8 /* SleepScheduleService.swift */; };
		9D8CD5C871B7E48DD71A6AD6 /* RemoteEpisodeApplyTests.swift in Sources */ = {isa = PBXBuildFile; fileRef = 5236469AA77DC26F64274B57 /* RemoteEpisodeApplyTests.swift */; };
		9F4594BC013D8842420C917F /* SubscriptionStore.swift in Sources */ = {isa = PBXBuildFile; fileRef = 017E7C8820A88C4A080084E2 /* SubscriptionStore.swift */; };
		A305D87E559B997D69CBCD09 /* ABCBreakfastSampleFeed.xml in Resources */ = {isa = PBXBuildFile; fileRef = 1669AC404FB7A65C54DF4052 /* ABCBreakfastSampleFeed.xml */; };
		A6940DB2DD8FDBFE0D195138 /* PlaybackPreferenceDefaultsTests.swift in Sources */ = {isa = PBXBuildFile; fileRef = 231A69569AAF670643035056 /* PlaybackPreferenceDefaultsTests.swift */; };
		ABDBFCCA92F2CB288B252618 /* FirstSubscribeCard.swift in Sources */ = {isa = PBXBuildFile; fileRef = C7B98C81B5F1788608DD831A /* FirstSubscribeCard.swift */; };
		B0AF83B1F0EB3A7573F5904D /* EpisodeFeedLoader.swift in Sources */ = {isa = PBXBuildFile; fileRef = D4085481A5FB344177B51FA3 /* EpisodeFeedLoader.swift */; };
		B210DB81D2DA8717E99F54FA /* SubscriptionSettingsView.swift in Sources */ = {isa = PBXBuildFile; fileRef = 35748B243B085DB0E3E0076F /* SubscriptionSettingsView.swift */; };
		B2D8AA4F677325CBEB0D4784 /* ChapterService.swift in Sources */ = {isa = PBXBuildFile; fileRef = B89A48F1CC784F17C10C516E /* ChapterService.swift */; };
		B520FD862A96DF46EED277D1 /* SilenceGapAccountingTests.swift in Sources */ = {isa = PBXBuildFile; fileRef = 5A4695D03A188ABCBD7F93CF /* SilenceGapAccountingTests.swift */; };
		B906D18D9FCC95E6F2D41F01 /* SilenceDetector.swift in Sources */ = {isa = PBXBuildFile; fileRef = 6CE8C5CD51F36B650901B3F2 /* SilenceDetector.swift */; };
		BE8959D445D8B2C65ADB9AC2 /* CoachMark.swift in Sources */ = {isa = PBXBuildFile; fileRef = 59B3BE69DC8E6E61772D84F0 /* CoachMark.swift */; };
		C16D45891DE68CBBC5E8E224 /* AcknowledgementsView.swift in Sources */ = {isa = PBXBuildFile; fileRef = BCFC591DB2F94F3B9CD1B653 /* AcknowledgementsView.swift */; };
		C57E1D3F2D15855909D0F3A2 /* PodcastsView.swift in Sources */ = {isa = PBXBuildFile; fileRef = 7AB0B44C31CC81B5877BE5EF /* PodcastsView.swift */; };
		C5FB42964A305A6CAD31CBCA /* Chapter.swift in Sources */ = {isa = PBXBuildFile; fileRef = 1F2EF890D48B249CD312B14C /* Chapter.swift */; };
		C7C054400CFD003E292473C6 /* QueueSheetView.swift in Sources */ = {isa = PBXBuildFile; fileRef = CA5E51118F25B1259016B282 /* QueueSheetView.swift */; };
		C8EF9CC6249F731DD33A448D /* SleepScheduleView.swift in Sources */ = {isa = PBXBuildFile; fileRef = C02B3CAC7E8D6D1B67E22215 /* SleepScheduleView.swift */; };
		CD352A8639A1C1984A9BAAF0 /* CloudKitSyncMapping.swift in Sources */ = {isa = PBXBuildFile; fileRef = 0B9A4F7DEA726E7CB7EB5506 /* CloudKitSyncMapping.swift */; };
		D26E2B997A9791A4790F1DD6 /* SleepTimerService.swift in Sources */ = {isa = PBXBuildFile; fileRef = D5BAF0C68369211734ECE384 /* SleepTimerService.swift */; };
		D773074517AB41E4FB4BA00F /* AVKit.framework in Frameworks */ = {isa = PBXBuildFile; fileRef = 6B362EFA83BC4FBE3A07CD37 /* AVKit.framework */; };
		D982829042569BE85DF9E3BA /* FeedPreviewViewModel.swift in Sources */ = {isa = PBXBuildFile; fileRef = 4131E590B934F14C0BAE6997 /* FeedPreviewViewModel.swift */; };
		DB791FD19B5064ADC1DC96FB /* CloudKit.framework in Frameworks */ = {isa = PBXBuildFile; fileRef = FBEF0B3559845D81A1BFFB69 /* CloudKit.framework */; };
		DD09006541935702499298DA /* ParsedFeed.swift in Sources */ = {isa = PBXBuildFile; fileRef = FAF6869CDF5E12D17427C2D2 /* ParsedFeed.swift */; };
		E05AFC98E6B1842F1BF4D15D /* PodcastSearchView.swift in Sources */ = {isa = PBXBuildFile; fileRef = 9B26404DFDADDE7CD73968A8 /* PodcastSearchView.swift */; };
		E239E1C1E3C267AC2FB54730 /* PodcastCharts.swift in Sources */ = {isa = PBXBuildFile; fileRef = 77C60EE74A8B213D9CAE978C /* PodcastCharts.swift */; };
		E3380CF1CAF59289183A743F /* SyncState.swift in Sources */ = {isa = PBXBuildFile; fileRef = BA7CFA3B7A377420EF2AAD05 /* SyncState.swift */; };
		E3B17E894AF7A054785DDDE8 /* SettingsViewModel.swift in Sources */ = {isa = PBXBuildFile; fileRef = 3F4F72C26B5F410F644B0050 /* SettingsViewModel.swift */; };
		E4EE92A188FB0375F8B184AF /* MediaPlayer.framework in Frameworks */ = {isa = PBXBuildFile; fileRef = 152B0D52BCB62FC71DA063EC /* MediaPlayer.framework */; };
		E940BF2B47CC32BF49F1AD09 /* MenuSheetView.swift in Sources */ = {isa = PBXBuildFile; fileRef = DB2ED604AA0A6EB3A81D6405 /* MenuSheetView.swift */; };
		EDD91FCF5DCE082CACDF0E2E /* OPMLDocument.swift in Sources */ = {isa = PBXBuildFile; fileRef = 5CF13A2502B3E5F81C7C7AD6 /* OPMLDocument.swift */; };
		EE06D114315111D29A0E738A /* EpisodeShareCardView.swift in Sources */ = {isa = PBXBuildFile; fileRef = 545F198A01DC29E823B37A4F /* EpisodeShareCardView.swift */; };
		EF1600E98AC2B56C4C400648 /* RootView.swift in Sources */ = {isa = PBXBuildFile; fileRef = A314D3A788F1F62E2CC094A5 /* RootView.swift */; };
		F04D8956C833756F2AD12D09 /* SubscriptionPersistenceFailureTests.swift in Sources */ = {isa = PBXBuildFile; fileRef = B8A1BFC303E1031882116A93 /* SubscriptionPersistenceFailureTests.swift */; };
		F219A8B281E4313EE02BB90A /* PodcastSearch.swift in Sources */ = {isa = PBXBuildFile; fileRef = 3976B164B99940414D5413E2 /* PodcastSearch.swift */; };
		F4049937C764D758D686ED64 /* AutohopApp.swift in Sources */ = {isa = PBXBuildFile; fileRef = 24917C9633C17930928857C5 /* AutohopApp.swift */; };
		F60A9D862A27C0B6ECB6FE8E /* EpisodeDiffPersistTests.swift in Sources */ = {isa = PBXBuildFile; fileRef = 2859FF1A2BC8DD321829104C /* EpisodeDiffPersistTests.swift */; };
		F8433597E37EB97288E79761 /* autohop-splashscreen-ai-preview.png in Resources */ = {isa = PBXBuildFile; fileRef = 205260FD71CB1CDC7C2F0ED0 /* autohop-splashscreen-ai-preview.png */; };
		FD4EBB3959512A24B22A416D /* StatsView.swift in Sources */ = {isa = PBXBuildFile; fileRef = 302ED5C15F04FA1D1453D26F /* StatsView.swift */; };
		FDC91A564FDDDCF695A07094 /* Autohop.xcodeproj in Resources */ = {isa = PBXBuildFile; fileRef = "TEMP_CBABEBB0-DBA7-4140-85C8-4A31812CD83B" /* Autohop.xcodeproj */; };
/* End PBXBuildFile section */

/* Begin PBXContainerItemProxy section */
		083E302F20204E858B52B826 /* PBXContainerItemProxy */ = {
			isa = PBXContainerItemProxy;
			containerPortal = 259B76BA85D833CCB7251FF0 /* Project object */;
			proxyType = 1;
			remoteGlobalIDString = 3C82BC83FCC9F6D3677A8203;
			remoteInfo = Autohop;
		};
/* End PBXContainerItemProxy section */

/* Begin PBXFileReference section */
		016F1F5D536EEC59138B6CDE /* OPMLService.swift */ = {isa = PBXFileReference; lastKnownFileType = sourcecode.swift; path = OPMLService.swift; sourceTree = "<group>"; };
		017E7C8820A88C4A080084E2 /* SubscriptionStore.swift */ = {isa = PBXFileReference; lastKnownFileType = sourcecode.swift; path = SubscriptionStore.swift; sourceTree = "<group>"; };
		04DF907C44AFC3ED0F072C5B /* CachedArtworkImage.swift */ = {isa = PBXFileReference; lastKnownFileType = sourcecode.swift; path = CachedArtworkImage.swift; sourceTree = "<group>"; };
		0568C9279524F4C877719CB5 /* ListeningHistory.swift */ = {isa = PBXFileReference; lastKnownFileType = sourcecode.swift; path = ListeningHistory.swift; sourceTree = "<group>"; };
		07E83796C882D3674FA7F0C8 /* SleepScheduleService.swift */ = {isa = PBXFileReference; lastKnownFileType = sourcecode.swift; path = SleepScheduleService.swift; sourceTree = "<group>"; };
		0B9A4F7DEA726E7CB7EB5506 /* CloudKitSyncMapping.swift */ = {isa = PBXFileReference; lastKnownFileType = sourcecode.swift; path = CloudKitSyncMapping.swift; sourceTree = "<group>"; };
		0C042AA076339C9CFF61E388 /* EpisodeBadges.swift */ = {isa = PBXFileReference; lastKnownFileType = sourcecode.swift; path = EpisodeBadges.swift; sourceTree = "<group>"; };
		0EC29E0D6933DB9FB1CD44AA /* BackgroundTaskCoordinator.swift */ = {isa = PBXFileReference; lastKnownFileType = sourcecode.swift; path = BackgroundTaskCoordinator.swift; sourceTree = "<group>"; };
		116B0991A291DB3826111098 /* PlaybackPreference.swift */ = {isa = PBXFileReference; lastKnownFileType = sourcecode.swift; path = PlaybackPreference.swift; sourceTree = "<group>"; };
		14DF66C0C501F07FFA8E90B1 /* SleepTimerSheetView.swift */ = {isa = PBXFileReference; lastKnownFileType = sourcecode.swift; path = SleepTimerSheetView.swift; sourceTree = "<group>"; };
		152B0D52BCB62FC71DA063EC /* MediaPlayer.framework */ = {isa = PBXFileReference; lastKnownFileType = wrapper.framework; name = MediaPlayer.framework; path = System/Library/Frameworks/MediaPlayer.framework; sourceTree = SDKROOT; };
		1669AC404FB7A65C54DF4052 /* ABCBreakfastSampleFeed.xml */ = {isa = PBXFileReference; lastKnownFileType = text.xml; path = ABCBreakfastSampleFeed.xml; sourceTree = "<group>"; };
		16FD6DE750266E615081EA09 /* PlaybackEngine.swift */ = {isa = PBXFileReference; lastKnownFileType = sourcecode.swift; path = PlaybackEngine.swift; sourceTree = "<group>"; };
		1EE50021DF85C88351E2E401 /* RSSParserTests.swift */ = {isa = PBXFileReference; lastKnownFileType = sourcecode.swift; path = RSSParserTests.swift; sourceTree = "<group>"; };
		1F2EF890D48B249CD312B14C /* Chapter.swift */ = {isa = PBXFileReference; lastKnownFileType = sourcecode.swift; path = Chapter.swift; sourceTree = "<group>"; };
		205260FD71CB1CDC7C2F0ED0 /* autohop-splashscreen-ai-preview.png */ = {isa = PBXFileReference; lastKnownFileType = image.png; path = "autohop-splashscreen-ai-preview.png"; sourceTree = "<group>"; };
		21BC32637767178331176C36 /* AppState.swift */ = {isa = PBXFileReference; lastKnownFileType = sourcecode.swift; path = AppState.swift; sourceTree = "<group>"; };
		231A69569AAF670643035056 /* PlaybackPreferenceDefaultsTests.swift */ = {isa = PBXFileReference; lastKnownFileType = sourcecode.swift; path = PlaybackPreferenceDefaultsTests.swift; sourceTree = "<group>"; };
		24917C9633C17930928857C5 /* AutohopApp.swift */ = {isa = PBXFileReference; lastKnownFileType = sourcecode.swift; path = AutohopApp.swift; sourceTree = "<group>"; };
		253ABEDC0F34FCD44A3287B3 /* UserNotifications.framework */ = {isa = PBXFileReference; lastKnownFileType = wrapper.framework; name = UserNotifications.framework; path = System/Library/Frameworks/UserNotifications.framework; sourceTree = SDKROOT; };
		2859FF1A2BC8DD321829104C /* EpisodeDiffPersistTests.swift */ = {isa = PBXFileReference; lastKnownFileType = sourcecode.swift; path = EpisodeDiffPersistTests.swift; sourceTree = "<group>"; };
		2A7E25B19C8E70DF788BDA18 /* SupportContent.swift */ = {isa = PBXFileReference; lastKnownFileType = sourcecode.swift; path = SupportContent.swift; sourceTree = "<group>"; };
		3027D04C8528CF33139935C8 /* Synced.swift */ = {isa = PBXFileReference; lastKnownFileType = sourcecode.swift; path = Synced.swift; sourceTree = "<group>"; };
		302ED5C15F04FA1D1453D26F /* StatsView.swift */ = {isa = PBXFileReference; lastKnownFileType = sourcecode.swift; path = StatsView.swift; sourceTree = "<group>"; };
		3125C204FC44E2136A76414C /* AppLogger.swift */ = {isa = PBXFileReference; lastKnownFileType = sourcecode.swift; path = AppLogger.swift; sourceTree = "<group>"; };
		31EB5D4327A2A02FC9F88ACF /* NowPlayingService.swift */ = {isa = PBXFileReference; lastKnownFileType = sourcecode.swift; path = NowPlayingService.swift; sourceTree = "<group>"; };
		347E5DA5762F15B832B17049 /* CloudSyncEngine.swift */ = {isa = PBXFileReference; lastKnownFileType = sourcecode.swift; path = CloudSyncEngine.swift; sourceTree = "<group>"; };
		3565F21462B26325EB4EB477 /* RSSParser.swift */ = {isa = PBXFileReference; lastKnownFileType = sourcecode.swift; path = RSSParser.swift; sourceTree = "<group>"; };
		35748B243B085DB0E3E0076F /* SubscriptionSettingsView.swift */ = {isa = PBXFileReference; lastKnownFileType = sourcecode.swift; path = SubscriptionSettingsView.swift; sourceTree = "<group>"; };
		37105C01AB41D0EE542AC9C5 /* Autohop.app */ = {isa = PBXFileReference; includeInIndex = 0; lastKnownFileType = wrapper.application; path = Autohop.app; sourceTree = BUILT_PRODUCTS_DIR; };
		37C2D2BA2408F2EF182B3B32 /* PlayerView.swift */ = {isa = PBXFileReference; lastKnownFileType = sourcecode.swift; path = PlayerView.swift; sourceTree = "<group>"; };
		3976B164B99940414D5413E2 /* PodcastSearch.swift */ = {isa = PBXFileReference; lastKnownFileType = sourcecode.swift; path = PodcastSearch.swift; sourceTree = "<group>"; };
		3F4F72C26B5F410F644B0050 /* SettingsViewModel.swift */ = {isa = PBXFileReference; lastKnownFileType = sourcecode.swift; path = SettingsViewModel.swift; sourceTree = "<group>"; };
		4131E590B934F14C0BAE6997 /* FeedPreviewViewModel.swift */ = {isa = PBXFileReference; lastKnownFileType = sourcecode.swift; path = FeedPreviewViewModel.swift; sourceTree = "<group>"; };
		46CF89DF15A4D2CDDF676EC0 /* SyncStateTests.swift */ = {isa = PBXFileReference; lastKnownFileType = sourcecode.swift; path = SyncStateTests.swift; sourceTree = "<group>"; };
		5014A13278DFD204DFD0007C /* NotificationService.swift */ = {isa = PBXFileReference; lastKnownFileType = sourcecode.swift; path = NotificationService.swift; sourceTree = "<group>"; };
		5236469AA77DC26F64274B57 /* RemoteEpisodeApplyTests.swift */ = {isa = PBXFileReference; lastKnownFileType = sourcecode.swift; path = RemoteEpisodeApplyTests.swift; sourceTree = "<group>"; };
		545F198A01DC29E823B37A4F /* EpisodeShareCardView.swift */ = {isa = PBXFileReference; lastKnownFileType = sourcecode.swift; path = EpisodeShareCardView.swift; sourceTree = "<group>"; };
		547F1BE10923BA0452A3B3AA /* SyncGuardsTests.swift */ = {isa = PBXFileReference; lastKnownFileType = sourcecode.swift; path = SyncGuardsTests.swift; sourceTree = "<group>"; };
		5843E176F77CC6DC4B9EDA8B /* QueueService.swift */ = {isa = PBXFileReference; lastKnownFileType = sourcecode.swift; path = QueueService.swift; sourceTree = "<group>"; };
		59B3BE69DC8E6E61772D84F0 /* CoachMark.swift */ = {isa = PBXFileReference; lastKnownFileType = sourcecode.swift; path = CoachMark.swift; sourceTree = "<group>"; };
		5A4695D03A188ABCBD7F93CF /* SilenceGapAccountingTests.swift */ = {isa = PBXFileReference; lastKnownFileType = sourcecode.swift; path = SilenceGapAccountingTests.swift; sourceTree = "<group>"; };
		5CF13A2502B3E5F81C7C7AD6 /* OPMLDocument.swift */ = {isa = PBXFileReference; lastKnownFileType = sourcecode.swift; path = OPMLDocument.swift; sourceTree = "<group>"; };
		633574BB70D7788B90B0BDE9 /* DiscoverView.swift */ = {isa = PBXFileReference; lastKnownFileType = sourcecode.swift; path = DiscoverView.swift; sourceTree = "<group>"; };
		683993894FA5CDEC33131BAF /* Episode.swift */ = {isa = PBXFileReference; lastKnownFileType = sourcecode.swift; path = Episode.swift; sourceTree = "<group>"; };
		6A5A6DDE8961134FE0682A54 /* AVFoundation.framework */ = {isa = PBXFileReference; lastKnownFileType = wrapper.framework; name = AVFoundation.framework; path = System/Library/Frameworks/AVFoundation.framework; sourceTree = SDKROOT; };
		6B362EFA83BC4FBE3A07CD37 /* AVKit.framework */ = {isa = PBXFileReference; lastKnownFileType = wrapper.framework; name = AVKit.framework; path = System/Library/Frameworks/AVKit.framework; sourceTree = SDKROOT; };
		6BB657BA8CD0E083B65CB037 /* autohop-icon-v1.svg */ = {isa = PBXFileReference; lastKnownFileType = text.xml; path = "autohop-icon-v1.svg"; sourceTree = "<group>"; };
		6CDAA6575B2C34C312271234 /* TopEpisodesView.swift */ = {isa = PBXFileReference; lastKnownFileType = sourcecode.swift; path = TopEpisodesView.swift; sourceTree = "<group>"; };
		6CE8C5CD51F36B650901B3F2 /* SilenceDetector.swift */ = {isa = PBXFileReference; lastKnownFileType = sourcecode.swift; path = SilenceDetector.swift; sourceTree = "<group>"; };
		6DA24333B81A1F45C674024C /* AppSettings.swift */ = {isa = PBXFileReference; lastKnownFileType = sourcecode.swift; path = AppSettings.swift; sourceTree = "<group>"; };
		77C60EE74A8B213D9CAE978C /* PodcastCharts.swift */ = {isa = PBXFileReference; lastKnownFileType = sourcecode.swift; path = PodcastCharts.swift; sourceTree = "<group>"; };
		7AB0B44C31CC81B5877BE5EF /* PodcastsView.swift */ = {isa = PBXFileReference; lastKnownFileType = sourcecode.swift; path = PodcastsView.swift; sourceTree = "<group>"; };
		83317DE2DF49FB718258DD1B /* StarterPacksView.swift */ = {isa = PBXFileReference; lastKnownFileType = sourcecode.swift; path = StarterPacksView.swift; sourceTree = "<group>"; };
		860B5ED3812C915B243F074F /* SubscriptionSyncTests.swift */ = {isa = PBXFileReference; lastKnownFileType = sourcecode.swift; path = SubscriptionSyncTests.swift; sourceTree = "<group>"; };
		866DBA0E47D2A6C782809936 /* DownloadResponseValidationTests.swift */ = {isa = PBXFileReference; lastKnownFileType = sourcecode.swift; path = DownloadResponseValidationTests.swift; sourceTree = "<group>"; };
		8CAFFA0CCB6D0382A13AB6F3 /* PlaybackControlsCard.swift */ = {isa = PBXFileReference; lastKnownFileType = sourcecode.swift; path = PlaybackControlsCard.swift; sourceTree = "<group>"; };
		8F6BE90CFA13F09C49C4088D /* AutohopTests.xctest */ = {isa = PBXFileReference; includeInIndex = 0; lastKnownFileType = wrapper.cfbundle; path = AutohopTests.xctest; sourceTree = BUILT_PRODUCTS_DIR; };
		9722A18CD9E100A7A5763C41 /* DownloadActivityStore.swift */ = {isa = PBXFileReference; lastKnownFileType = sourcecode.swift; path = DownloadActivityStore.swift; sourceTree = "<group>"; };
		972F5B85D493E589CE300EC9 /* BackgroundTasks.framework */ = {isa = PBXFileReference; lastKnownFileType = wrapper.framework; name = BackgroundTasks.framework; path = System/Library/Frameworks/BackgroundTasks.framework; sourceTree = SDKROOT; };
		9B26404DFDADDE7CD73968A8 /* PodcastSearchView.swift */ = {isa = PBXFileReference; lastKnownFileType = sourcecode.swift; path = PodcastSearchView.swift; sourceTree = "<group>"; };
		9E249DD16A08F1A57FE53A80 /* HTTPResponseValidationTests.swift */ = {isa = PBXFileReference; lastKnownFileType = sourcecode.swift; path = HTTPResponseValidationTests.swift; sourceTree = "<group>"; };
		9ED876B306752D5EC2F481E6 /* AudioRoutePickerView.swift */ = {isa = PBXFileReference; lastKnownFileType = sourcecode.swift; path = AudioRoutePickerView.swift; sourceTree = "<group>"; };
		A314D3A788F1F62E2CC094A5 /* RootView.swift */ = {isa = PBXFileReference; lastKnownFileType = sourcecode.swift; path = RootView.swift; sourceTree = "<group>"; };
		AB5C2524C530DA21A6495034 /* AddFeedView.swift */ = {isa = PBXFileReference; lastKnownFileType = sourcecode.swift; path = AddFeedView.swift; sourceTree = "<group>"; };
		AC0E27B081F89588CF256B08 /* CloudKitSyncMappingTests.swift */ = {isa = PBXFileReference; lastKnownFileType = sourcecode.swift; path = CloudKitSyncMappingTests.swift; sourceTree = "<group>"; };
		AC3A8290AB892009F4F39161 /* StatsWriteCoalescingTests.swift */ = {isa = PBXFileReference; lastKnownFileType = sourcecode.swift; path = StatsWriteCoalescingTests.swift; sourceTree = "<group>"; };
		ADAF490F6714132C813C0E00 /* ThreeAWMelbourneNewsSampleFeed.xml */ = {isa = PBXFileReference; lastKnownFileType = text.xml; path = ThreeAWMelbourneNewsSampleFeed.xml; sourceTree = "<group>"; };
		B89A48F1CC784F17C10C516E /* ChapterService.swift */ = {isa = PBXFileReference; lastKnownFileType = sourcecode.swift; path = ChapterService.swift; sourceTree = "<group>"; };
		B8A1BFC303E1031882116A93 /* SubscriptionPersistenceFailureTests.swift */ = {isa = PBXFileReference; lastKnownFileType = sourcecode.swift; path = SubscriptionPersistenceFailureTests.swift; sourceTree = "<group>"; };
		BA7CFA3B7A377420EF2AAD05 /* SyncState.swift */ = {isa = PBXFileReference; lastKnownFileType = sourcecode.swift; path = SyncState.swift; sourceTree = "<group>"; };
		BB4220919178A3ECDE7D03CF /* NotificationSettingsView.swift */ = {isa = PBXFileReference; lastKnownFileType = sourcecode.swift; path = NotificationSettingsView.swift; sourceTree = "<group>"; };
		BCFC591DB2F94F3B9CD1B653 /* AcknowledgementsView.swift */ = {isa = PBXFileReference; lastKnownFileType = sourcecode.swift; path = AcknowledgementsView.swift; sourceTree = "<group>"; };
		BF806332BDF9F668DC2A4166 /* StatsSyncTests.swift */ = {isa = PBXFileReference; lastKnownFileType = sourcecode.swift; path = StatsSyncTests.swift; sourceTree = "<group>"; };
		C02B3CAC7E8D6D1B67E22215 /* SleepScheduleView.swift */ = {isa = PBXFileReference; lastKnownFileType = sourcecode.swift; path = SleepScheduleView.swift; sourceTree = "<group>"; };
		C44B088E668A73445F8D13B4 /* FeedService.swift */ = {isa = PBXFileReference; lastKnownFileType = sourcecode.swift; path = FeedService.swift; sourceTree = "<group>"; };
		C7B98C81B5F1788608DD831A /* FirstSubscribeCard.swift */ = {isa = PBXFileReference; lastKnownFileType = sourcecode.swift; path = FirstSubscribeCard.swift; sourceTree = "<group>"; };
		C8A87E5CAFBEC53B16857055 /* ShowEngagementAnalyzer.swift */ = {isa = PBXFileReference; lastKnownFileType = sourcecode.swift; path = ShowEngagementAnalyzer.swift; sourceTree = "<group>"; };
		CA5E51118F25B1259016B282 /* QueueSheetView.swift */ = {isa = PBXFileReference; lastKnownFileType = sourcecode.swift; path = QueueSheetView.swift; sourceTree = "<group>"; };
		CB944A661DCADD26283788F2 /* autohop-splashscreen-pure-6-9.png */ = {isa = PBXFileReference; lastKnownFileType = image.png; path = "autohop-splashscreen-pure-6-9.png"; sourceTree = "<group>"; };
		D25554BE74A86787F386D7BC /* PodcastDetailView.swift */ = {isa = PBXFileReference; lastKnownFileType = sourcecode.swift; path = PodcastDetailView.swift; sourceTree = "<group>"; };
		D4085481A5FB344177B51FA3 /* EpisodeFeedLoader.swift */ = {isa = PBXFileReference; lastKnownFileType = sourcecode.swift; path = EpisodeFeedLoader.swift; sourceTree = "<group>"; };
		D54CE5E93B8D748F0F9A0F2A /* AppDelegate.swift */ = {isa = PBXFileReference; lastKnownFileType = sourcecode.swift; path = AppDelegate.swift; sourceTree = "<group>"; };
		D5BAF0C68369211734ECE384 /* SleepTimerService.swift */ = {isa = PBXFileReference; lastKnownFileType = sourcecode.swift; path = SleepTimerService.swift; sourceTree = "<group>"; };
		D6CD09722CF511495FBD886F /* AutohopDatabase.swift */ = {isa = PBXFileReference; lastKnownFileType = sourcecode.swift; path = AutohopDatabase.swift; sourceTree = "<group>"; };
		D7F7A3AB78DEBAF5DF666016 /* ResourceMonitor.swift */ = {isa = PBXFileReference; lastKnownFileType = sourcecode.swift; path = ResourceMonitor.swift; sourceTree = "<group>"; };
		DB2ED604AA0A6EB3A81D6405 /* MenuSheetView.swift */ = {isa = PBXFileReference; lastKnownFileType = sourcecode.swift; path = MenuSheetView.swift; sourceTree = "<group>"; };
		DB498E27325745DCAFDCDF5A /* Subscription.swift */ = {isa = PBXFileReference; lastKnownFileType = sourcecode.swift; path = Subscription.swift; sourceTree = "<group>"; };
		DE9245F30E19F596955ACDB0 /* PersistResilienceTests.swift */ = {isa = PBXFileReference; lastKnownFileType = sourcecode.swift; path = PersistResilienceTests.swift; sourceTree = "<group>"; };
		DEDA523B5BEADDB7ED7CC077 /* SettingsStore.swift */ = {isa = PBXFileReference; lastKnownFileType = sourcecode.swift; path = SettingsStore.swift; sourceTree = "<group>"; };
		E07ED0ECD21597B36041D4C3 /* WelcomeView.swift */ = {isa = PBXFileReference; lastKnownFileType = sourcecode.swift; path = WelcomeView.swift; sourceTree = "<group>"; };
		E1E1146C9D0D29F95F61CC83 /* autohop-splashscreen-app-store-6-9.png */ = {isa = PBXFileReference; lastKnownFileType = image.png; path = "autohop-splashscreen-app-store-6-9.png"; sourceTree = "<group>"; };
		E2D5A368146F470AC4791427 /* HistorySyncTests.swift */ = {isa = PBXFileReference; lastKnownFileType = sourcecode.swift; path = HistorySyncTests.swift; sourceTree = "<group>"; };
		E4640CA53FD6C9A99BBE0875 /* SettingsView.swift */ = {isa = PBXFileReference; lastKnownFileType = sourcecode.swift; path = SettingsView.swift; sourceTree = "<group>"; };
		E4B8E5DB8DBB9C0533B1C7C8 /* DiagnosticLogView.swift */ = {isa = PBXFileReference; lastKnownFileType = sourcecode.swift; path = DiagnosticLogView.swift; sourceTree = "<group>"; };
		E5DAC7F5458F913394B197DF /* DownloadManager.swift */ = {isa = PBXFileReference; lastKnownFileType = sourcecode.swift; path = DownloadManager.swift; sourceTree = "<group>"; };
		E6F49CB55A2F6E2F13E1DD13 /* SilenceGapAccounting.swift */ = {isa = PBXFileReference; lastKnownFileType = sourcecode.swift; path = SilenceGapAccounting.swift; sourceTree = "<group>"; };
		E808A5060C4721B470695C1A /* ListeningStatsStore.swift */ = {isa = PBXFileReference; lastKnownFileType = sourcecode.swift; path = ListeningStatsStore.swift; sourceTree = "<group>"; };
		EDC1CA94E706E91930167D9F /* EpisodeShareSheet.swift */ = {isa = PBXFileReference; lastKnownFileType = sourcecode.swift; path = EpisodeShareSheet.swift; sourceTree = "<group>"; };
		EFF7CF11EF28BCAC4E54C4FB /* SupportView.swift */ = {isa = PBXFileReference; lastKnownFileType = sourcecode.swift; path = SupportView.swift; sourceTree = "<group>"; };
		F0A3E0382684E30C54800563 /* NativeVideoPlayerView.swift */ = {isa = PBXFileReference; lastKnownFileType = sourcecode.swift; path = NativeVideoPlayerView.swift; sourceTree = "<group>"; };
		F6C61B3D1EBFA29920F6C3BD /* GettingStartedChecklist.swift */ = {isa = PBXFileReference; lastKnownFileType = sourcecode.swift; path = GettingStartedChecklist.swift; sourceTree = "<group>"; };
		F95109FB55E98058516BF187 /* LogRedactionTests.swift */ = {isa = PBXFileReference; lastKnownFileType = sourcecode.swift; path = LogRedactionTests.swift; sourceTree = "<group>"; };
		FAF6869CDF5E12D17427C2D2 /* ParsedFeed.swift */ = {isa = PBXFileReference; lastKnownFileType = sourcecode.swift; path = ParsedFeed.swift; sourceTree = "<group>"; };
		FBD740613B06C339DC75500D /* DownloadsView.swift */ = {isa = PBXFileReference; lastKnownFileType = sourcecode.swift; path = DownloadsView.swift; sourceTree = "<group>"; };
		FBEF0B3559845D81A1BFFB69 /* CloudKit.framework */ = {isa = PBXFileReference; lastKnownFileType = wrapper.framework; name = CloudKit.framework; path = System/Library/Frameworks/CloudKit.framework; sourceTree = SDKROOT; };
		"TEMP_520BCE18-F1C6-4273-9CC4-2B00F1D26742" /* Assets.xcassets */ = {isa = PBXFileReference; lastKnownFileType = folder.assetcatalog; path = Assets.xcassets; sourceTree = "<group>"; };
		"TEMP_70E96C12-D5CC-475F-9886-2902C8FD7025" /* PrivacyInfo.xcprivacy */ = {isa = PBXFileReference; lastKnownFileType = text.xml; path = PrivacyInfo.xcprivacy; sourceTree = "<group>"; };
		"TEMP_CBABEBB0-DBA7-4140-85C8-4A31812CD83B" /* Autohop.xcodeproj */ = {isa = PBXFileReference; lastKnownFileType = "wrapper.pb-project"; path = Autohop.xcodeproj; sourceTree = "<group>"; };
/* End PBXFileReference section */

/* Begin PBXFrameworksBuildPhase section */
		C45CBFB6212D921EC5246FC5 /* Frameworks */ = {
			isa = PBXFrameworksBuildPhase;
			buildActionMask = 2147483647;
			files = (
				6CB8DBCEB5B239EDC5484E5C /* AVFoundation.framework in Frameworks */,
				D773074517AB41E4FB4BA00F /* AVKit.framework in Frameworks */,
				E4EE92A188FB0375F8B184AF /* MediaPlayer.framework in Frameworks */,
				0A84FB8D85D54F4FADFE40D1 /* BackgroundTasks.framework in Frameworks */,
				6EE402EA49F2830EBD1F44F7 /* UserNotifications.framework in Frameworks */,
				DB791FD19B5064ADC1DC96FB /* CloudKit.framework in Frameworks */,
				7979C37CADA5866EC470BD68 /* GRDB in Frameworks */,
			);
			runOnlyForDeploymentPostprocessing = 0;
		};
/* End PBXFrameworksBuildPhase section */

/* Begin PBXGroup section */
		00D4F540D362E5C437A07660 /* AppIcon */ = {
			isa = PBXGroup;
			children = (
				6BB657BA8CD0E083B65CB037 /* autohop-icon-v1.svg */,
			);
			path = AppIcon;
			sourceTree = "<group>";
		};
		165E3005C4FDDAA44880F894 /* AppStoreScreenshots */ = {
			isa = PBXGroup;
			children = (
				205260FD71CB1CDC7C2F0ED0 /* autohop-splashscreen-ai-preview.png */,
				E1E1146C9D0D29F95F61CC83 /* autohop-splashscreen-app-store-6-9.png */,
				CB944A661DCADD26283788F2 /* autohop-splashscreen-pure-6-9.png */,
			);
			path = AppStoreScreenshots;
			sourceTree = "<group>";
		};
		1EB1688D27DFE7E0F8F35E12 /* Frameworks */ = {
			isa = PBXGroup;
			children = (
				6A5A6DDE8961134FE0682A54 /* AVFoundation.framework */,
				6B362EFA83BC4FBE3A07CD37 /* AVKit.framework */,
				972F5B85D493E589CE300EC9 /* BackgroundTasks.framework */,
				FBEF0B3559845D81A1BFFB69 /* CloudKit.framework */,
				152B0D52BCB62FC71DA063EC /* MediaPlayer.framework */,
				253ABEDC0F34FCD44A3287B3 /* UserNotifications.framework */,
			);
			name = Frameworks;
			sourceTree = "<group>";
		};
		2A6B36EE44FB2631618BE232 /* Design */ = {
			isa = PBXGroup;
			children = (
				00D4F540D362E5C437A07660 /* AppIcon */,
			);
			path = Design;
			sourceTree = "<group>";
		};
		2DEDE9350DEB11C0D41ACB50 /* Views */ = {
			isa = PBXGroup;
			children = (
				BCFC591DB2F94F3B9CD1B653 /* AcknowledgementsView.swift */,
				AB5C2524C530DA21A6495034 /* AddFeedView.swift */,
				9ED876B306752D5EC2F481E6 /* AudioRoutePickerView.swift */,
				04DF907C44AFC3ED0F072C5B /* CachedArtworkImage.swift */,
				59B3BE69DC8E6E61772D84F0 /* CoachMark.swift */,
				E4B8E5DB8DBB9C0533B1C7C8 /* DiagnosticLogView.swift */,
				633574BB70D7788B90B0BDE9 /* DiscoverView.swift */,
				FBD740613B06C339DC75500D /* DownloadsView.swift */,
				0C042AA076339C9CFF61E388 /* EpisodeBadges.swift */,
				545F198A01DC29E823B37A4F /* EpisodeShareCardView.swift */,
				EDC1CA94E706E91930167D9F /* EpisodeShareSheet.swift */,
				C7B98C81B5F1788608DD831A /* FirstSubscribeCard.swift */,
				F6C61B3D1EBFA29920F6C3BD /* GettingStartedChecklist.swift */,
				DB2ED604AA0A6EB3A81D6405 /* MenuSheetView.swift */,
				F0A3E0382684E30C54800563 /* NativeVideoPlayerView.swift */,
				BB4220919178A3ECDE7D03CF /* NotificationSettingsView.swift */,
				5CF13A2502B3E5F81C7C7AD6 /* OPMLDocument.swift */,
				8CAFFA0CCB6D0382A13AB6F3 /* PlaybackControlsCard.swift */,
				37C2D2BA2408F2EF182B3B32 /* PlayerView.swift */,
				D25554BE74A86787F386D7BC /* PodcastDetailView.swift */,
				9B26404DFDADDE7CD73968A8 /* PodcastSearchView.swift */,
				7AB0B44C31CC81B5877BE5EF /* PodcastsView.swift */,
				CA5E51118F25B1259016B282 /* QueueSheetView.swift */,
				A314D3A788F1F62E2CC094A5 /* RootView.swift */,
				E4640CA53FD6C9A99BBE0875 /* SettingsView.swift */,
				C02B3CAC7E8D6D1B67E22215 /* SleepScheduleView.swift */,
				14DF66C0C501F07FFA8E90B1 /* SleepTimerSheetView.swift */,
				83317DE2DF49FB718258DD1B /* StarterPacksView.swift */,
				302ED5C15F04FA1D1453D26F /* StatsView.swift */,
				35748B243B085DB0E3E0076F /* SubscriptionSettingsView.swift */,
				2A7E25B19C8E70DF788BDA18 /* SupportContent.swift */,
				EFF7CF11EF28BCAC4E54C4FB /* SupportView.swift */,
				6CDAA6575B2C34C312271234 /* TopEpisodesView.swift */,
				E07ED0ECD21597B36041D4C3 /* WelcomeView.swift */,
			);
			path = Views;
			sourceTree = "<group>";
		};
		3DA6AD6E40140243E3D88764 /* Models */ = {
			isa = PBXGroup;
			children = (
				6DA24333B81A1F45C674024C /* AppSettings.swift */,
				1F2EF890D48B249CD312B14C /* Chapter.swift */,
				683993894FA5CDEC33131BAF /* Episode.swift */,
				0568C9279524F4C877719CB5 /* ListeningHistory.swift */,
				116B0991A291DB3826111098 /* PlaybackPreference.swift */,
				E6F49CB55A2F6E2F13E1DD13 /* SilenceGapAccounting.swift */,
				DB498E27325745DCAFDCDF5A /* Subscription.swift */,
				3027D04C8528CF33139935C8 /* Synced.swift */,
				BA7CFA3B7A377420EF2AAD05 /* SyncState.swift */,
			);
			path = Models;
			sourceTree = "<group>";
		};
		4251A45B13472B5F780F79A2 /* Tests */ = {
			isa = PBXGroup;
			children = (
				AC0E27B081F89588CF256B08 /* CloudKitSyncMappingTests.swift */,
				866DBA0E47D2A6C782809936 /* DownloadResponseValidationTests.swift */,
				2859FF1A2BC8DD321829104C /* EpisodeDiffPersistTests.swift */,
				E2D5A368146F470AC4791427 /* HistorySyncTests.swift */,
				9E249DD16A08F1A57FE53A80 /* HTTPResponseValidationTests.swift */,
				F95109FB55E98058516BF187 /* LogRedactionTests.swift */,
				DE9245F30E19F596955ACDB0 /* PersistResilienceTests.swift */,
				231A69569AAF670643035056 /* PlaybackPreferenceDefaultsTests.swift */,
				5236469AA77DC26F64274B57 /* RemoteEpisodeApplyTests.swift */,
				1EE50021DF85C88351E2E401 /* RSSParserTests.swift */,
				5A4695D03A188ABCBD7F93CF /* SilenceGapAccountingTests.swift */,
				BF806332BDF9F668DC2A4166 /* StatsSyncTests.swift */,
				AC3A8290AB892009F4F39161 /* StatsWriteCoalescingTests.swift */,
				B8A1BFC303E1031882116A93 /* SubscriptionPersistenceFailureTests.swift */,
				860B5ED3812C915B243F074F /* SubscriptionSyncTests.swift */,
				547F1BE10923BA0452A3B3AA /* SyncGuardsTests.swift */,
				46CF89DF15A4D2CDDF676EC0 /* SyncStateTests.swift */,
				95B178D38DBA55412674733E /* Fixtures */,
			);
			path = Tests;
			sourceTree = "<group>";
		};
		48D329F4BCFDDCC67F1C3A5E /* NowPlaying */ = {
			isa = PBXGroup;
			children = (
				31EB5D4327A2A02FC9F88ACF /* NowPlayingService.swift */,
			);
			path = NowPlaying;
			sourceTree = "<group>";
		};
		4D6D9510926F37959A3AF489 /* Downloads */ = {
			isa = PBXGroup;
			children = (
				9722A18CD9E100A7A5763C41 /* DownloadActivityStore.swift */,
				E5DAC7F5458F913394B197DF /* DownloadManager.swift */,
			);
			path = Downloads;
			sourceTree = "<group>";
		};
		52C85B7B11A7B77E806FEEBE /* Feeds */ = {
			isa = PBXGroup;
			children = (
				D4085481A5FB344177B51FA3 /* EpisodeFeedLoader.swift */,
				4131E590B934F14C0BAE6997 /* FeedPreviewViewModel.swift */,
				C44B088E668A73445F8D13B4 /* FeedService.swift */,
				016F1F5D536EEC59138B6CDE /* OPMLService.swift */,
				FAF6869CDF5E12D17427C2D2 /* ParsedFeed.swift */,
				77C60EE74A8B213D9CAE978C /* PodcastCharts.swift */,
				3976B164B99940414D5413E2 /* PodcastSearch.swift */,
				3565F21462B26325EB4EB477 /* RSSParser.swift */,
			);
			path = Feeds;
			sourceTree = "<group>";
		};
		69BF1FD49601E7C3CEA29E01 /* Stats */ = {
			isa = PBXGroup;
			children = (
				C8A87E5CAFBEC53B16857055 /* ShowEngagementAnalyzer.swift */,
			);
			path = Stats;
			sourceTree = "<group>";
		};
		7012122AF80BE6512A9C2E7C /* Settings */ = {
			isa = PBXGroup;
			children = (
				3F4F72C26B5F410F644B0050 /* SettingsViewModel.swift */,
			);
			path = Settings;
			sourceTree = "<group>";
		};
		7443724296D235E2B9B76A2E = {
			isa = PBXGroup;
			children = (
				880172BFC198BC86B5F2126B /* App */,
				165E3005C4FDDAA44880F894 /* AppStoreScreenshots */,
				D79F29C26632FE7C4D15AA1D /* Chapters */,
				2A6B36EE44FB2631618BE232 /* Design */,
				4D6D9510926F37959A3AF489 /* Downloads */,
				52C85B7B11A7B77E806FEEBE /* Feeds */,
				85B81B9EDC95F508522C01A8 /* Logging */,
				3DA6AD6E40140243E3D88764 /* Models */,
				824FE759875B33A25A3B9144 /* Notifications */,
				48D329F4BCFDDCC67F1C3A5E /* NowPlaying */,
				8FACFB33114E1521E918D3F6 /* Persistence */,
				AE9FF3143C16A4CF5AF88B70 /* Playback */,
				B1A78271B86DD0F288D70410 /* Queue */,
				7012122AF80BE6512A9C2E7C /* Settings */,
				69BF1FD49601E7C3CEA29E01 /* Stats */,
				4251A45B13472B5F780F79A2 /* Tests */,
				2DEDE9350DEB11C0D41ACB50 /* Views */,
				1EB1688D27DFE7E0F8F35E12 /* Frameworks */,
				E3923884C95475B59D26CAED /* Products */,
				8F156F352FE7C9740055F340 /* Recovered References */,
			);
			sourceTree = "<group>";
		};
		824FE759875B33A25A3B9144 /* Notifications */ = {
			isa = PBXGroup;
			children = (
				5014A13278DFD204DFD0007C /* NotificationService.swift */,
			);
			path = Notifications;
			sourceTree = "<group>";
		};
		85B81B9EDC95F508522C01A8 /* Logging */ = {
			isa = PBXGroup;
			children = (
				3125C204FC44E2136A76414C /* AppLogger.swift */,
				D7F7A3AB78DEBAF5DF666016 /* ResourceMonitor.swift */,
			);
			path = Logging;
			sourceTree = "<group>";
		};
		880172BFC198BC86B5F2126B /* App */ = {
			isa = PBXGroup;
			children = (
				D54CE5E93B8D748F0F9A0F2A /* AppDelegate.swift */,
				21BC32637767178331176C36 /* AppState.swift */,
				24917C9633C17930928857C5 /* AutohopApp.swift */,
				0EC29E0D6933DB9FB1CD44AA /* BackgroundTaskCoordinator.swift */,
			);
			path = App;
			sourceTree = "<group>";
		};
		8F156F352FE7C9740055F340 /* Recovered References */ = {
			isa = PBXGroup;
			children = (
				"TEMP_520BCE18-F1C6-4273-9CC4-2B00F1D26742" /* Assets.xcassets */,
				"TEMP_CBABEBB0-DBA7-4140-85C8-4A31812CD83B" /* Autohop.xcodeproj */,
				"TEMP_70E96C12-D5CC-475F-9886-2902C8FD7025" /* PrivacyInfo.xcprivacy */,
			);
			name = "Recovered References";
			sourceTree = "<group>";
		};
		8F156F362FE7C9750055F340 /* Products */ = {
			isa = PBXGroup;
			name = Products;
			sourceTree = "<group>";
		};
		8FACFB33114E1521E918D3F6 /* Persistence */ = {
			isa = PBXGroup;
			children = (
				D6CD09722CF511495FBD886F /* AutohopDatabase.swift */,
				0B9A4F7DEA726E7CB7EB5506 /* CloudKitSyncMapping.swift */,
				347E5DA5762F15B832B17049 /* CloudSyncEngine.swift */,
				E808A5060C4721B470695C1A /* ListeningStatsStore.swift */,
				DEDA523B5BEADDB7ED7CC077 /* SettingsStore.swift */,
				017E7C8820A88C4A080084E2 /* SubscriptionStore.swift */,
			);
			path = Persistence;
			sourceTree = "<group>";
		};
		95B178D38DBA55412674733E /* Fixtures */ = {
			isa = PBXGroup;
			children = (
				1669AC404FB7A65C54DF4052 /* ABCBreakfastSampleFeed.xml */,
				ADAF490F6714132C813C0E00 /* ThreeAWMelbourneNewsSampleFeed.xml */,
			);
			path = Fixtures;
			sourceTree = "<group>";
		};
		AE9FF3143C16A4CF5AF88B70 /* Playback */ = {
			isa = PBXGroup;
			children = (
				16FD6DE750266E615081EA09 /* PlaybackEngine.swift */,
				6CE8C5CD51F36B650901B3F2 /* SilenceDetector.swift */,
				07E83796C882D3674FA7F0C8 /* SleepScheduleService.swift */,
				D5BAF0C68369211734ECE384 /* SleepTimerService.swift */,
			);
			path = Playback;
			sourceTree = "<group>";
		};
		B1A78271B86DD0F288D70410 /* Queue */ = {
			isa = PBXGroup;
			children = (
				5843E176F77CC6DC4B9EDA8B /* QueueService.swift */,
			);
			path = Queue;
			sourceTree = "<group>";
		};
		D79F29C26632FE7C4D15AA1D /* Chapters */ = {
			isa = PBXGroup;
			children = (
				B89A48F1CC784F17C10C516E /* ChapterService.swift */,
			);
			path = Chapters;
			sourceTree = "<group>";
		};
		E3923884C95475B59D26CAED /* Products */ = {
			isa = PBXGroup;
			children = (
				37105C01AB41D0EE542AC9C5 /* Autohop.app */,
				8F6BE90CFA13F09C49C4088D /* AutohopTests.xctest */,
			);
			name = Products;
			sourceTree = "<group>";
		};
/* End PBXGroup section */

/* Begin PBXNativeTarget section */
		3C82BC83FCC9F6D3677A8203 /* Autohop */ = {
			isa = PBXNativeTarget;
			buildConfigurationList = 7C43C9E9C8F1BC3BE73549B0 /* Build configuration list for PBXNativeTarget "Autohop" */;
			buildPhases = (
				393A8FA531E11804D6664C4B /* Sources */,
				E75A472A6CCFF4082408C010 /* Resources */,
				C45CBFB6212D921EC5246FC5 /* Frameworks */,
			);
			buildRules = (
			);
			dependencies = (
			);
			name = Autohop;
			packageProductDependencies = (
				C53B1694A3EA3D3CAEA54EC7 /* GRDB */,
			);
			productName = Autohop;
			productReference = 37105C01AB41D0EE542AC9C5 /* Autohop.app */;
			productType = "com.apple.product-type.application";
		};
		739517584853FEFA52A443B6 /* AutohopTests */ = {
			isa = PBXNativeTarget;
			buildConfigurationList = C5E8972017E049B2C52BA491 /* Build configuration list for PBXNativeTarget "AutohopTests" */;
			buildPhases = (
				9B90905C6948A6BE52986509 /* Sources */,
				C51B23931017D79D0E0B9D37 /* Resources */,
			);
			buildRules = (
			);
			dependencies = (
				7E6BF6C2784DEE710F0F37CC /* PBXTargetDependency */,
			);
			name = AutohopTests;
			packageProductDependencies = (
			);
			productName = AutohopTests;
			productReference = 8F6BE90CFA13F09C49C4088D /* AutohopTests.xctest */;
			productType = "com.apple.product-type.bundle.unit-test";
		};
/* End PBXNativeTarget section */

/* Begin PBXProject section */
		259B76BA85D833CCB7251FF0 /* Project object */ = {
			isa = PBXProject;
			attributes = {
				BuildIndependentTargetsInParallel = YES;
				LastUpgradeCheck = 1540;
				TargetAttributes = {
					3C82BC83FCC9F6D3677A8203 = {
						DevelopmentTeam = QT3N6256FG;
						ProvisioningStyle = Automatic;
					};
				};
			};
			buildConfigurationList = E885AF816938E36BA9F69604 /* Build configuration list for PBXProject "Autohop" */;
			developmentRegion = en;
			hasScannedForEncodings = 0;
			knownRegions = (
				Base,
				en,
			);
			mainGroup = 7443724296D235E2B9B76A2E;
			minimizedProjectReferenceProxies = 1;
			packageReferences = (
				C86973903E830F1E3B870293 /* XCRemoteSwiftPackageReference "GRDB.swift" */,
			);
			preferredProjectObjectVersion = 77;
			productRefGroup = E3923884C95475B59D26CAED /* Products */;
			projectDirPath = "";
			projectReferences = (
				{
					ProductGroup = 8F156F362FE7C9750055F340 /* Products */;
					ProjectRef = "TEMP_CBABEBB0-DBA7-4140-85C8-4A31812CD83B" /* Autohop.xcodeproj */;
				},
			);
			projectRoot = "";
			targets = (
				3C82BC83FCC9F6D3677A8203 /* Autohop */,
				739517584853FEFA52A443B6 /* AutohopTests */,
			);
		};
/* End PBXProject section */

/* Begin PBXResourcesBuildPhase section */
		C51B23931017D79D0E0B9D37 /* Resources */ = {
			isa = PBXResourcesBuildPhase;
			buildActionMask = 2147483647;
			files = (
				A305D87E559B997D69CBCD09 /* ABCBreakfastSampleFeed.xml in Resources */,
				7EF5BD8B18180F1FFDD33AB4 /* ThreeAWMelbourneNewsSampleFeed.xml in Resources */,
			);
			runOnlyForDeploymentPostprocessing = 0;
		};
		E75A472A6CCFF4082408C010 /* Resources */ = {
			isa = PBXResourcesBuildPhase;
			buildActionMask = 2147483647;
			files = (
				7126678523718E401C2AFE78 /* Assets.xcassets in Resources */,
				FDC91A564FDDDCF695A07094 /* Autohop.xcodeproj in Resources */,
				62D168972BDD341239693771 /* PrivacyInfo.xcprivacy in Resources */,
				4A1DD78B5074429747B1688F /* autohop-icon-v1.svg in Resources */,
				F8433597E37EB97288E79761 /* autohop-splashscreen-ai-preview.png in Resources */,
				10396F07E9855DB0F0FDAC42 /* autohop-splashscreen-app-store-6-9.png in Resources */,
				20957967D523388DE56901A0 /* autohop-splashscreen-pure-6-9.png in Resources */,
			);
			runOnlyForDeploymentPostprocessing = 0;
		};
/* End PBXResourcesBuildPhase section */

/* Begin PBXSourcesBuildPhase section */
		393A8FA531E11804D6664C4B /* Sources */ = {
			isa = PBXSourcesBuildPhase;
			buildActionMask = 2147483647;
			files = (
				C16D45891DE68CBBC5E8E224 /* AcknowledgementsView.swift in Sources */,
				71E7F0C44A93C801D63C7121 /* AddFeedView.swift in Sources */,
				79C6A1FD80ACA72B5971F816 /* AppDelegate.swift in Sources */,
				33F1DE3CEB3FEBC390925C57 /* AppLogger.swift in Sources */,
				65AAE222862ADC3F71B7E80D /* AppSettings.swift in Sources */,
				1DD2A617647E6CF512A1C6E6 /* AppState.swift in Sources */,
				8FD5834553AE884C392CB049 /* AudioRoutePickerView.swift in Sources */,
				F4049937C764D758D686ED64 /* AutohopApp.swift in Sources */,
				54739E27850EC78ED589F31E /* AutohopDatabase.swift in Sources */,
				48D4BBE905ECB9EA3A78558B /* BackgroundTaskCoordinator.swift in Sources */,
				3EEB38CEB6637E72C972E434 /* CachedArtworkImage.swift in Sources */,
				C5FB42964A305A6CAD31CBCA /* Chapter.swift in Sources */,
				B2D8AA4F677325CBEB0D4784 /* ChapterService.swift in Sources */,
				CD352A8639A1C1984A9BAAF0 /* CloudKitSyncMapping.swift in Sources */,
				0BB782EB43F1B7A4ADCD28ED /* CloudSyncEngine.swift in Sources */,
				BE8959D445D8B2C65ADB9AC2 /* CoachMark.swift in Sources */,
				1AF9D8609A1601018501E5BD /* DiagnosticLogView.swift in Sources */,
				8D417A97DBFC35F926D93B31 /* DiscoverView.swift in Sources */,
				3C1EC35377A2A5D79B1584DA /* DownloadActivityStore.swift in Sources */,
				1173F747B11839519A673A85 /* DownloadManager.swift in Sources */,
				1566AAE1A6389EDA957F81FF /* DownloadsView.swift in Sources */,
				624D0FBCD19B1302BB804A7E /* Episode.swift in Sources */,
				1B96CE584A074F204180E0DA /* EpisodeBadges.swift in Sources */,
				B0AF83B1F0EB3A7573F5904D /* EpisodeFeedLoader.swift in Sources */,
				EE06D114315111D29A0E738A /* EpisodeShareCardView.swift in Sources */,
				0B57767A3DBA980BED907BD9 /* EpisodeShareSheet.swift in Sources */,
				D982829042569BE85DF9E3BA /* FeedPreviewViewModel.swift in Sources */,
				34D89E97DD5170651921E1E9 /* FeedService.swift in Sources */,
				ABDBFCCA92F2CB288B252618 /* FirstSubscribeCard.swift in Sources */,
				6C605C477BA707E79EBE1E8E /* GettingStartedChecklist.swift in Sources */,
				01A2E2E1755A6FD8202F9963 /* ListeningHistory.swift in Sources */,
				744B566F8CB897CF7C806DC6 /* ListeningStatsStore.swift in Sources */,
				E940BF2B47CC32BF49F1AD09 /* MenuSheetView.swift in Sources */,
				714732757E10CD771CFC6FC7 /* NativeVideoPlayerView.swift in Sources */,
				0DA3199324B6538A1AA0CB55 /* NotificationService.swift in Sources */,
				13CA6FD92A6DC4146A360D0E /* NotificationSettingsView.swift in Sources */,
				9209CC8EEB66F1B2C16094D2 /* NowPlayingService.swift in Sources */,
				EDD91FCF5DCE082CACDF0E2E /* OPMLDocument.swift in Sources */,
				33B562963DD6313B592802F5 /* OPMLService.swift in Sources */,
				DD09006541935702499298DA /* ParsedFeed.swift in Sources */,
				5F31E6436B83B9BE0115C179 /* PlaybackControlsCard.swift in Sources */,
				335337163D0A2505CB51E1C0 /* PlaybackEngine.swift in Sources */,
				83A915229022E951DD94E0EB /* PlaybackPreference.swift in Sources */,
				59BDFF3933ED86A7C14C9069 /* PlayerView.swift in Sources */,
				E239E1C1E3C267AC2FB54730 /* PodcastCharts.swift in Sources */,
				76CD687F77CB4DCADA6D5D9B /* PodcastDetailView.swift in Sources */,
				F219A8B281E4313EE02BB90A /* PodcastSearch.swift in Sources */,
				E05AFC98E6B1842F1BF4D15D /* PodcastSearchView.swift in Sources */,
				C57E1D3F2D15855909D0F3A2 /* PodcastsView.swift in Sources */,
				90E60676218DF06C64AB3A02 /* QueueService.swift in Sources */,
				C7C054400CFD003E292473C6 /* QueueSheetView.swift in Sources */,
				32612A7A83338C90F88DAB66 /* RSSParser.swift in Sources */,
				076CB6E7151288F67BE3D33B /* ResourceMonitor.swift in Sources */,
				EF1600E98AC2B56C4C400648 /* RootView.swift in Sources */,
				44BEB63E377B429766ABA020 /* SettingsStore.swift in Sources */,
				9135E017CE55B141B15F5738 /* SettingsView.swift in Sources */,
				E3B17E894AF7A054785DDDE8 /* SettingsViewModel.swift in Sources */,
				26AD017DF9A1979B8D111B48 /* ShowEngagementAnalyzer.swift in Sources */,
				B906D18D9FCC95E6F2D41F01 /* SilenceDetector.swift in Sources */,
				5299D7D4B6F56C49B69B042A /* SilenceGapAccounting.swift in Sources */,
				95FFFB761A9CE60ACCF92C5F /* SleepScheduleService.swift in Sources */,
				C8EF9CC6249F731DD33A448D /* SleepScheduleView.swift in Sources */,
				D26E2B997A9791A4790F1DD6 /* SleepTimerService.swift in Sources */,
				5F63CE6D30FCE1AF5A8269AD /* SleepTimerSheetView.swift in Sources */,
				837C70B94F5B270EA2BBEC4F /* StarterPacksView.swift in Sources */,
				FD4EBB3959512A24B22A416D /* StatsView.swift in Sources */,
				0F9ED9645CB156B3BE61DEE6 /* Subscription.swift in Sources */,
				B210DB81D2DA8717E99F54FA /* SubscriptionSettingsView.swift in Sources */,
				9F4594BC013D8842420C917F /* SubscriptionStore.swift in Sources */,
				864AC2465FB83D9BC594AC37 /* SupportContent.swift in Sources */,
				1E678C6F6C451BF5F5A403C9 /* SupportView.swift in Sources */,
				E3380CF1CAF59289183A743F /* SyncState.swift in Sources */,
				120866928DF34B2E17B9D0C4 /* Synced.swift in Sources */,
				8367D68603280F7A4A288C2B /* TopEpisodesView.swift in Sources */,
				29D20949EDEA2FBB1EC01FE4 /* WelcomeView.swift in Sources */,
			);
			runOnlyForDeploymentPostprocessing = 0;
		};
		9B90905C6948A6BE52986509 /* Sources */ = {
			isa = PBXSourcesBuildPhase;
			buildActionMask = 2147483647;
			files = (
				024A67A87428D19197A1641B /* CloudKitSyncMappingTests.swift in Sources */,
				1BB260AEF537B29C31F94017 /* DownloadResponseValidationTests.swift in Sources */,
				F60A9D862A27C0B6ECB6FE8E /* EpisodeDiffPersistTests.swift in Sources */,
				91B420347CDB3B05375799EB /* HTTPResponseValidationTests.swift in Sources */,
				7C336F2FC7117E89325B2A0F /* HistorySyncTests.swift in Sources */,
				3B8B481797834DA0E670EDCC /* LogRedactionTests.swift in Sources */,
				8FF6E6E43D5F2EAA81C99C42 /* PersistResilienceTests.swift in Sources */,
				A6940DB2DD8FDBFE0D195138 /* PlaybackPreferenceDefaultsTests.swift in Sources */,
				2CB94841CBA3715B633E5332 /* RSSParserTests.swift in Sources */,
				9D8CD5C871B7E48DD71A6AD6 /* RemoteEpisodeApplyTests.swift in Sources */,
				B520FD862A96DF46EED277D1 /* SilenceGapAccountingTests.swift in Sources */,
				70F6C3BE4167056AC22246AB /* StatsSyncTests.swift in Sources */,
				688BD3D8B42D008DB1D7B3F6 /* StatsWriteCoalescingTests.swift in Sources */,
				F04D8956C833756F2AD12D09 /* SubscriptionPersistenceFailureTests.swift in Sources */,
				5570158A3C166BF3D53DE8CD /* SubscriptionSyncTests.swift in Sources */,
				797F740F2BF3D71304B9717F /* SyncGuardsTests.swift in Sources */,
				84BE71C99454599650753E22 /* SyncStateTests.swift in Sources */,
			);
			runOnlyForDeploymentPostprocessing = 0;
		};
/* End PBXSourcesBuildPhase section */

/* Begin PBXTargetDependency section */
		7E6BF6C2784DEE710F0F37CC /* PBXTargetDependency */ = {
			isa = PBXTargetDependency;
			target = 3C82BC83FCC9F6D3677A8203 /* Autohop */;
			targetProxy = 083E302F20204E858B52B826 /* PBXContainerItemProxy */;
		};
/* End PBXTargetDependency section */

/* Begin XCBuildConfiguration section */
		1F305E134B84A6A3315394E7 /* Debug */ = {
			isa = XCBuildConfiguration;
			buildSettings = {
				ASSETCATALOG_COMPILER_APPICON_NAME = AppIcon;
				ASSETCATALOG_COMPILER_GLOBAL_ACCENT_COLOR_NAME = AccentColor;
				CODE_SIGN_ENTITLEMENTS = Autohop.entitlements;
				CODE_SIGN_IDENTITY = "iPhone Developer";
				CODE_SIGN_STYLE = Automatic;
				CURRENT_PROJECT_VERSION = 2;
				DEBUG_INFORMATION_FORMAT = "dwarf-with-dsym";
				DEVELOPMENT_TEAM = QT3N6256FG;
				INFOPLIST_FILE = Info.plist;
				IPHONEOS_DEPLOYMENT_TARGET = 17.0;
				LD_RUNPATH_SEARCH_PATHS = (
					"$(inherited)",
					"@executable_path/Frameworks",
				);
				MARKETING_VERSION = 1.1;
				PRODUCT_BUNDLE_IDENTIFIER = com.kevinperry.autohop;
				SDKROOT = iphoneos;
				SWIFT_ACTIVE_COMPILATION_CONDITIONS = DEBUG;
				TARGETED_DEVICE_FAMILY = 1;
			};
			name = Debug;
		};
		229600C59CF88494130DD9ED /* Release */ = {
			isa = XCBuildConfiguration;
			buildSettings = {
				BUNDLE_LOADER = "$(TEST_HOST)";
				IPHONEOS_DEPLOYMENT_TARGET = 17.0;
				LD_RUNPATH_SEARCH_PATHS = (
					"$(inherited)",
					"@executable_path/Frameworks",
					"@loader_path/Frameworks",
				);
				PRODUCT_BUNDLE_IDENTIFIER = com.autohop.app.tests;
				SDKROOT = iphoneos;
				TARGETED_DEVICE_FAMILY = "1,2";
				TEST_HOST = "$(BUILT_PRODUCTS_DIR)/Autohop.app/Autohop";
			};
			name = Release;
		};
		5CC764936F48FE827AC3B265 /* Release */ = {
			isa = XCBuildConfiguration;
			buildSettings = {
				ASSETCATALOG_COMPILER_APPICON_NAME = AppIcon;
				ASSETCATALOG_COMPILER_GLOBAL_ACCENT_COLOR_NAME = AccentColor;
				CODE_SIGN_ENTITLEMENTS = Autohop.entitlements;
				CODE_SIGN_IDENTITY = "iPhone Developer";
				CODE_SIGN_STYLE = Automatic;
				CURRENT_PROJECT_VERSION = 2;
				DEBUG_INFORMATION_FORMAT = "dwarf-with-dsym";
				DEVELOPMENT_TEAM = QT3N6256FG;
				INFOPLIST_FILE = Info.plist;
				IPHONEOS_DEPLOYMENT_TARGET = 17.0;
				LD_RUNPATH_SEARCH_PATHS = (
					"$(inherited)",
					"@executable_path/Frameworks",
				);
				MARKETING_VERSION = 1.1;
				PRODUCT_BUNDLE_IDENTIFIER = com.kevinperry.autohop;
				SDKROOT = iphoneos;
				SWIFT_ACTIVE_COMPILATION_CONDITIONS = "";
				SWIFT_COMPILATION_MODE = wholemodule;
				TARGETED_DEVICE_FAMILY = 1;
			};
			name = Release;
		};
		795DEA63467BFC2B286E02DF /* Debug */ = {
			isa = XCBuildConfiguration;
			buildSettings = {
				ALWAYS_SEARCH_USER_PATHS = NO;
				CLANG_ANALYZER_NONNULL = YES;
				CLANG_ANALYZER_NUMBER_OBJECT_CONVERSION = YES_AGGRESSIVE;
				CLANG_CXX_LANGUAGE_STANDARD = "gnu++14";
				CLANG_CXX_LIBRARY = "libc++";
				CLANG_ENABLE_MODULES = YES;
				CLANG_ENABLE_OBJC_ARC = YES;
				CLANG_ENABLE_OBJC_WEAK = YES;
				CLANG_WARN_BLOCK_CAPTURE_AUTORELEASING = YES;
				CLANG_WARN_BOOL_CONVERSION = YES;
				CLANG_WARN_COMMA = YES;
				CLANG_WARN_CONSTANT_CONVERSION = YES;
				CLANG_WARN_DEPRECATED_OBJC_IMPLEMENTATIONS = YES;
				CLANG_WARN_DIRECT_OBJC_ISA_USAGE = YES_ERROR;
				CLANG_WARN_DOCUMENTATION_COMMENTS = YES;
				CLANG_WARN_EMPTY_BODY = YES;
				CLANG_WARN_ENUM_CONVERSION = YES;
				CLANG_WARN_INFINITE_RECURSION = YES;
				CLANG_WARN_INT_CONVERSION = YES;
				CLANG_WARN_NON_LITERAL_NULL_CONVERSION = YES;
				CLANG_WARN_OBJC_IMPLICIT_RETAIN_SELF = YES;
				CLANG_WARN_OBJC_LITERAL_CONVERSION = YES;
				CLANG_WARN_OBJC_ROOT_CLASS = YES_ERROR;
				CLANG_WARN_QUOTED_INCLUDE_IN_FRAMEWORK_HEADER = YES;
				CLANG_WARN_RANGE_LOOP_ANALYSIS = YES;
				CLANG_WARN_STRICT_PROTOTYPES = YES;
				CLANG_WARN_SUSPICIOUS_MOVE = YES;
				CLANG_WARN_UNGUARDED_AVAILABILITY = YES_AGGRESSIVE;
				CLANG_WARN_UNREACHABLE_CODE = YES;
				CLANG_WARN__DUPLICATE_METHOD_MATCH = YES;
				COPY_PHASE_STRIP = NO;
				DEBUG_INFORMATION_FORMAT = dwarf;
				ENABLE_STRICT_OBJC_MSGSEND = YES;
				ENABLE_TESTABILITY = YES;
				GCC_C_LANGUAGE_STANDARD = gnu11;
				GCC_DYNAMIC_NO_PIC = NO;
				GCC_NO_COMMON_BLOCKS = YES;
				GCC_OPTIMIZATION_LEVEL = 0;
				GCC_PREPROCESSOR_DEFINITIONS = (
					"$(inherited)",
					"DEBUG=1",
				);
				GCC_WARN_64_TO_32_BIT_CONVERSION = YES;
				GCC_WARN_ABOUT_RETURN_TYPE = YES_ERROR;
				GCC_WARN_UNDECLARED_SELECTOR = YES;
				GCC_WARN_UNINITIALIZED_AUTOS = YES_AGGRESSIVE;
				GCC_WARN_UNUSED_FUNCTION = YES;
				GCC_WARN_UNUSED_VARIABLE = YES;
				IPHONEOS_DEPLOYMENT_TARGET = 17.0;
				MTL_ENABLE_DEBUG_INFO = INCLUDE_SOURCE;
				MTL_FAST_MATH = YES;
				ONLY_ACTIVE_ARCH = YES;
				PRODUCT_NAME = "$(TARGET_NAME)";
				SDKROOT = iphoneos;
				SWIFT_ACTIVE_COMPILATION_CONDITIONS = DEBUG;
				SWIFT_OPTIMIZATION_LEVEL = "-Onone";
				SWIFT_VERSION = 5.9;
				TARGETED_DEVICE_FAMILY = 1;
			};
			name = Debug;
		};
		96509547F53AA4F33654278B /* Release */ = {
			isa = XCBuildConfiguration;
			buildSettings = {
				ALWAYS_SEARCH_USER_PATHS = NO;
				CLANG_ANALYZER_NONNULL = YES;
				CLANG_ANALYZER_NUMBER_OBJECT_CONVERSION = YES_AGGRESSIVE;
				CLANG_CXX_LANGUAGE_STANDARD = "gnu++14";
				CLANG_CXX_LIBRARY = "libc++";
				CLANG_ENABLE_MODULES = YES;
				CLANG_ENABLE_OBJC_ARC = YES;
				CLANG_ENABLE_OBJC_WEAK = YES;
				CLANG_WARN_BLOCK_CAPTURE_AUTORELEASING = YES;
				CLANG_WARN_BOOL_CONVERSION = YES;
				CLANG_WARN_COMMA = YES;
				CLANG_WARN_CONSTANT_CONVERSION = YES;
				CLANG_WARN_DEPRECATED_OBJC_IMPLEMENTATIONS = YES;
				CLANG_WARN_DIRECT_OBJC_ISA_USAGE = YES_ERROR;
				CLANG_WARN_DOCUMENTATION_COMMENTS = YES;
				CLANG_WARN_EMPTY_BODY = YES;
				CLANG_WARN_ENUM_CONVERSION = YES;
				CLANG_WARN_INFINITE_RECURSION = YES;
				CLANG_WARN_INT_CONVERSION = YES;
				CLANG_WARN_NON_LITERAL_NULL_CONVERSION = YES;
				CLANG_WARN_OBJC_IMPLICIT_RETAIN_SELF = YES;
				CLANG_WARN_OBJC_LITERAL_CONVERSION = YES;
				CLANG_WARN_OBJC_ROOT_CLASS = YES_ERROR;
				CLANG_WARN_QUOTED_INCLUDE_IN_FRAMEWORK_HEADER = YES;
				CLANG_WARN_RANGE_LOOP_ANALYSIS = YES;
				CLANG_WARN_STRICT_PROTOTYPES = YES;
				CLANG_WARN_SUSPICIOUS_MOVE = YES;
				CLANG_WARN_UNGUARDED_AVAILABILITY = YES_AGGRESSIVE;
				CLANG_WARN_UNREACHABLE_CODE = YES;
				CLANG_WARN__DUPLICATE_METHOD_MATCH = YES;
				COPY_PHASE_STRIP = NO;
				DEBUG_INFORMATION_FORMAT = "dwarf-with-dsym";
				ENABLE_NS_ASSERTIONS = NO;
				ENABLE_STRICT_OBJC_MSGSEND = YES;
				GCC_C_LANGUAGE_STANDARD = gnu11;
				GCC_NO_COMMON_BLOCKS = YES;
				GCC_WARN_64_TO_32_BIT_CONVERSION = YES;
				GCC_WARN_ABOUT_RETURN_TYPE = YES_ERROR;
				GCC_WARN_UNDECLARED_SELECTOR = YES;
				GCC_WARN_UNINITIALIZED_AUTOS = YES_AGGRESSIVE;
				GCC_WARN_UNUSED_FUNCTION = YES;
				GCC_WARN_UNUSED_VARIABLE = YES;
				IPHONEOS_DEPLOYMENT_TARGET = 17.0;
				MTL_ENABLE_DEBUG_INFO = NO;
				MTL_FAST_MATH = YES;
				PRODUCT_NAME = "$(TARGET_NAME)";
				SDKROOT = iphoneos;
				SWIFT_COMPILATION_MODE = wholemodule;
				SWIFT_OPTIMIZATION_LEVEL = "-O";
				SWIFT_VERSION = 5.9;
				TARGETED_DEVICE_FAMILY = 1;
			};
			name = Release;
		};
		C5D88EA2D8E7AE22114811A2 /* Debug */ = {
			isa = XCBuildConfiguration;
			buildSettings = {
				BUNDLE_LOADER = "$(TEST_HOST)";
				IPHONEOS_DEPLOYMENT_TARGET = 17.0;
				LD_RUNPATH_SEARCH_PATHS = (
					"$(inherited)",
					"@executable_path/Frameworks",
					"@loader_path/Frameworks",
				);
				PRODUCT_BUNDLE_IDENTIFIER = com.autohop.app.tests;
				SDKROOT = iphoneos;
				TARGETED_DEVICE_FAMILY = "1,2";
				TEST_HOST = "$(BUILT_PRODUCTS_DIR)/Autohop.app/Autohop";
			};
			name = Debug;
		};
/* End XCBuildConfiguration section */

/* Begin XCConfigurationList section */
		7C43C9E9C8F1BC3BE73549B0 /* Build configuration list for PBXNativeTarget "Autohop" */ = {
			isa = XCConfigurationList;
			buildConfigurations = (
				1F305E134B84A6A3315394E7 /* Debug */,
				5CC764936F48FE827AC3B265 /* Release */,
			);
			defaultConfigurationIsVisible = 0;
			defaultConfigurationName = Debug;
		};
		C5E8972017E049B2C52BA491 /* Build configuration list for PBXNativeTarget "AutohopTests" */ = {
			isa = XCConfigurationList;
			buildConfigurations = (
				C5D88EA2D8E7AE22114811A2 /* Debug */,
				229600C59CF88494130DD9ED /* Release */,
			);
			defaultConfigurationIsVisible = 0;
			defaultConfigurationName = Debug;
		};
		E885AF816938E36BA9F69604 /* Build configuration list for PBXProject "Autohop" */ = {
			isa = XCConfigurationList;
			buildConfigurations = (
				795DEA63467BFC2B286E02DF /* Debug */,
				96509547F53AA4F33654278B /* Release */,
			);
			defaultConfigurationIsVisible = 0;
			defaultConfigurationName = Debug;
		};
/* End XCConfigurationList section */

/* Begin XCRemoteSwiftPackageReference section */
		C86973903E830F1E3B870293 /* XCRemoteSwiftPackageReference "GRDB.swift" */ = {
			isa = XCRemoteSwiftPackageReference;
			repositoryURL = "https://github.com/groue/GRDB.swift.git";
			requirement = {
				kind = upToNextMajorVersion;
				minimumVersion = 6.29.0;
			};
		};
/* End XCRemoteSwiftPackageReference section */

/* Begin XCSwiftPackageProductDependency section */
		C53B1694A3EA3D3CAEA54EC7 /* GRDB */ = {
			isa = XCSwiftPackageProductDependency;
			package = C86973903E830F1E3B870293 /* XCRemoteSwiftPackageReference "GRDB.swift" */;
			productName = GRDB;
		};
/* End XCSwiftPackageProductDependency section */
	};
	rootObject = 259B76BA85D833CCB7251FF0 /* Project object */;
}
